
Microsoft Visual Studio Solution File, Format Version 12.00
# Visual Studio 14
Project("{FAE04EC0-301F-11D3-BF4B-00C04F79EFBC}") = "FlexGrid101.Xamarin", "FlexGrid101.Xamarin\FlexGrid101.Xamarin.csproj", "{3E8B64E2-4327-452C-A674-1D964227B578}"
EndProject
Project("{FAE04EC0-301F-11D3-BF4B-00C04F79EFBC}") = "FlexGrid101.Android", "FlexGrid101.Android\FlexGrid101.Android.csproj", "{AD5C063C-BDE7-490F-8318-E88218712562}"
EndProject
Project("{FAE04EC0-301F-11D3-BF4B-00C04F79EFBC}") = "FlexGrid101.iOS", "FlexGrid101.iOS\FlexGrid101.iOS.csproj", "{72F11033-1338-4BC8-9B38-E5F260BADB17}"
EndProject
Project("{FAE04EC0-301F-11D3-BF4B-00C04F79EFBC}") = "FlexGrid101.UWP", "FlexGrid101.UWP\FlexGrid101.UWP.csproj", "{ED32EA1E-F630-4A40-913E-52B47332A2E2}"
EndProject
Global
	GlobalSection(SolutionConfigurationPlatforms) = preSolution
		Debug|Any CPU = Debug|Any CPU
		Debug|ARM = Debug|ARM
		Debug|iPhone = Debug|iPhone
		Debug|iPhoneSimulator = Debug|iPhoneSimulator
		Debug|x64 = Debug|x64
		Debug|x86 = Debug|x86
		GRAPECITY|Any CPU = GRAPECITY|Any CPU
		GRAPECITY|ARM = GRAPECITY|ARM
		GRAPECITY|iPhone = GRAPECITY|iPhone
		GRAPECITY|iPhoneSimulator = GRAPECITY|iPhoneSimulator
		GRAPECITY|x64 = GRAPECITY|x64
		GRAPECITY|x86 = GRAPECITY|x86
		Release|Any CPU = Release|Any CPU
		Release|ARM = Release|ARM
		Release|iPhone = Release|iPhone
		Release|iPhoneSimulator = Release|iPhoneSimulator
		Release|x64 = Release|x64
		Release|x86 = Release|x86
	EndGlobalSection
	GlobalSection(ProjectConfigurationPlatforms) = postSolution
		{3E8B64E2-4327-452C-A674-1D964227B578}.Debug|Any CPU.ActiveCfg = Debug|Any CPU
		{3E8B64E2-4327-452C-A674-1D964227B578}.Debug|Any CPU.Build.0 = Debug|Any CPU
		{3E8B64E2-4327-452C-A674-1D964227B578}.Debug|ARM.ActiveCfg = Debug|Any CPU
		{3E8B64E2-4327-452C-A674-1D964227B578}.Debug|ARM.Build.0 = Debug|Any CPU
		{3E8B64E2-4327-452C-A674-1D964227B578}.Debug|iPhone.ActiveCfg = Debug|Any CPU
		{3E8B64E2-4327-452C-A674-1D964227B578}.Debug|iPhone.Build.0 = Debug|Any CPU
		{3E8B64E2-4327-452C-A674-1D964227B578}.Debug|iPhoneSimulator.ActiveCfg = Debug|Any CPU
		{3E8B64E2-4327-452C-A674-1D964227B578}.Debug|iPhoneSimulator.Build.0 = Debug|Any CPU
		{3E8B64E2-4327-452C-A674-1D964227B578}.Debug|x64.ActiveCfg = Debug|Any CPU
		{3E8B64E2-4327-452C-A674-1D964227B578}.Debug|x64.Build.0 = Debug|Any CPU
		{3E8B64E2-4327-452C-A674-1D964227B578}.Debug|x86.ActiveCfg = Debug|Any CPU
		{3E8B64E2-4327-452C-A674-1D964227B578}.Debug|x86.Build.0 = Debug|Any CPU
		{3E8B64E2-4327-452C-A674-1D964227B578}.GRAPECITY|Any CPU.ActiveCfg = Release|Any CPU
		{3E8B64E2-4327-452C-A674-1D964227B578}.GRAPECITY|Any CPU.Build.0 = Release|Any CPU
		{3E8B64E2-4327-452C-A674-1D964227B578}.GRAPECITY|ARM.ActiveCfg = Release|Any CPU
		{3E8B64E2-4327-452C-A674-1D964227B578}.GRAPECITY|ARM.Build.0 = Release|Any CPU
		{3E8B64E2-4327-452C-A674-1D964227B578}.GRAPECITY|iPhone.ActiveCfg = Release|Any CPU
		{3E8B64E2-4327-452C-A674-1D964227B578}.GRAPECITY|iPhone.Build.0 = Release|Any CPU
		{3E8B64E2-4327-452C-A674-1D964227B578}.GRAPECITY|iPhoneSimulator.ActiveCfg = Release|Any CPU
		{3E8B64E2-4327-452C-A674-1D964227B578}.GRAPECITY|iPhoneSimulator.Build.0 = Release|Any CPU
		{3E8B64E2-4327-452C-A674-1D964227B578}.GRAPECITY|x64.ActiveCfg = Release|Any CPU
		{3E8B64E2-4327-452C-A674-1D964227B578}.GRAPECITY|x64.Build.0 = Release|Any CPU
		{3E8B64E2-4327-452C-A674-1D964227B578}.GRAPECITY|x86.ActiveCfg = Release|Any CPU
		{3E8B64E2-4327-452C-A674-1D964227B578}.GRAPECITY|x86.Build.0 = Release|Any CPU
		{3E8B64E2-4327-452C-A674-1D964227B578}.Release|Any CPU.ActiveCfg = Release|Any CPU
		{3E8B64E2-4327-452C-A674-1D964227B578}.Release|Any CPU.Build.0 = Release|Any CPU
		{3E8B64E2-4327-452C-A674-1D964227B578}.Release|ARM.ActiveCfg = Release|Any CPU
		{3E8B64E2-4327-452C-A674-1D964227B578}.Release|ARM.Build.0 = Release|Any CPU
		{3E8B64E2-4327-452C-A674-1D964227B578}.Release|iPhone.ActiveCfg = Release|Any CPU
		{3E8B64E2-4327-452C-A674-1D964227B578}.Release|iPhone.Build.0 = Release|Any CPU
		{3E8B64E2-4327-452C-A674-1D964227B578}.Release|iPhoneSimulator.ActiveCfg = Release|Any CPU
		{3E8B64E2-4327-452C-A674-1D964227B578}.Release|iPhoneSimulator.Build.0 = Release|Any CPU
		{3E8B64E2-4327-452C-A674-1D964227B578}.Release|x64.ActiveCfg = Release|Any CPU
		{3E8B64E2-4327-452C-A674-1D964227B578}.Release|x64.Build.0 = Release|Any CPU
		{3E8B64E2-4327-452C-A674-1D964227B578}.Release|x86.ActiveCfg = Release|Any CPU
		{3E8B64E2-4327-452C-A674-1D964227B578}.Release|x86.Build.0 = Release|Any CPU
		{AD5C063C-BDE7-490F-8318-E88218712562}.Debug|Any CPU.ActiveCfg = Debug|Any CPU
		{AD5C063C-BDE7-490F-8318-E88218712562}.Debug|Any CPU.Build.0 = Debug|Any CPU
		{AD5C063C-BDE7-490F-8318-E88218712562}.Debug|Any CPU.Deploy.0 = Debug|Any CPU
		{AD5C063C-BDE7-490F-8318-E88218712562}.Debug|ARM.ActiveCfg = Debug|Any CPU
		{AD5C063C-BDE7-490F-8318-E88218712562}.Debug|ARM.Build.0 = Debug|Any CPU
		{AD5C063C-BDE7-490F-8318-E88218712562}.Debug|ARM.Deploy.0 = Debug|Any CPU
		{AD5C063C-BDE7-490F-8318-E88218712562}.Debug|iPhone.ActiveCfg = Debug|Any CPU
		{AD5C063C-BDE7-490F-8318-E88218712562}.Debug|iPhone.Build.0 = Debug|Any CPU
		{AD5C063C-BDE7-490F-8318-E88218712562}.Debug|iPhoneSimulator.ActiveCfg = Debug|Any CPU
		{AD5C063C-BDE7-490F-8318-E88218712562}.Debug|iPhoneSimulator.Build.0 = Debug|Any CPU
		{AD5C063C-BDE7-490F-8318-E88218712562}.Debug|x64.ActiveCfg = Debug|Any CPU
		{AD5C063C-BDE7-490F-8318-E88218712562}.Debug|x64.Build.0 = Debug|Any CPU
		{AD5C063C-BDE7-490F-8318-E88218712562}.Debug|x64.Deploy.0 = Debug|Any CPU
		{AD5C063C-BDE7-490F-8318-E88218712562}.Debug|x86.ActiveCfg = Debug|Any CPU
		{AD5C063C-BDE7-490F-8318-E88218712562}.Debug|x86.Build.0 = Debug|Any CPU
		{AD5C063C-BDE7-490F-8318-E88218712562}.Debug|x86.Deploy.0 = Debug|Any CPU
		{AD5C063C-BDE7-490F-8318-E88218712562}.GRAPECITY|Any CPU.ActiveCfg = Release|Any CPU
		{AD5C063C-BDE7-490F-8318-E88218712562}.GRAPECITY|Any CPU.Build.0 = Release|Any CPU
		{AD5C063C-BDE7-490F-8318-E88218712562}.GRAPECITY|Any CPU.Deploy.0 = Release|Any CPU
		{AD5C063C-BDE7-490F-8318-E88218712562}.GRAPECITY|ARM.ActiveCfg = Release|Any CPU
		{AD5C063C-BDE7-490F-8318-E88218712562}.GRAPECITY|ARM.Build.0 = Release|Any CPU
		{AD5C063C-BDE7-490F-8318-E88218712562}.GRAPECITY|ARM.Deploy.0 = Release|Any CPU
		{AD5C063C-BDE7-490F-8318-E88218712562}.GRAPECITY|iPhone.ActiveCfg = Release|Any CPU
		{AD5C063C-BDE7-490F-8318-E88218712562}.GRAPECITY|iPhone.Build.0 = Release|Any CPU
		{AD5C063C-BDE7-490F-8318-E88218712562}.GRAPECITY|iPhone.Deploy.0 = Release|Any CPU
		{AD5C063C-BDE7-490F-8318-E88218712562}.GRAPECITY|iPhoneSimulator.ActiveCfg = Release|Any CPU
		{AD5C063C-BDE7-490F-8318-E88218712562}.GRAPECITY|iPhoneSimulator.Build.0 = Release|Any CPU
		{AD5C063C-BDE7-490F-8318-E88218712562}.GRAPECITY|iPhoneSimulator.Deploy.0 = Release|Any CPU
		{AD5C063C-BDE7-490F-8318-E88218712562}.GRAPECITY|x64.ActiveCfg = Release|Any CPU
		{AD5C063C-BDE7-490F-8318-E88218712562}.GRAPECITY|x64.Build.0 = Release|Any CPU
		{AD5C063C-BDE7-490F-8318-E88218712562}.GRAPECITY|x64.Deploy.0 = Release|Any CPU
		{AD5C063C-BDE7-490F-8318-E88218712562}.GRAPECITY|x86.ActiveCfg = Release|Any CPU
		{AD5C063C-BDE7-490F-8318-E88218712562}.GRAPECITY|x86.Build.0 = Release|Any CPU
		{AD5C063C-BDE7-490F-8318-E88218712562}.GRAPECITY|x86.Deploy.0 = Release|Any CPU
		{AD5C063C-BDE7-490F-8318-E88218712562}.Release|Any CPU.ActiveCfg = Release|Any CPU
		{AD5C063C-BDE7-490F-8318-E88218712562}.Release|Any CPU.Build.0 = Release|Any CPU
		{AD5C063C-BDE7-490F-8318-E88218712562}.Release|Any CPU.Deploy.0 = Release|Any CPU
		{AD5C063C-BDE7-490F-8318-E88218712562}.Release|ARM.ActiveCfg = Release|Any CPU
		{AD5C063C-BDE7-490F-8318-E88218712562}.Release|ARM.Build.0 = Release|Any CPU
		{AD5C063C-BDE7-490F-8318-E88218712562}.Release|ARM.Deploy.0 = Release|Any CPU
		{AD5C063C-BDE7-490F-8318-E88218712562}.Release|iPhone.ActiveCfg = Release|Any CPU
		{AD5C063C-BDE7-490F-8318-E88218712562}.Release|iPhone.Build.0 = Release|Any CPU
		{AD5C063C-BDE7-490F-8318-E88218712562}.Release|iPhoneSimulator.ActiveCfg = Release|Any CPU
		{AD5C063C-BDE7-490F-8318-E88218712562}.Release|iPhoneSimulator.Build.0 = Release|Any CPU
		{AD5C063C-BDE7-490F-8318-E88218712562}.Release|x64.ActiveCfg = Release|Any CPU
		{AD5C063C-BDE7-490F-8318-E88218712562}.Release|x64.Build.0 = Release|Any CPU
		{AD5C063C-BDE7-490F-8318-E88218712562}.Release|x64.Deploy.0 = Release|Any CPU
		{AD5C063C-BDE7-490F-8318-E88218712562}.Release|x86.ActiveCfg = Release|Any CPU
		{AD5C063C-BDE7-490F-8318-E88218712562}.Release|x86.Build.0 = Release|Any CPU
		{AD5C063C-BDE7-490F-8318-E88218712562}.Release|x86.Deploy.0 = Release|Any CPU
		{72F11033-1338-4BC8-9B38-E5F260BADB17}.Debug|Any CPU.ActiveCfg = Debug|iPhone
		{72F11033-1338-4BC8-9B38-E5F260BADB17}.Debug|Any CPU.Build.0 = Debug|iPhone
		{72F11033-1338-4BC8-9B38-E5F260BADB17}.Debug|ARM.ActiveCfg = Debug|iPhoneSimulator
		{72F11033-1338-4BC8-9B38-E5F260BADB17}.Debug|iPhone.ActiveCfg = Debug|iPhone
		{72F11033-1338-4BC8-9B38-E5F260BADB17}.Debug|iPhone.Build.0 = Debug|iPhone
		{72F11033-1338-4BC8-9B38-E5F260BADB17}.Debug|iPhoneSimulator.ActiveCfg = Debug|iPhoneSimulator
		{72F11033-1338-4BC8-9B38-E5F260BADB17}.Debug|iPhoneSimulator.Build.0 = Debug|iPhoneSimulator
		{72F11033-1338-4BC8-9B38-E5F260BADB17}.Debug|x64.ActiveCfg = Debug|iPhoneSimulator
		{72F11033-1338-4BC8-9B38-E5F260BADB17}.Debug|x86.ActiveCfg = Debug|iPhoneSimulator
		{72F11033-1338-4BC8-9B38-E5F260BADB17}.GRAPECITY|Any CPU.ActiveCfg = Release|iPhoneSimulator
		{72F11033-1338-4BC8-9B38-E5F260BADB17}.GRAPECITY|Any CPU.Build.0 = Release|iPhoneSimulator
		{72F11033-1338-4BC8-9B38-E5F260BADB17}.GRAPECITY|ARM.ActiveCfg = Release|iPhoneSimulator
		{72F11033-1338-4BC8-9B38-E5F260BADB17}.GRAPECITY|ARM.Build.0 = Release|iPhoneSimulator
		{72F11033-1338-4BC8-9B38-E5F260BADB17}.GRAPECITY|iPhone.ActiveCfg = Release|iPhone
		{72F11033-1338-4BC8-9B38-E5F260BADB17}.GRAPECITY|iPhone.Build.0 = Release|iPhone
		{72F11033-1338-4BC8-9B38-E5F260BADB17}.GRAPECITY|iPhoneSimulator.ActiveCfg = Release|iPhoneSimulator
		{72F11033-1338-4BC8-9B38-E5F260BADB17}.GRAPECITY|iPhoneSimulator.Build.0 = Release|iPhoneSimulator
		{72F11033-1338-4BC8-9B38-E5F260BADB17}.GRAPECITY|x64.ActiveCfg = Release|iPhoneSimulator
		{72F11033-1338-4BC8-9B38-E5F260BADB17}.GRAPECITY|x64.Build.0 = Release|iPhoneSimulator
		{72F11033-1338-4BC8-9B38-E5F260BADB17}.GRAPECITY|x86.ActiveCfg = Release|iPhoneSimulator
		{72F11033-1338-4BC8-9B38-E5F260BADB17}.GRAPECITY|x86.Build.0 = Release|iPhoneSimulator
		{72F11033-1338-4BC8-9B38-E5F260BADB17}.Release|Any CPU.ActiveCfg = Release|iPhone
		{72F11033-1338-4BC8-9B38-E5F260BADB17}.Release|Any CPU.Build.0 = Release|iPhone
		{72F11033-1338-4BC8-9B38-E5F260BADB17}.Release|ARM.ActiveCfg = Release|iPhoneSimulator
		{72F11033-1338-4BC8-9B38-E5F260BADB17}.Release|iPhone.ActiveCfg = Release|iPhone
		{72F11033-1338-4BC8-9B38-E5F260BADB17}.Release|iPhone.Build.0 = Release|iPhone
		{72F11033-1338-4BC8-9B38-E5F260BADB17}.Release|iPhoneSimulator.ActiveCfg = Release|iPhoneSimulator
		{72F11033-1338-4BC8-9B38-E5F260BADB17}.Release|iPhoneSimulator.Build.0 = Release|iPhoneSimulator
		{72F11033-1338-4BC8-9B38-E5F260BADB17}.Release|x64.ActiveCfg = Release|iPhoneSimulator
		{72F11033-1338-4BC8-9B38-E5F260BADB17}.Release|x86.ActiveCfg = Release|iPhoneSimulator
		{ED32EA1E-F630-4A40-913E-52B47332A2E2}.Debug|Any CPU.ActiveCfg = Debug|x86
		{ED32EA1E-F630-4A40-913E-52B47332A2E2}.Debug|Any CPU.Build.0 = Debug|x86
		{ED32EA1E-F630-4A40-913E-52B47332A2E2}.Debug|Any CPU.Deploy.0 = Debug|x86
		{ED32EA1E-F630-4A40-913E-52B47332A2E2}.Debug|ARM.ActiveCfg = Debug|ARM
		{ED32EA1E-F630-4A40-913E-52B47332A2E2}.Debug|ARM.Build.0 = Debug|ARM
		{ED32EA1E-F630-4A40-913E-52B47332A2E2}.Debug|ARM.Deploy.0 = Debug|ARM
		{ED32EA1E-F630-4A40-913E-52B47332A2E2}.Debug|iPhone.ActiveCfg = Debug|x86
		{ED32EA1E-F630-4A40-913E-52B47332A2E2}.Debug|iPhone.Build.0 = Debug|x86
		{ED32EA1E-F630-4A40-913E-52B47332A2E2}.Debug|iPhone.Deploy.0 = Debug|x86
		{ED32EA1E-F630-4A40-913E-52B47332A2E2}.Debug|iPhoneSimulator.ActiveCfg = Debug|x86
		{ED32EA1E-F630-4A40-913E-52B47332A2E2}.Debug|iPhoneSimulator.Build.0 = Debug|x86
		{ED32EA1E-F630-4A40-913E-52B47332A2E2}.Debug|iPhoneSimulator.Deploy.0 = Debug|x86
		{ED32EA1E-F630-4A40-913E-52B47332A2E2}.Debug|x64.ActiveCfg = Debug|x64
		{ED32EA1E-F630-4A40-913E-52B47332A2E2}.Debug|x64.Build.0 = Debug|x64
		{ED32EA1E-F630-4A40-913E-52B47332A2E2}.Debug|x64.Deploy.0 = Debug|x64
		{ED32EA1E-F630-4A40-913E-52B47332A2E2}.Debug|x86.ActiveCfg = Debug|x86
		{ED32EA1E-F630-4A40-913E-52B47332A2E2}.Debug|x86.Build.0 = Debug|x86
		{ED32EA1E-F630-4A40-913E-52B47332A2E2}.Debug|x86.Deploy.0 = Debug|x86
		{ED32EA1E-F630-4A40-913E-52B47332A2E2}.GRAPECITY|Any CPU.ActiveCfg = Release|x64
		{ED32EA1E-F630-4A40-913E-52B47332A2E2}.GRAPECITY|Any CPU.Build.0 = Release|x64
		{ED32EA1E-F630-4A40-913E-52B47332A2E2}.GRAPECITY|Any CPU.Deploy.0 = Release|x64
		{ED32EA1E-F630-4A40-913E-52B47332A2E2}.GRAPECITY|ARM.ActiveCfg = Release|ARM
		{ED32EA1E-F630-4A40-913E-52B47332A2E2}.GRAPECITY|ARM.Build.0 = Release|ARM
		{ED32EA1E-F630-4A40-913E-52B47332A2E2}.GRAPECITY|ARM.Deploy.0 = Release|ARM
		{ED32EA1E-F630-4A40-913E-52B47332A2E2}.GRAPECITY|iPhone.ActiveCfg = Release|x64
		{ED32EA1E-F630-4A40-913E-52B47332A2E2}.GRAPECITY|iPhone.Build.0 = Release|x64
		{ED32EA1E-F630-4A40-913E-52B47332A2E2}.GRAPECITY|iPhone.Deploy.0 = Release|x64
		{ED32EA1E-F630-4A40-913E-52B47332A2E2}.GRAPECITY|iPhoneSimulator.ActiveCfg = Release|x64
		{ED32EA1E-F630-4A40-913E-52B47332A2E2}.GRAPECITY|iPhoneSimulator.Build.0 = Release|x64
		{ED32EA1E-F630-4A40-913E-52B47332A2E2}.GRAPECITY|iPhoneSimulator.Deploy.0 = Release|x64
		{ED32EA1E-F630-4A40-913E-52B47332A2E2}.GRAPECITY|x64.ActiveCfg = Release|x64
		{ED32EA1E-F630-4A40-913E-52B47332A2E2}.GRAPECITY|x64.Build.0 = Release|x64
		{ED32EA1E-F630-4A40-913E-52B47332A2E2}.GRAPECITY|x64.Deploy.0 = Release|x64
		{ED32EA1E-F630-4A40-913E-52B47332A2E2}.GRAPECITY|x86.ActiveCfg = Release|x86
		{ED32EA1E-F630-4A40-913E-52B47332A2E2}.GRAPECITY|x86.Build.0 = Release|x86
		{ED32EA1E-F630-4A40-913E-52B47332A2E2}.GRAPECITY|x86.Deploy.0 = Release|x86
		{ED32EA1E-F630-4A40-913E-52B47332A2E2}.Release|Any CPU.ActiveCfg = Release|x86
		{ED32EA1E-F630-4A40-913E-52B47332A2E2}.Release|Any CPU.Build.0 = Release|x86
		{ED32EA1E-F630-4A40-913E-52B47332A2E2}.Release|Any CPU.Deploy.0 = Release|x86
		{ED32EA1E-F630-4A40-913E-52B47332A2E2}.Release|ARM.ActiveCfg = Release|ARM
		{ED32EA1E-F630-4A40-913E-52B47332A2E2}.Release|ARM.Build.0 = Release|ARM
		{ED32EA1E-F630-4A40-913E-52B47332A2E2}.Release|ARM.Deploy.0 = Release|ARM
		{ED32EA1E-F630-4A40-913E-52B47332A2E2}.Release|iPhone.ActiveCfg = Release|x86
		{ED32EA1E-F630-4A40-913E-52B47332A2E2}.Release|iPhone.Build.0 = Release|x86
		{ED32EA1E-F630-4A40-913E-52B47332A2E2}.Release|iPhone.Deploy.0 = Release|x86
		{ED32EA1E-F630-4A40-913E-52B47332A2E2}.Release|iPhoneSimulator.ActiveCfg = Release|x86
		{ED32EA1E-F630-4A40-913E-52B47332A2E2}.Release|x64.ActiveCfg = Release|x64
		{ED32EA1E-F630-4A40-913E-52B47332A2E2}.Release|x64.Build.0 = Release|x64
		{ED32EA1E-F630-4A40-913E-52B47332A2E2}.Release|x64.Deploy.0 = Release|x64
		{ED32EA1E-F630-4A40-913E-52B47332A2E2}.Release|x86.ActiveCfg = Release|x86
		{ED32EA1E-F630-4A40-913E-52B47332A2E2}.Release|x86.Build.0 = Release|x86
		{ED32EA1E-F630-4A40-913E-52B47332A2E2}.Release|x86.Deploy.0 = Release|x86
	EndGlobalSection
	GlobalSection(SolutionProperties) = preSolution
		HideSolutionNode = FALSE
	EndGlobalSection
	GlobalSection(NestedProjects) = preSolution
	EndGlobalSection
	EndGlobal
