
Microsoft Visual Studio Solution File, Format Version 12.00
# Visual Studio Version 16
Project("{FAE04EC0-301F-11D3-BF4B-00C04F79EFBC}") = "FlexGrid101", "FlexGrid101\FlexGrid101.csproj", "{E8E4024D-C99A-402C-A885-2F873116F259}"
EndProject
Global
	GlobalSection(SolutionConfigurationPlatforms) = preSolution
		Debug|Any CPU = Debug|Any CPU
		Debug|ARM = Debug|ARM
		Debug|iPhone = Debug|iPhone
		Debug|iPhoneSimulator = Debug|iPhoneSimulator
		Debug|x64 = Debug|x64
		Debug|x86 = Debug|x86
		GRAPECITY|Any CPU = GRAPECITY|Any CPU
		GRAPECITY|ARM = GRAPECITY|ARM
		GRAPECITY|iPhone = GRAPECITY|iPhone
		GRAPECITY|iPhoneSimulator = GRAPECITY|iPhoneSimulator
		GRAPECITY|x64 = GRAPECITY|x64
		GRAPECITY|x86 = GRAPECITY|x86
		Release|Any CPU = Release|Any CPU
		Release|ARM = Release|ARM
		Release|iPhone = Release|iPhone
		Release|iPhoneSimulator = Release|iPhoneSimulator
		Release|x64 = Release|x64
		Release|x86 = Release|x86
	EndGlobalSection
	GlobalSection(ProjectConfigurationPlatforms) = postSolution
		{E8E4024D-C99A-402C-A885-2F873116F259}.Debug|Any CPU.ActiveCfg = Debug|iPhone
		{E8E4024D-C99A-402C-A885-2F873116F259}.Debug|ARM.ActiveCfg = Debug|iPhoneSimulator
		{E8E4024D-C99A-402C-A885-2F873116F259}.Debug|iPhone.ActiveCfg = Debug|iPhone
		{E8E4024D-C99A-402C-A885-2F873116F259}.Debug|iPhone.Build.0 = Debug|iPhone
		{E8E4024D-C99A-402C-A885-2F873116F259}.Debug|iPhoneSimulator.ActiveCfg = Debug|iPhoneSimulator
		{E8E4024D-C99A-402C-A885-2F873116F259}.Debug|iPhoneSimulator.Build.0 = Debug|iPhoneSimulator
		{E8E4024D-C99A-402C-A885-2F873116F259}.Debug|iPhoneSimulator.Deploy.0 = Debug|iPhoneSimulator
		{E8E4024D-C99A-402C-A885-2F873116F259}.Debug|x64.ActiveCfg = Debug|iPhoneSimulator
		{E8E4024D-C99A-402C-A885-2F873116F259}.Debug|x86.ActiveCfg = Debug|iPhoneSimulator
		{E8E4024D-C99A-402C-A885-2F873116F259}.GRAPECITY|Any CPU.ActiveCfg = Release|iPhoneSimulator
		{E8E4024D-C99A-402C-A885-2F873116F259}.GRAPECITY|Any CPU.Build.0 = Release|iPhoneSimulator
		{E8E4024D-C99A-402C-A885-2F873116F259}.GRAPECITY|ARM.ActiveCfg = AppStore|iPhone
		{E8E4024D-C99A-402C-A885-2F873116F259}.GRAPECITY|ARM.Build.0 = AppStore|iPhone
		{E8E4024D-C99A-402C-A885-2F873116F259}.GRAPECITY|iPhone.ActiveCfg = Release|iPhone
		{E8E4024D-C99A-402C-A885-2F873116F259}.GRAPECITY|iPhone.Build.0 = Release|iPhone
		{E8E4024D-C99A-402C-A885-2F873116F259}.GRAPECITY|iPhoneSimulator.ActiveCfg = Release|iPhoneSimulator
		{E8E4024D-C99A-402C-A885-2F873116F259}.GRAPECITY|iPhoneSimulator.Build.0 = Release|iPhoneSimulator
		{E8E4024D-C99A-402C-A885-2F873116F259}.GRAPECITY|x64.ActiveCfg = AppStore|iPhone
		{E8E4024D-C99A-402C-A885-2F873116F259}.GRAPECITY|x64.Build.0 = AppStore|iPhone
		{E8E4024D-C99A-402C-A885-2F873116F259}.GRAPECITY|x86.ActiveCfg = AppStore|iPhone
		{E8E4024D-C99A-402C-A885-2F873116F259}.GRAPECITY|x86.Build.0 = AppStore|iPhone
		{E8E4024D-C99A-402C-A885-2F873116F259}.Release|Any CPU.ActiveCfg = Release|iPhone
		{E8E4024D-C99A-402C-A885-2F873116F259}.Release|ARM.ActiveCfg = Release|iPhone
		{E8E4024D-C99A-402C-A885-2F873116F259}.Release|iPhone.ActiveCfg = Release|iPhone
		{E8E4024D-C99A-402C-A885-2F873116F259}.Release|iPhone.Build.0 = Release|iPhone
		{E8E4024D-C99A-402C-A885-2F873116F259}.Release|iPhoneSimulator.ActiveCfg = Release|iPhoneSimulator
		{E8E4024D-C99A-402C-A885-2F873116F259}.Release|iPhoneSimulator.Build.0 = Release|iPhoneSimulator
		{E8E4024D-C99A-402C-A885-2F873116F259}.Release|x64.ActiveCfg = Release|iPhone
		{E8E4024D-C99A-402C-A885-2F873116F259}.Release|x86.ActiveCfg = Release|iPhone
	EndGlobalSection
	GlobalSection(SolutionProperties) = preSolution
		HideSolutionNode = FALSE
	EndGlobalSection
	GlobalSection(ExtensibilityGlobals) = postSolution
		SolutionGuid = {6B2EC593-0D9E-4DE2-AE36-873BF64496C9}
	EndGlobalSection
EndGlobal
