
Microsoft Visual Studio Solution File, Format Version 12.00
# Visual Studio 14
Project("{FAE04EC0-301F-11D3-BF4B-00C04F79EFBC}") = "C1CollectionView101.Xamarin", "C1CollectionView101.Xamarin\C1CollectionView101.Xamarin.csproj", "{5B114140-C913-4AAB-9A84-8B2553FC7AD1}"
EndProject
Project("{FAE04EC0-301F-11D3-BF4B-00C04F79EFBC}") = "C1CollectionView101.Android", "C1CollectionView101.Android\C1CollectionView101.Android.csproj", "{18085C60-78BB-415B-B05B-A26B4CCFAAE4}"
EndProject
Project("{FAE04EC0-301F-11D3-BF4B-00C04F79EFBC}") = "C1CollectionView101.iOS", "C1CollectionView101.iOS\C1CollectionView101.iOS.csproj", "{87A0F8D9-84BA-4172-827B-026E69B074CA}"
EndProject
Project("{FAE04EC0-301F-11D3-BF4B-00C04F79EFBC}") = "C1CollectionView101.UWP", "C1CollectionView101.UWP\C1CollectionView101.UWP.csproj", "{F69BDB5C-D84B-4748-ABA4-82C8E54E5182}"
EndProject
Global
	GlobalSection(SolutionConfigurationPlatforms) = preSolution
		Debug|Any CPU = Debug|Any CPU
		Debug|ARM = Debug|ARM
		Debug|iPhone = Debug|iPhone
		Debug|iPhoneSimulator = Debug|iPhoneSimulator
		Debug|x64 = Debug|x64
		Debug|x86 = Debug|x86
		GRAPECITY|Any CPU = GRAPECITY|Any CPU
		GRAPECITY|ARM = GRAPECITY|ARM
		GRAPECITY|iPhone = GRAPECITY|iPhone
		GRAPECITY|iPhoneSimulator = GRAPECITY|iPhoneSimulator
		GRAPECITY|x64 = GRAPECITY|x64
		GRAPECITY|x86 = GRAPECITY|x86
		Release|Any CPU = Release|Any CPU
		Release|ARM = Release|ARM
		Release|iPhone = Release|iPhone
		Release|iPhoneSimulator = Release|iPhoneSimulator
		Release|x64 = Release|x64
		Release|x86 = Release|x86
	EndGlobalSection
	GlobalSection(ProjectConfigurationPlatforms) = postSolution
		{5B114140-C913-4AAB-9A84-8B2553FC7AD1}.Debug|Any CPU.ActiveCfg = Debug|Any CPU
		{5B114140-C913-4AAB-9A84-8B2553FC7AD1}.Debug|Any CPU.Build.0 = Debug|Any CPU
		{5B114140-C913-4AAB-9A84-8B2553FC7AD1}.Debug|ARM.ActiveCfg = Debug|Any CPU
		{5B114140-C913-4AAB-9A84-8B2553FC7AD1}.Debug|ARM.Build.0 = Debug|Any CPU
		{5B114140-C913-4AAB-9A84-8B2553FC7AD1}.Debug|iPhone.ActiveCfg = Debug|Any CPU
		{5B114140-C913-4AAB-9A84-8B2553FC7AD1}.Debug|iPhone.Build.0 = Debug|Any CPU
		{5B114140-C913-4AAB-9A84-8B2553FC7AD1}.Debug|iPhoneSimulator.ActiveCfg = Debug|Any CPU
		{5B114140-C913-4AAB-9A84-8B2553FC7AD1}.Debug|iPhoneSimulator.Build.0 = Debug|Any CPU
		{5B114140-C913-4AAB-9A84-8B2553FC7AD1}.Debug|x64.ActiveCfg = Debug|Any CPU
		{5B114140-C913-4AAB-9A84-8B2553FC7AD1}.Debug|x64.Build.0 = Debug|Any CPU
		{5B114140-C913-4AAB-9A84-8B2553FC7AD1}.Debug|x86.ActiveCfg = Debug|Any CPU
		{5B114140-C913-4AAB-9A84-8B2553FC7AD1}.Debug|x86.Build.0 = Debug|Any CPU
		{5B114140-C913-4AAB-9A84-8B2553FC7AD1}.GRAPECITY|Any CPU.ActiveCfg = Release|Any CPU
		{5B114140-C913-4AAB-9A84-8B2553FC7AD1}.GRAPECITY|Any CPU.Build.0 = Release|Any CPU
		{5B114140-C913-4AAB-9A84-8B2553FC7AD1}.GRAPECITY|ARM.ActiveCfg = Release|Any CPU
		{5B114140-C913-4AAB-9A84-8B2553FC7AD1}.GRAPECITY|ARM.Build.0 = Release|Any CPU
		{5B114140-C913-4AAB-9A84-8B2553FC7AD1}.GRAPECITY|iPhone.ActiveCfg = Release|Any CPU
		{5B114140-C913-4AAB-9A84-8B2553FC7AD1}.GRAPECITY|iPhone.Build.0 = Release|Any CPU
		{5B114140-C913-4AAB-9A84-8B2553FC7AD1}.GRAPECITY|iPhoneSimulator.ActiveCfg = Release|Any CPU
		{5B114140-C913-4AAB-9A84-8B2553FC7AD1}.GRAPECITY|iPhoneSimulator.Build.0 = Release|Any CPU
		{5B114140-C913-4AAB-9A84-8B2553FC7AD1}.GRAPECITY|x64.ActiveCfg = Release|Any CPU
		{5B114140-C913-4AAB-9A84-8B2553FC7AD1}.GRAPECITY|x64.Build.0 = Release|Any CPU
		{5B114140-C913-4AAB-9A84-8B2553FC7AD1}.GRAPECITY|x86.ActiveCfg = Release|Any CPU
		{5B114140-C913-4AAB-9A84-8B2553FC7AD1}.GRAPECITY|x86.Build.0 = Release|Any CPU
		{5B114140-C913-4AAB-9A84-8B2553FC7AD1}.Release|Any CPU.ActiveCfg = Release|Any CPU
		{5B114140-C913-4AAB-9A84-8B2553FC7AD1}.Release|Any CPU.Build.0 = Release|Any CPU
		{5B114140-C913-4AAB-9A84-8B2553FC7AD1}.Release|ARM.ActiveCfg = Release|Any CPU
		{5B114140-C913-4AAB-9A84-8B2553FC7AD1}.Release|ARM.Build.0 = Release|Any CPU
		{5B114140-C913-4AAB-9A84-8B2553FC7AD1}.Release|iPhone.ActiveCfg = Release|Any CPU
		{5B114140-C913-4AAB-9A84-8B2553FC7AD1}.Release|iPhone.Build.0 = Release|Any CPU
		{5B114140-C913-4AAB-9A84-8B2553FC7AD1}.Release|iPhoneSimulator.ActiveCfg = Release|Any CPU
		{5B114140-C913-4AAB-9A84-8B2553FC7AD1}.Release|iPhoneSimulator.Build.0 = Release|Any CPU
		{5B114140-C913-4AAB-9A84-8B2553FC7AD1}.Release|x64.ActiveCfg = Release|Any CPU
		{5B114140-C913-4AAB-9A84-8B2553FC7AD1}.Release|x64.Build.0 = Release|Any CPU
		{5B114140-C913-4AAB-9A84-8B2553FC7AD1}.Release|x86.ActiveCfg = Release|Any CPU
		{5B114140-C913-4AAB-9A84-8B2553FC7AD1}.Release|x86.Build.0 = Release|Any CPU
		{18085C60-78BB-415B-B05B-A26B4CCFAAE4}.Debug|Any CPU.ActiveCfg = Debug|Any CPU
		{18085C60-78BB-415B-B05B-A26B4CCFAAE4}.Debug|Any CPU.Build.0 = Debug|Any CPU
		{18085C60-78BB-415B-B05B-A26B4CCFAAE4}.Debug|Any CPU.Deploy.0 = Debug|Any CPU
		{18085C60-78BB-415B-B05B-A26B4CCFAAE4}.Debug|ARM.ActiveCfg = Debug|Any CPU
		{18085C60-78BB-415B-B05B-A26B4CCFAAE4}.Debug|ARM.Build.0 = Debug|Any CPU
		{18085C60-78BB-415B-B05B-A26B4CCFAAE4}.Debug|ARM.Deploy.0 = Debug|Any CPU
		{18085C60-78BB-415B-B05B-A26B4CCFAAE4}.Debug|iPhone.ActiveCfg = Debug|Any CPU
		{18085C60-78BB-415B-B05B-A26B4CCFAAE4}.Debug|iPhone.Build.0 = Debug|Any CPU
		{18085C60-78BB-415B-B05B-A26B4CCFAAE4}.Debug|iPhoneSimulator.ActiveCfg = Debug|Any CPU
		{18085C60-78BB-415B-B05B-A26B4CCFAAE4}.Debug|iPhoneSimulator.Build.0 = Debug|Any CPU
		{18085C60-78BB-415B-B05B-A26B4CCFAAE4}.Debug|x64.ActiveCfg = Debug|Any CPU
		{18085C60-78BB-415B-B05B-A26B4CCFAAE4}.Debug|x64.Build.0 = Debug|Any CPU
		{18085C60-78BB-415B-B05B-A26B4CCFAAE4}.Debug|x64.Deploy.0 = Debug|Any CPU
		{18085C60-78BB-415B-B05B-A26B4CCFAAE4}.Debug|x86.ActiveCfg = Debug|Any CPU
		{18085C60-78BB-415B-B05B-A26B4CCFAAE4}.Debug|x86.Build.0 = Debug|Any CPU
		{18085C60-78BB-415B-B05B-A26B4CCFAAE4}.Debug|x86.Deploy.0 = Debug|Any CPU
		{18085C60-78BB-415B-B05B-A26B4CCFAAE4}.GRAPECITY|Any CPU.ActiveCfg = Release|Any CPU
		{18085C60-78BB-415B-B05B-A26B4CCFAAE4}.GRAPECITY|Any CPU.Build.0 = Release|Any CPU
		{18085C60-78BB-415B-B05B-A26B4CCFAAE4}.GRAPECITY|Any CPU.Deploy.0 = Release|Any CPU
		{18085C60-78BB-415B-B05B-A26B4CCFAAE4}.GRAPECITY|ARM.ActiveCfg = Release|Any CPU
		{18085C60-78BB-415B-B05B-A26B4CCFAAE4}.GRAPECITY|ARM.Build.0 = Release|Any CPU
		{18085C60-78BB-415B-B05B-A26B4CCFAAE4}.GRAPECITY|ARM.Deploy.0 = Release|Any CPU
		{18085C60-78BB-415B-B05B-A26B4CCFAAE4}.GRAPECITY|iPhone.ActiveCfg = Release|Any CPU
		{18085C60-78BB-415B-B05B-A26B4CCFAAE4}.GRAPECITY|iPhone.Build.0 = Release|Any CPU
		{18085C60-78BB-415B-B05B-A26B4CCFAAE4}.GRAPECITY|iPhone.Deploy.0 = Release|Any CPU
		{18085C60-78BB-415B-B05B-A26B4CCFAAE4}.GRAPECITY|iPhoneSimulator.ActiveCfg = Release|Any CPU
		{18085C60-78BB-415B-B05B-A26B4CCFAAE4}.GRAPECITY|iPhoneSimulator.Build.0 = Release|Any CPU
		{18085C60-78BB-415B-B05B-A26B4CCFAAE4}.GRAPECITY|iPhoneSimulator.Deploy.0 = Release|Any CPU
		{18085C60-78BB-415B-B05B-A26B4CCFAAE4}.GRAPECITY|x64.ActiveCfg = Release|Any CPU
		{18085C60-78BB-415B-B05B-A26B4CCFAAE4}.GRAPECITY|x64.Build.0 = Release|Any CPU
		{18085C60-78BB-415B-B05B-A26B4CCFAAE4}.GRAPECITY|x64.Deploy.0 = Release|Any CPU
		{18085C60-78BB-415B-B05B-A26B4CCFAAE4}.GRAPECITY|x86.ActiveCfg = Release|Any CPU
		{18085C60-78BB-415B-B05B-A26B4CCFAAE4}.GRAPECITY|x86.Build.0 = Release|Any CPU
		{18085C60-78BB-415B-B05B-A26B4CCFAAE4}.GRAPECITY|x86.Deploy.0 = Release|Any CPU
		{18085C60-78BB-415B-B05B-A26B4CCFAAE4}.Release|Any CPU.ActiveCfg = Release|Any CPU
		{18085C60-78BB-415B-B05B-A26B4CCFAAE4}.Release|Any CPU.Build.0 = Release|Any CPU
		{18085C60-78BB-415B-B05B-A26B4CCFAAE4}.Release|Any CPU.Deploy.0 = Release|Any CPU
		{18085C60-78BB-415B-B05B-A26B4CCFAAE4}.Release|ARM.ActiveCfg = Release|Any CPU
		{18085C60-78BB-415B-B05B-A26B4CCFAAE4}.Release|ARM.Build.0 = Release|Any CPU
		{18085C60-78BB-415B-B05B-A26B4CCFAAE4}.Release|ARM.Deploy.0 = Release|Any CPU
		{18085C60-78BB-415B-B05B-A26B4CCFAAE4}.Release|iPhone.ActiveCfg = Release|Any CPU
		{18085C60-78BB-415B-B05B-A26B4CCFAAE4}.Release|iPhone.Build.0 = Release|Any CPU
		{18085C60-78BB-415B-B05B-A26B4CCFAAE4}.Release|iPhoneSimulator.ActiveCfg = Release|Any CPU
		{18085C60-78BB-415B-B05B-A26B4CCFAAE4}.Release|iPhoneSimulator.Build.0 = Release|Any CPU
		{18085C60-78BB-415B-B05B-A26B4CCFAAE4}.Release|x64.ActiveCfg = Release|Any CPU
		{18085C60-78BB-415B-B05B-A26B4CCFAAE4}.Release|x64.Build.0 = Release|Any CPU
		{18085C60-78BB-415B-B05B-A26B4CCFAAE4}.Release|x64.Deploy.0 = Release|Any CPU
		{18085C60-78BB-415B-B05B-A26B4CCFAAE4}.Release|x86.ActiveCfg = Release|Any CPU
		{18085C60-78BB-415B-B05B-A26B4CCFAAE4}.Release|x86.Build.0 = Release|Any CPU
		{18085C60-78BB-415B-B05B-A26B4CCFAAE4}.Release|x86.Deploy.0 = Release|Any CPU
		{87A0F8D9-84BA-4172-827B-026E69B074CA}.Debug|Any CPU.ActiveCfg = Debug|iPhone
		{87A0F8D9-84BA-4172-827B-026E69B074CA}.Debug|Any CPU.Build.0 = Debug|iPhone
		{87A0F8D9-84BA-4172-827B-026E69B074CA}.Debug|ARM.ActiveCfg = Debug|iPhoneSimulator
		{87A0F8D9-84BA-4172-827B-026E69B074CA}.Debug|iPhone.ActiveCfg = Debug|iPhone
		{87A0F8D9-84BA-4172-827B-026E69B074CA}.Debug|iPhone.Build.0 = Debug|iPhone
		{87A0F8D9-84BA-4172-827B-026E69B074CA}.Debug|iPhoneSimulator.ActiveCfg = Debug|iPhoneSimulator
		{87A0F8D9-84BA-4172-827B-026E69B074CA}.Debug|iPhoneSimulator.Build.0 = Debug|iPhoneSimulator
		{87A0F8D9-84BA-4172-827B-026E69B074CA}.Debug|x64.ActiveCfg = Debug|iPhoneSimulator
		{87A0F8D9-84BA-4172-827B-026E69B074CA}.Debug|x86.ActiveCfg = Debug|iPhoneSimulator
		{87A0F8D9-84BA-4172-827B-026E69B074CA}.GRAPECITY|Any CPU.ActiveCfg = Release|iPhoneSimulator
		{87A0F8D9-84BA-4172-827B-026E69B074CA}.GRAPECITY|Any CPU.Build.0 = Release|iPhoneSimulator
		{87A0F8D9-84BA-4172-827B-026E69B074CA}.GRAPECITY|ARM.ActiveCfg = Release|iPhoneSimulator
		{87A0F8D9-84BA-4172-827B-026E69B074CA}.GRAPECITY|ARM.Build.0 = Release|iPhoneSimulator
		{87A0F8D9-84BA-4172-827B-026E69B074CA}.GRAPECITY|iPhone.ActiveCfg = Release|iPhone
		{87A0F8D9-84BA-4172-827B-026E69B074CA}.GRAPECITY|iPhone.Build.0 = Release|iPhone
		{87A0F8D9-84BA-4172-827B-026E69B074CA}.GRAPECITY|iPhoneSimulator.ActiveCfg = Release|iPhoneSimulator
		{87A0F8D9-84BA-4172-827B-026E69B074CA}.GRAPECITY|iPhoneSimulator.Build.0 = Release|iPhoneSimulator
		{87A0F8D9-84BA-4172-827B-026E69B074CA}.GRAPECITY|x64.ActiveCfg = Release|iPhoneSimulator
		{87A0F8D9-84BA-4172-827B-026E69B074CA}.GRAPECITY|x64.Build.0 = Release|iPhoneSimulator
		{87A0F8D9-84BA-4172-827B-026E69B074CA}.GRAPECITY|x86.ActiveCfg = Release|iPhoneSimulator
		{87A0F8D9-84BA-4172-827B-026E69B074CA}.GRAPECITY|x86.Build.0 = Release|iPhoneSimulator
		{87A0F8D9-84BA-4172-827B-026E69B074CA}.Release|Any CPU.ActiveCfg = Release|iPhone
		{87A0F8D9-84BA-4172-827B-026E69B074CA}.Release|ARM.ActiveCfg = Release|iPhoneSimulator
		{87A0F8D9-84BA-4172-827B-026E69B074CA}.Release|iPhone.ActiveCfg = Release|iPhone
		{87A0F8D9-84BA-4172-827B-026E69B074CA}.Release|iPhone.Build.0 = Release|iPhone
		{87A0F8D9-84BA-4172-827B-026E69B074CA}.Release|iPhoneSimulator.ActiveCfg = Release|iPhoneSimulator
		{87A0F8D9-84BA-4172-827B-026E69B074CA}.Release|iPhoneSimulator.Build.0 = Release|iPhoneSimulator
		{87A0F8D9-84BA-4172-827B-026E69B074CA}.Release|x64.ActiveCfg = Release|iPhoneSimulator
		{87A0F8D9-84BA-4172-827B-026E69B074CA}.Release|x86.ActiveCfg = Release|iPhoneSimulator
		{F69BDB5C-D84B-4748-ABA4-82C8E54E5182}.Debug|Any CPU.ActiveCfg = Debug|x86
		{F69BDB5C-D84B-4748-ABA4-82C8E54E5182}.Debug|Any CPU.Build.0 = Debug|x86
		{F69BDB5C-D84B-4748-ABA4-82C8E54E5182}.Debug|Any CPU.Deploy.0 = Debug|x86
		{F69BDB5C-D84B-4748-ABA4-82C8E54E5182}.Debug|ARM.ActiveCfg = Debug|ARM
		{F69BDB5C-D84B-4748-ABA4-82C8E54E5182}.Debug|ARM.Build.0 = Debug|ARM
		{F69BDB5C-D84B-4748-ABA4-82C8E54E5182}.Debug|ARM.Deploy.0 = Debug|ARM
		{F69BDB5C-D84B-4748-ABA4-82C8E54E5182}.Debug|iPhone.ActiveCfg = Debug|x86
		{F69BDB5C-D84B-4748-ABA4-82C8E54E5182}.Debug|iPhoneSimulator.ActiveCfg = Debug|x86
		{F69BDB5C-D84B-4748-ABA4-82C8E54E5182}.Debug|x64.ActiveCfg = Debug|x64
		{F69BDB5C-D84B-4748-ABA4-82C8E54E5182}.Debug|x64.Build.0 = Debug|x64
		{F69BDB5C-D84B-4748-ABA4-82C8E54E5182}.Debug|x64.Deploy.0 = Debug|x64
		{F69BDB5C-D84B-4748-ABA4-82C8E54E5182}.Debug|x86.ActiveCfg = Debug|x86
		{F69BDB5C-D84B-4748-ABA4-82C8E54E5182}.Debug|x86.Build.0 = Debug|x86
		{F69BDB5C-D84B-4748-ABA4-82C8E54E5182}.Debug|x86.Deploy.0 = Debug|x86
		{F69BDB5C-D84B-4748-ABA4-82C8E54E5182}.GRAPECITY|Any CPU.ActiveCfg = Release|x64
		{F69BDB5C-D84B-4748-ABA4-82C8E54E5182}.GRAPECITY|Any CPU.Build.0 = Release|x64
		{F69BDB5C-D84B-4748-ABA4-82C8E54E5182}.GRAPECITY|Any CPU.Deploy.0 = Release|x64
		{F69BDB5C-D84B-4748-ABA4-82C8E54E5182}.GRAPECITY|ARM.ActiveCfg = Release|ARM
		{F69BDB5C-D84B-4748-ABA4-82C8E54E5182}.GRAPECITY|ARM.Build.0 = Release|ARM
		{F69BDB5C-D84B-4748-ABA4-82C8E54E5182}.GRAPECITY|ARM.Deploy.0 = Release|ARM
		{F69BDB5C-D84B-4748-ABA4-82C8E54E5182}.GRAPECITY|iPhone.ActiveCfg = Release|x64
		{F69BDB5C-D84B-4748-ABA4-82C8E54E5182}.GRAPECITY|iPhone.Build.0 = Release|x64
		{F69BDB5C-D84B-4748-ABA4-82C8E54E5182}.GRAPECITY|iPhone.Deploy.0 = Release|x64
		{F69BDB5C-D84B-4748-ABA4-82C8E54E5182}.GRAPECITY|iPhoneSimulator.ActiveCfg = Release|x64
		{F69BDB5C-D84B-4748-ABA4-82C8E54E5182}.GRAPECITY|iPhoneSimulator.Build.0 = Release|x64
		{F69BDB5C-D84B-4748-ABA4-82C8E54E5182}.GRAPECITY|iPhoneSimulator.Deploy.0 = Release|x64
		{F69BDB5C-D84B-4748-ABA4-82C8E54E5182}.GRAPECITY|x64.ActiveCfg = Release|x64
		{F69BDB5C-D84B-4748-ABA4-82C8E54E5182}.GRAPECITY|x64.Build.0 = Release|x64
		{F69BDB5C-D84B-4748-ABA4-82C8E54E5182}.GRAPECITY|x64.Deploy.0 = Release|x64
		{F69BDB5C-D84B-4748-ABA4-82C8E54E5182}.GRAPECITY|x86.ActiveCfg = Release|x86
		{F69BDB5C-D84B-4748-ABA4-82C8E54E5182}.GRAPECITY|x86.Build.0 = Release|x86
		{F69BDB5C-D84B-4748-ABA4-82C8E54E5182}.GRAPECITY|x86.Deploy.0 = Release|x86
		{F69BDB5C-D84B-4748-ABA4-82C8E54E5182}.Release|Any CPU.ActiveCfg = Release|x86
		{F69BDB5C-D84B-4748-ABA4-82C8E54E5182}.Release|ARM.ActiveCfg = Release|ARM
		{F69BDB5C-D84B-4748-ABA4-82C8E54E5182}.Release|ARM.Build.0 = Release|ARM
		{F69BDB5C-D84B-4748-ABA4-82C8E54E5182}.Release|ARM.Deploy.0 = Release|ARM
		{F69BDB5C-D84B-4748-ABA4-82C8E54E5182}.Release|iPhone.ActiveCfg = Release|x86
		{F69BDB5C-D84B-4748-ABA4-82C8E54E5182}.Release|iPhoneSimulator.ActiveCfg = Release|x86
		{F69BDB5C-D84B-4748-ABA4-82C8E54E5182}.Release|x64.ActiveCfg = Release|x64
		{F69BDB5C-D84B-4748-ABA4-82C8E54E5182}.Release|x64.Build.0 = Release|x64
		{F69BDB5C-D84B-4748-ABA4-82C8E54E5182}.Release|x64.Deploy.0 = Release|x64
		{F69BDB5C-D84B-4748-ABA4-82C8E54E5182}.Release|x86.ActiveCfg = Release|x86
		{F69BDB5C-D84B-4748-ABA4-82C8E54E5182}.Release|x86.Build.0 = Release|x86
		{F69BDB5C-D84B-4748-ABA4-82C8E54E5182}.Release|x86.Deploy.0 = Release|x86
	EndGlobalSection
	GlobalSection(SolutionProperties) = preSolution
		HideSolutionNode = FALSE
	EndGlobalSection
	GlobalSection(NestedProjects) = preSolution
	EndGlobalSection
	EndGlobal
