
Microsoft Visual Studio Solution File, Format Version 12.00
# Visual Studio 15
Project("{FAE04EC0-301F-11D3-BF4B-00C04F79EFBC}") = "FlexViewer101", "FlexViewer101\FlexViewer101.csproj", "{E8E4024D-C99A-402C-A885-2F873116F259}"
EndProject
Global
	GlobalSection(SolutionConfigurationPlatforms) = preSolution
		Debug|Any CPU = Debug|Any CPU
		Debug|iPhone = Debug|iPhone
		Debug|iPhoneSimulator = Debug|iPhoneSimulator
		GRAPECITY|Any CPU = GRAPECITY|Any CPU
		GRAPECITY|iPhone = GRAPECITY|iPhone
		GRAPECITY|iPhoneSimulator = GRAPECITY|iPhoneSimulator
		Release|Any CPU = Release|Any CPU
		Release|iPhone = Release|iPhone
		Release|iPhoneSimulator = Release|iPhoneSimulator
	EndGlobalSection
	GlobalSection(ProjectConfigurationPlatforms) = postSolution
		{E8E4024D-C99A-402C-A885-2F873116F259}.Debug|Any CPU.ActiveCfg = Debug|iPhone
		{E8E4024D-C99A-402C-A885-2F873116F259}.Debug|iPhone.ActiveCfg = Debug|iPhone
		{E8E4024D-C99A-402C-A885-2F873116F259}.Debug|iPhone.Build.0 = Debug|iPhone
		{E8E4024D-C99A-402C-A885-2F873116F259}.Debug|iPhoneSimulator.ActiveCfg = Debug|iPhoneSimulator
		{E8E4024D-C99A-402C-A885-2F873116F259}.Debug|iPhoneSimulator.Build.0 = Debug|iPhoneSimulator
		{E8E4024D-C99A-402C-A885-2F873116F259}.Debug|iPhoneSimulator.Deploy.0 = Debug|iPhoneSimulator
		{E8E4024D-C99A-402C-A885-2F873116F259}.GRAPECITY|Any CPU.ActiveCfg = Release|iPhoneSimulator
		{E8E4024D-C99A-402C-A885-2F873116F259}.GRAPECITY|Any CPU.Build.0 = Release|iPhoneSimulator
		{E8E4024D-C99A-402C-A885-2F873116F259}.GRAPECITY|iPhone.ActiveCfg = Release|iPhone
		{E8E4024D-C99A-402C-A885-2F873116F259}.GRAPECITY|iPhone.Build.0 = Release|iPhone
		{E8E4024D-C99A-402C-A885-2F873116F259}.GRAPECITY|iPhoneSimulator.ActiveCfg = Release|iPhoneSimulator
		{E8E4024D-C99A-402C-A885-2F873116F259}.GRAPECITY|iPhoneSimulator.Build.0 = Release|iPhoneSimulator
		{E8E4024D-C99A-402C-A885-2F873116F259}.Release|Any CPU.ActiveCfg = Release|iPhone
		{E8E4024D-C99A-402C-A885-2F873116F259}.Release|iPhone.ActiveCfg = Release|iPhone
		{E8E4024D-C99A-402C-A885-2F873116F259}.Release|iPhone.Build.0 = Release|iPhone
		{E8E4024D-C99A-402C-A885-2F873116F259}.Release|iPhoneSimulator.ActiveCfg = Release|iPhoneSimulator
		{E8E4024D-C99A-402C-A885-2F873116F259}.Release|iPhoneSimulator.Build.0 = Release|iPhoneSimulator
	EndGlobalSection
	GlobalSection(SolutionProperties) = preSolution
		HideSolutionNode = FALSE
	EndGlobalSection
	GlobalSection(ExtensibilityGlobals) = postSolution
		SolutionGuid = {6B2EC593-0D9E-4DE2-AE36-873BF64496C9}
	EndGlobalSection
EndGlobal
