
Microsoft Visual Studio Solution File, Format Version 12.00
# Visual Studio 14
Project("{FAE04EC0-301F-11D3-BF4B-00C04F79EFBC}") = "FlexGrid101", "FlexGrid101\FlexGrid101.csproj", "{AA81E0D9-16BD-4CC0-9DE8-064553ABB8A2}"
EndProject
Global
	GlobalSection(SolutionConfigurationPlatforms) = preSolution
		Debug|Any CPU = Debug|Any CPU
		Release|Any CPU = Release|Any CPU
	EndGlobalSection
	GlobalSection(ProjectConfigurationPlatforms) = postSolution
		{AA81E0D9-16BD-4CC0-9DE8-064553ABB8A2}.Debug|Any CPU.ActiveCfg = Debug|Any CPU
		{AA81E0D9-16BD-4CC0-9DE8-064553ABB8A2}.Debug|Any CPU.Build.0 = Debug|Any CPU
		{AA81E0D9-16BD-4CC0-9DE8-064553ABB8A2}.Debug|Any CPU.Deploy.0 = Debug|Any CPU
		{AA81E0D9-16BD-4CC0-9DE8-064553ABB8A2}.Release|Any CPU.ActiveCfg = Release|Any CPU
		{AA81E0D9-16BD-4CC0-9DE8-064553ABB8A2}.Release|Any CPU.Build.0 = Release|Any CPU
		{AA81E0D9-16BD-4CC0-9DE8-064553ABB8A2}.Release|Any CPU.Deploy.0 = Release|Any CPU
	EndGlobalSection
	GlobalSection(SolutionProperties) = preSolution
		HideSolutionNode = FALSE
	EndGlobalSection
	EndGlobal
