
Microsoft Visual Studio Solution File, Format Version 12.00
# Visual Studio 15
Project("{FAE04EC0-301F-11D3-BF4B-00C04F79EFBC}") = "FlexViewer101.Android", "FlexViewer101.Android\FlexViewer101.Android.csproj", "{95E4E9B7-E57E-4967-B4DC-CC4B9303F967}"
EndProject
Project("{FAE04EC0-301F-11D3-BF4B-00C04F79EFBC}") = "FlexViewer101.iOS", "FlexViewer101.iOS\FlexViewer101.iOS.csproj", "{8FEEC7D9-C947-46E8-A5AD-96447F73F6EA}"
EndProject
Project("{FAE04EC0-301F-11D3-BF4B-00C04F79EFBC}") = "FlexViewer101.UWP", "FlexViewer101.UWP\FlexViewer101.UWP.csproj", "{C6188E89-80CF-4D84-924A-68CD649ED372}"
EndProject
Project("{9A19103F-16F7-4668-BE54-9A1E7A4F7556}") = "FlexViewer101.XF", "FlexViewer101.XF\FlexViewer101.XF.csproj", "{65A593B6-EFB5-466B-B095-55755D548B46}"
EndProject
Global
	GlobalSection(SolutionConfigurationPlatforms) = preSolution
		Ad-Hoc|Any CPU = Ad-Hoc|Any CPU
		Ad-Hoc|ARM = Ad-Hoc|ARM
		Ad-Hoc|ARM64 = Ad-Hoc|ARM64
		Ad-Hoc|iPhone = Ad-Hoc|iPhone
		Ad-Hoc|iPhoneSimulator = Ad-Hoc|iPhoneSimulator
		Ad-Hoc|x64 = Ad-Hoc|x64
		Ad-Hoc|x86 = Ad-Hoc|x86
		AppStore|Any CPU = AppStore|Any CPU
		AppStore|ARM = AppStore|ARM
		AppStore|ARM64 = AppStore|ARM64
		AppStore|iPhone = AppStore|iPhone
		AppStore|iPhoneSimulator = AppStore|iPhoneSimulator
		AppStore|x64 = AppStore|x64
		AppStore|x86 = AppStore|x86
		Debug|Any CPU = Debug|Any CPU
		Debug|ARM = Debug|ARM
		Debug|ARM64 = Debug|ARM64
		Debug|iPhone = Debug|iPhone
		Debug|iPhoneSimulator = Debug|iPhoneSimulator
		Debug|x64 = Debug|x64
		Debug|x86 = Debug|x86
		GRAPECITY|Any CPU = GRAPECITY|Any CPU
		GRAPECITY|ARM = GRAPECITY|ARM
		GRAPECITY|ARM64 = GRAPECITY|ARM64
		GRAPECITY|iPhone = GRAPECITY|iPhone
		GRAPECITY|iPhoneSimulator = GRAPECITY|iPhoneSimulator
		GRAPECITY|x64 = GRAPECITY|x64
		GRAPECITY|x86 = GRAPECITY|x86
		Release|Any CPU = Release|Any CPU
		Release|ARM = Release|ARM
		Release|ARM64 = Release|ARM64
		Release|iPhone = Release|iPhone
		Release|iPhoneSimulator = Release|iPhoneSimulator
		Release|x64 = Release|x64
		Release|x86 = Release|x86
	EndGlobalSection
	GlobalSection(ProjectConfigurationPlatforms) = postSolution
		{95E4E9B7-E57E-4967-B4DC-CC4B9303F967}.Ad-Hoc|Any CPU.ActiveCfg = Release|Any CPU
		{95E4E9B7-E57E-4967-B4DC-CC4B9303F967}.Ad-Hoc|Any CPU.Build.0 = Release|Any CPU
		{95E4E9B7-E57E-4967-B4DC-CC4B9303F967}.Ad-Hoc|Any CPU.Deploy.0 = Release|Any CPU
		{95E4E9B7-E57E-4967-B4DC-CC4B9303F967}.Ad-Hoc|ARM.ActiveCfg = Release|Any CPU
		{95E4E9B7-E57E-4967-B4DC-CC4B9303F967}.Ad-Hoc|ARM.Build.0 = Release|Any CPU
		{95E4E9B7-E57E-4967-B4DC-CC4B9303F967}.Ad-Hoc|ARM.Deploy.0 = Release|Any CPU
		{95E4E9B7-E57E-4967-B4DC-CC4B9303F967}.Ad-Hoc|ARM64.ActiveCfg = Debug|Any CPU
		{95E4E9B7-E57E-4967-B4DC-CC4B9303F967}.Ad-Hoc|ARM64.Build.0 = Debug|Any CPU
		{95E4E9B7-E57E-4967-B4DC-CC4B9303F967}.Ad-Hoc|ARM64.Deploy.0 = Debug|Any CPU
		{95E4E9B7-E57E-4967-B4DC-CC4B9303F967}.Ad-Hoc|iPhone.ActiveCfg = Release|Any CPU
		{95E4E9B7-E57E-4967-B4DC-CC4B9303F967}.Ad-Hoc|iPhone.Build.0 = Release|Any CPU
		{95E4E9B7-E57E-4967-B4DC-CC4B9303F967}.Ad-Hoc|iPhone.Deploy.0 = Release|Any CPU
		{95E4E9B7-E57E-4967-B4DC-CC4B9303F967}.Ad-Hoc|iPhoneSimulator.ActiveCfg = Release|Any CPU
		{95E4E9B7-E57E-4967-B4DC-CC4B9303F967}.Ad-Hoc|iPhoneSimulator.Build.0 = Release|Any CPU
		{95E4E9B7-E57E-4967-B4DC-CC4B9303F967}.Ad-Hoc|iPhoneSimulator.Deploy.0 = Release|Any CPU
		{95E4E9B7-E57E-4967-B4DC-CC4B9303F967}.Ad-Hoc|x64.ActiveCfg = Release|Any CPU
		{95E4E9B7-E57E-4967-B4DC-CC4B9303F967}.Ad-Hoc|x64.Build.0 = Release|Any CPU
		{95E4E9B7-E57E-4967-B4DC-CC4B9303F967}.Ad-Hoc|x64.Deploy.0 = Release|Any CPU
		{95E4E9B7-E57E-4967-B4DC-CC4B9303F967}.Ad-Hoc|x86.ActiveCfg = Release|Any CPU
		{95E4E9B7-E57E-4967-B4DC-CC4B9303F967}.Ad-Hoc|x86.Build.0 = Release|Any CPU
		{95E4E9B7-E57E-4967-B4DC-CC4B9303F967}.Ad-Hoc|x86.Deploy.0 = Release|Any CPU
		{95E4E9B7-E57E-4967-B4DC-CC4B9303F967}.AppStore|Any CPU.ActiveCfg = Release|Any CPU
		{95E4E9B7-E57E-4967-B4DC-CC4B9303F967}.AppStore|Any CPU.Build.0 = Release|Any CPU
		{95E4E9B7-E57E-4967-B4DC-CC4B9303F967}.AppStore|Any CPU.Deploy.0 = Release|Any CPU
		{95E4E9B7-E57E-4967-B4DC-CC4B9303F967}.AppStore|ARM.ActiveCfg = Release|Any CPU
		{95E4E9B7-E57E-4967-B4DC-CC4B9303F967}.AppStore|ARM.Build.0 = Release|Any CPU
		{95E4E9B7-E57E-4967-B4DC-CC4B9303F967}.AppStore|ARM.Deploy.0 = Release|Any CPU
		{95E4E9B7-E57E-4967-B4DC-CC4B9303F967}.AppStore|ARM64.ActiveCfg = Debug|Any CPU
		{95E4E9B7-E57E-4967-B4DC-CC4B9303F967}.AppStore|ARM64.Build.0 = Debug|Any CPU
		{95E4E9B7-E57E-4967-B4DC-CC4B9303F967}.AppStore|ARM64.Deploy.0 = Debug|Any CPU
		{95E4E9B7-E57E-4967-B4DC-CC4B9303F967}.AppStore|iPhone.ActiveCfg = Release|Any CPU
		{95E4E9B7-E57E-4967-B4DC-CC4B9303F967}.AppStore|iPhone.Build.0 = Release|Any CPU
		{95E4E9B7-E57E-4967-B4DC-CC4B9303F967}.AppStore|iPhone.Deploy.0 = Release|Any CPU
		{95E4E9B7-E57E-4967-B4DC-CC4B9303F967}.AppStore|iPhoneSimulator.ActiveCfg = Release|Any CPU
		{95E4E9B7-E57E-4967-B4DC-CC4B9303F967}.AppStore|iPhoneSimulator.Build.0 = Release|Any CPU
		{95E4E9B7-E57E-4967-B4DC-CC4B9303F967}.AppStore|iPhoneSimulator.Deploy.0 = Release|Any CPU
		{95E4E9B7-E57E-4967-B4DC-CC4B9303F967}.AppStore|x64.ActiveCfg = Release|Any CPU
		{95E4E9B7-E57E-4967-B4DC-CC4B9303F967}.AppStore|x64.Build.0 = Release|Any CPU
		{95E4E9B7-E57E-4967-B4DC-CC4B9303F967}.AppStore|x64.Deploy.0 = Release|Any CPU
		{95E4E9B7-E57E-4967-B4DC-CC4B9303F967}.AppStore|x86.ActiveCfg = Release|Any CPU
		{95E4E9B7-E57E-4967-B4DC-CC4B9303F967}.AppStore|x86.Build.0 = Release|Any CPU
		{95E4E9B7-E57E-4967-B4DC-CC4B9303F967}.AppStore|x86.Deploy.0 = Release|Any CPU
		{95E4E9B7-E57E-4967-B4DC-CC4B9303F967}.Debug|Any CPU.ActiveCfg = Debug|Any CPU
		{95E4E9B7-E57E-4967-B4DC-CC4B9303F967}.Debug|Any CPU.Build.0 = Debug|Any CPU
		{95E4E9B7-E57E-4967-B4DC-CC4B9303F967}.Debug|Any CPU.Deploy.0 = Debug|Any CPU
		{95E4E9B7-E57E-4967-B4DC-CC4B9303F967}.Debug|ARM.ActiveCfg = Debug|Any CPU
		{95E4E9B7-E57E-4967-B4DC-CC4B9303F967}.Debug|ARM.Build.0 = Debug|Any CPU
		{95E4E9B7-E57E-4967-B4DC-CC4B9303F967}.Debug|ARM.Deploy.0 = Debug|Any CPU
		{95E4E9B7-E57E-4967-B4DC-CC4B9303F967}.Debug|ARM64.ActiveCfg = Debug|Any CPU
		{95E4E9B7-E57E-4967-B4DC-CC4B9303F967}.Debug|ARM64.Build.0 = Debug|Any CPU
		{95E4E9B7-E57E-4967-B4DC-CC4B9303F967}.Debug|ARM64.Deploy.0 = Debug|Any CPU
		{95E4E9B7-E57E-4967-B4DC-CC4B9303F967}.Debug|iPhone.ActiveCfg = Debug|Any CPU
		{95E4E9B7-E57E-4967-B4DC-CC4B9303F967}.Debug|iPhone.Build.0 = Debug|Any CPU
		{95E4E9B7-E57E-4967-B4DC-CC4B9303F967}.Debug|iPhone.Deploy.0 = Debug|Any CPU
		{95E4E9B7-E57E-4967-B4DC-CC4B9303F967}.Debug|iPhoneSimulator.ActiveCfg = Debug|Any CPU
		{95E4E9B7-E57E-4967-B4DC-CC4B9303F967}.Debug|iPhoneSimulator.Build.0 = Debug|Any CPU
		{95E4E9B7-E57E-4967-B4DC-CC4B9303F967}.Debug|iPhoneSimulator.Deploy.0 = Debug|Any CPU
		{95E4E9B7-E57E-4967-B4DC-CC4B9303F967}.Debug|x64.ActiveCfg = Debug|Any CPU
		{95E4E9B7-E57E-4967-B4DC-CC4B9303F967}.Debug|x64.Build.0 = Debug|Any CPU
		{95E4E9B7-E57E-4967-B4DC-CC4B9303F967}.Debug|x64.Deploy.0 = Debug|Any CPU
		{95E4E9B7-E57E-4967-B4DC-CC4B9303F967}.Debug|x86.ActiveCfg = Debug|Any CPU
		{95E4E9B7-E57E-4967-B4DC-CC4B9303F967}.Debug|x86.Build.0 = Debug|Any CPU
		{95E4E9B7-E57E-4967-B4DC-CC4B9303F967}.Debug|x86.Deploy.0 = Debug|Any CPU
		{95E4E9B7-E57E-4967-B4DC-CC4B9303F967}.GRAPECITY|Any CPU.ActiveCfg = Debug|Any CPU
		{95E4E9B7-E57E-4967-B4DC-CC4B9303F967}.GRAPECITY|Any CPU.Build.0 = Debug|Any CPU
		{95E4E9B7-E57E-4967-B4DC-CC4B9303F967}.GRAPECITY|Any CPU.Deploy.0 = Debug|Any CPU
		{95E4E9B7-E57E-4967-B4DC-CC4B9303F967}.GRAPECITY|ARM.ActiveCfg = Debug|Any CPU
		{95E4E9B7-E57E-4967-B4DC-CC4B9303F967}.GRAPECITY|ARM.Build.0 = Debug|Any CPU
		{95E4E9B7-E57E-4967-B4DC-CC4B9303F967}.GRAPECITY|ARM.Deploy.0 = Debug|Any CPU
		{95E4E9B7-E57E-4967-B4DC-CC4B9303F967}.GRAPECITY|ARM64.ActiveCfg = Debug|Any CPU
		{95E4E9B7-E57E-4967-B4DC-CC4B9303F967}.GRAPECITY|ARM64.Build.0 = Debug|Any CPU
		{95E4E9B7-E57E-4967-B4DC-CC4B9303F967}.GRAPECITY|ARM64.Deploy.0 = Debug|Any CPU
		{95E4E9B7-E57E-4967-B4DC-CC4B9303F967}.GRAPECITY|iPhone.ActiveCfg = Debug|Any CPU
		{95E4E9B7-E57E-4967-B4DC-CC4B9303F967}.GRAPECITY|iPhone.Build.0 = Debug|Any CPU
		{95E4E9B7-E57E-4967-B4DC-CC4B9303F967}.GRAPECITY|iPhone.Deploy.0 = Debug|Any CPU
		{95E4E9B7-E57E-4967-B4DC-CC4B9303F967}.GRAPECITY|iPhoneSimulator.ActiveCfg = Debug|Any CPU
		{95E4E9B7-E57E-4967-B4DC-CC4B9303F967}.GRAPECITY|iPhoneSimulator.Build.0 = Debug|Any CPU
		{95E4E9B7-E57E-4967-B4DC-CC4B9303F967}.GRAPECITY|iPhoneSimulator.Deploy.0 = Debug|Any CPU
		{95E4E9B7-E57E-4967-B4DC-CC4B9303F967}.GRAPECITY|x64.ActiveCfg = Debug|Any CPU
		{95E4E9B7-E57E-4967-B4DC-CC4B9303F967}.GRAPECITY|x64.Build.0 = Debug|Any CPU
		{95E4E9B7-E57E-4967-B4DC-CC4B9303F967}.GRAPECITY|x64.Deploy.0 = Debug|Any CPU
		{95E4E9B7-E57E-4967-B4DC-CC4B9303F967}.GRAPECITY|x86.ActiveCfg = Debug|Any CPU
		{95E4E9B7-E57E-4967-B4DC-CC4B9303F967}.GRAPECITY|x86.Build.0 = Debug|Any CPU
		{95E4E9B7-E57E-4967-B4DC-CC4B9303F967}.GRAPECITY|x86.Deploy.0 = Debug|Any CPU
		{95E4E9B7-E57E-4967-B4DC-CC4B9303F967}.Release|Any CPU.ActiveCfg = Release|Any CPU
		{95E4E9B7-E57E-4967-B4DC-CC4B9303F967}.Release|Any CPU.Build.0 = Release|Any CPU
		{95E4E9B7-E57E-4967-B4DC-CC4B9303F967}.Release|Any CPU.Deploy.0 = Release|Any CPU
		{95E4E9B7-E57E-4967-B4DC-CC4B9303F967}.Release|ARM.ActiveCfg = Release|Any CPU
		{95E4E9B7-E57E-4967-B4DC-CC4B9303F967}.Release|ARM.Build.0 = Release|Any CPU
		{95E4E9B7-E57E-4967-B4DC-CC4B9303F967}.Release|ARM.Deploy.0 = Release|Any CPU
		{95E4E9B7-E57E-4967-B4DC-CC4B9303F967}.Release|ARM64.ActiveCfg = Release|Any CPU
		{95E4E9B7-E57E-4967-B4DC-CC4B9303F967}.Release|ARM64.Build.0 = Release|Any CPU
		{95E4E9B7-E57E-4967-B4DC-CC4B9303F967}.Release|ARM64.Deploy.0 = Release|Any CPU
		{95E4E9B7-E57E-4967-B4DC-CC4B9303F967}.Release|iPhone.ActiveCfg = Release|Any CPU
		{95E4E9B7-E57E-4967-B4DC-CC4B9303F967}.Release|iPhone.Build.0 = Release|Any CPU
		{95E4E9B7-E57E-4967-B4DC-CC4B9303F967}.Release|iPhone.Deploy.0 = Release|Any CPU
		{95E4E9B7-E57E-4967-B4DC-CC4B9303F967}.Release|iPhoneSimulator.ActiveCfg = Release|Any CPU
		{95E4E9B7-E57E-4967-B4DC-CC4B9303F967}.Release|iPhoneSimulator.Build.0 = Release|Any CPU
		{95E4E9B7-E57E-4967-B4DC-CC4B9303F967}.Release|iPhoneSimulator.Deploy.0 = Release|Any CPU
		{95E4E9B7-E57E-4967-B4DC-CC4B9303F967}.Release|x64.ActiveCfg = Release|Any CPU
		{95E4E9B7-E57E-4967-B4DC-CC4B9303F967}.Release|x64.Build.0 = Release|Any CPU
		{95E4E9B7-E57E-4967-B4DC-CC4B9303F967}.Release|x64.Deploy.0 = Release|Any CPU
		{95E4E9B7-E57E-4967-B4DC-CC4B9303F967}.Release|x86.ActiveCfg = Release|Any CPU
		{95E4E9B7-E57E-4967-B4DC-CC4B9303F967}.Release|x86.Build.0 = Release|Any CPU
		{95E4E9B7-E57E-4967-B4DC-CC4B9303F967}.Release|x86.Deploy.0 = Release|Any CPU
		{8FEEC7D9-C947-46E8-A5AD-96447F73F6EA}.Ad-Hoc|Any CPU.ActiveCfg = Release|iPhone
		{8FEEC7D9-C947-46E8-A5AD-96447F73F6EA}.Ad-Hoc|Any CPU.Build.0 = Release|iPhone
		{8FEEC7D9-C947-46E8-A5AD-96447F73F6EA}.Ad-Hoc|ARM.ActiveCfg = Release|iPhone
		{8FEEC7D9-C947-46E8-A5AD-96447F73F6EA}.Ad-Hoc|ARM.Build.0 = Release|iPhone
		{8FEEC7D9-C947-46E8-A5AD-96447F73F6EA}.Ad-Hoc|ARM64.ActiveCfg = Release|iPhone
		{8FEEC7D9-C947-46E8-A5AD-96447F73F6EA}.Ad-Hoc|ARM64.Build.0 = Release|iPhone
		{8FEEC7D9-C947-46E8-A5AD-96447F73F6EA}.Ad-Hoc|iPhone.ActiveCfg = Release|iPhone
		{8FEEC7D9-C947-46E8-A5AD-96447F73F6EA}.Ad-Hoc|iPhone.Build.0 = Release|iPhone
		{8FEEC7D9-C947-46E8-A5AD-96447F73F6EA}.Ad-Hoc|iPhoneSimulator.ActiveCfg = Release|iPhoneSimulator
		{8FEEC7D9-C947-46E8-A5AD-96447F73F6EA}.Ad-Hoc|iPhoneSimulator.Build.0 = Release|iPhoneSimulator
		{8FEEC7D9-C947-46E8-A5AD-96447F73F6EA}.Ad-Hoc|x64.ActiveCfg = Release|iPhone
		{8FEEC7D9-C947-46E8-A5AD-96447F73F6EA}.Ad-Hoc|x64.Build.0 = Release|iPhone
		{8FEEC7D9-C947-46E8-A5AD-96447F73F6EA}.Ad-Hoc|x86.ActiveCfg = Release|iPhone
		{8FEEC7D9-C947-46E8-A5AD-96447F73F6EA}.Ad-Hoc|x86.Build.0 = Release|iPhone
		{8FEEC7D9-C947-46E8-A5AD-96447F73F6EA}.AppStore|Any CPU.ActiveCfg = Release|iPhone
		{8FEEC7D9-C947-46E8-A5AD-96447F73F6EA}.AppStore|Any CPU.Build.0 = Release|iPhone
		{8FEEC7D9-C947-46E8-A5AD-96447F73F6EA}.AppStore|ARM.ActiveCfg = Release|iPhone
		{8FEEC7D9-C947-46E8-A5AD-96447F73F6EA}.AppStore|ARM.Build.0 = Release|iPhone
		{8FEEC7D9-C947-46E8-A5AD-96447F73F6EA}.AppStore|ARM64.ActiveCfg = Release|iPhone
		{8FEEC7D9-C947-46E8-A5AD-96447F73F6EA}.AppStore|ARM64.Build.0 = Release|iPhone
		{8FEEC7D9-C947-46E8-A5AD-96447F73F6EA}.AppStore|iPhone.ActiveCfg = Release|iPhone
		{8FEEC7D9-C947-46E8-A5AD-96447F73F6EA}.AppStore|iPhone.Build.0 = Release|iPhone
		{8FEEC7D9-C947-46E8-A5AD-96447F73F6EA}.AppStore|iPhoneSimulator.ActiveCfg = Release|iPhoneSimulator
		{8FEEC7D9-C947-46E8-A5AD-96447F73F6EA}.AppStore|iPhoneSimulator.Build.0 = Release|iPhoneSimulator
		{8FEEC7D9-C947-46E8-A5AD-96447F73F6EA}.AppStore|x64.ActiveCfg = Release|iPhone
		{8FEEC7D9-C947-46E8-A5AD-96447F73F6EA}.AppStore|x64.Build.0 = Release|iPhone
		{8FEEC7D9-C947-46E8-A5AD-96447F73F6EA}.AppStore|x86.ActiveCfg = Release|iPhone
		{8FEEC7D9-C947-46E8-A5AD-96447F73F6EA}.AppStore|x86.Build.0 = Release|iPhone
		{8FEEC7D9-C947-46E8-A5AD-96447F73F6EA}.Debug|Any CPU.ActiveCfg = Debug|iPhoneSimulator
		{8FEEC7D9-C947-46E8-A5AD-96447F73F6EA}.Debug|Any CPU.Build.0 = Debug|iPhoneSimulator
		{8FEEC7D9-C947-46E8-A5AD-96447F73F6EA}.Debug|Any CPU.Deploy.0 = Debug|iPhoneSimulator
		{8FEEC7D9-C947-46E8-A5AD-96447F73F6EA}.Debug|ARM.ActiveCfg = Debug|iPhone
		{8FEEC7D9-C947-46E8-A5AD-96447F73F6EA}.Debug|ARM.Build.0 = Debug|iPhone
		{8FEEC7D9-C947-46E8-A5AD-96447F73F6EA}.Debug|ARM.Deploy.0 = Debug|iPhone
		{8FEEC7D9-C947-46E8-A5AD-96447F73F6EA}.Debug|ARM64.ActiveCfg = Debug|iPhone
		{8FEEC7D9-C947-46E8-A5AD-96447F73F6EA}.Debug|iPhone.ActiveCfg = Debug|iPhone
		{8FEEC7D9-C947-46E8-A5AD-96447F73F6EA}.Debug|iPhone.Build.0 = Debug|iPhone
		{8FEEC7D9-C947-46E8-A5AD-96447F73F6EA}.Debug|iPhone.Deploy.0 = Debug|iPhone
		{8FEEC7D9-C947-46E8-A5AD-96447F73F6EA}.Debug|iPhoneSimulator.ActiveCfg = Debug|iPhoneSimulator
		{8FEEC7D9-C947-46E8-A5AD-96447F73F6EA}.Debug|iPhoneSimulator.Build.0 = Debug|iPhoneSimulator
		{8FEEC7D9-C947-46E8-A5AD-96447F73F6EA}.Debug|iPhoneSimulator.Deploy.0 = Debug|iPhoneSimulator
		{8FEEC7D9-C947-46E8-A5AD-96447F73F6EA}.Debug|x64.ActiveCfg = Debug|iPhone
		{8FEEC7D9-C947-46E8-A5AD-96447F73F6EA}.Debug|x64.Build.0 = Debug|iPhone
		{8FEEC7D9-C947-46E8-A5AD-96447F73F6EA}.Debug|x64.Deploy.0 = Debug|iPhone
		{8FEEC7D9-C947-46E8-A5AD-96447F73F6EA}.Debug|x86.ActiveCfg = Debug|iPhone
		{8FEEC7D9-C947-46E8-A5AD-96447F73F6EA}.Debug|x86.Build.0 = Debug|iPhone
		{8FEEC7D9-C947-46E8-A5AD-96447F73F6EA}.Debug|x86.Deploy.0 = Debug|iPhone
		{8FEEC7D9-C947-46E8-A5AD-96447F73F6EA}.GRAPECITY|Any CPU.ActiveCfg = Release|iPhoneSimulator
		{8FEEC7D9-C947-46E8-A5AD-96447F73F6EA}.GRAPECITY|Any CPU.Build.0 = Release|iPhoneSimulator
		{8FEEC7D9-C947-46E8-A5AD-96447F73F6EA}.GRAPECITY|ARM.ActiveCfg = Release|iPhoneSimulator
		{8FEEC7D9-C947-46E8-A5AD-96447F73F6EA}.GRAPECITY|ARM.Build.0 = Release|iPhoneSimulator
		{8FEEC7D9-C947-46E8-A5AD-96447F73F6EA}.GRAPECITY|ARM64.ActiveCfg = Release|iPhoneSimulator
		{8FEEC7D9-C947-46E8-A5AD-96447F73F6EA}.GRAPECITY|ARM64.Build.0 = Release|iPhoneSimulator
		{8FEEC7D9-C947-46E8-A5AD-96447F73F6EA}.GRAPECITY|iPhone.ActiveCfg = Release|iPhone
		{8FEEC7D9-C947-46E8-A5AD-96447F73F6EA}.GRAPECITY|iPhone.Build.0 = Release|iPhone
		{8FEEC7D9-C947-46E8-A5AD-96447F73F6EA}.GRAPECITY|iPhoneSimulator.ActiveCfg = Release|iPhoneSimulator
		{8FEEC7D9-C947-46E8-A5AD-96447F73F6EA}.GRAPECITY|iPhoneSimulator.Build.0 = Release|iPhoneSimulator
		{8FEEC7D9-C947-46E8-A5AD-96447F73F6EA}.GRAPECITY|x64.ActiveCfg = Release|iPhoneSimulator
		{8FEEC7D9-C947-46E8-A5AD-96447F73F6EA}.GRAPECITY|x64.Build.0 = Release|iPhoneSimulator
		{8FEEC7D9-C947-46E8-A5AD-96447F73F6EA}.GRAPECITY|x86.ActiveCfg = Release|iPhoneSimulator
		{8FEEC7D9-C947-46E8-A5AD-96447F73F6EA}.GRAPECITY|x86.Build.0 = Release|iPhoneSimulator
		{8FEEC7D9-C947-46E8-A5AD-96447F73F6EA}.Release|Any CPU.ActiveCfg = Release|iPhone
		{8FEEC7D9-C947-46E8-A5AD-96447F73F6EA}.Release|Any CPU.Build.0 = Release|iPhone
		{8FEEC7D9-C947-46E8-A5AD-96447F73F6EA}.Release|Any CPU.Deploy.0 = Release|iPhone
		{8FEEC7D9-C947-46E8-A5AD-96447F73F6EA}.Release|ARM.ActiveCfg = Release|iPhone
		{8FEEC7D9-C947-46E8-A5AD-96447F73F6EA}.Release|ARM.Build.0 = Release|iPhone
		{8FEEC7D9-C947-46E8-A5AD-96447F73F6EA}.Release|ARM.Deploy.0 = Release|iPhone
		{8FEEC7D9-C947-46E8-A5AD-96447F73F6EA}.Release|ARM64.ActiveCfg = Release|iPhoneSimulator
		{8FEEC7D9-C947-46E8-A5AD-96447F73F6EA}.Release|iPhone.ActiveCfg = Release|iPhone
		{8FEEC7D9-C947-46E8-A5AD-96447F73F6EA}.Release|iPhone.Build.0 = Release|iPhone
		{8FEEC7D9-C947-46E8-A5AD-96447F73F6EA}.Release|iPhone.Deploy.0 = Release|iPhone
		{8FEEC7D9-C947-46E8-A5AD-96447F73F6EA}.Release|iPhoneSimulator.ActiveCfg = Release|iPhoneSimulator
		{8FEEC7D9-C947-46E8-A5AD-96447F73F6EA}.Release|iPhoneSimulator.Build.0 = Release|iPhoneSimulator
		{8FEEC7D9-C947-46E8-A5AD-96447F73F6EA}.Release|iPhoneSimulator.Deploy.0 = Release|iPhoneSimulator
		{8FEEC7D9-C947-46E8-A5AD-96447F73F6EA}.Release|x64.ActiveCfg = Release|iPhone
		{8FEEC7D9-C947-46E8-A5AD-96447F73F6EA}.Release|x64.Build.0 = Release|iPhone
		{8FEEC7D9-C947-46E8-A5AD-96447F73F6EA}.Release|x64.Deploy.0 = Release|iPhone
		{8FEEC7D9-C947-46E8-A5AD-96447F73F6EA}.Release|x86.ActiveCfg = Release|iPhone
		{8FEEC7D9-C947-46E8-A5AD-96447F73F6EA}.Release|x86.Build.0 = Release|iPhone
		{8FEEC7D9-C947-46E8-A5AD-96447F73F6EA}.Release|x86.Deploy.0 = Release|iPhone
		{C6188E89-80CF-4D84-924A-68CD649ED372}.Ad-Hoc|Any CPU.ActiveCfg = Release|x86
		{C6188E89-80CF-4D84-924A-68CD649ED372}.Ad-Hoc|Any CPU.Build.0 = Release|x86
		{C6188E89-80CF-4D84-924A-68CD649ED372}.Ad-Hoc|Any CPU.Deploy.0 = Release|x86
		{C6188E89-80CF-4D84-924A-68CD649ED372}.Ad-Hoc|ARM.ActiveCfg = Release|ARM
		{C6188E89-80CF-4D84-924A-68CD649ED372}.Ad-Hoc|ARM.Build.0 = Release|ARM
		{C6188E89-80CF-4D84-924A-68CD649ED372}.Ad-Hoc|ARM.Deploy.0 = Release|ARM
		{C6188E89-80CF-4D84-924A-68CD649ED372}.Ad-Hoc|ARM64.ActiveCfg = Debug|x64
		{C6188E89-80CF-4D84-924A-68CD649ED372}.Ad-Hoc|ARM64.Build.0 = Debug|x64
		{C6188E89-80CF-4D84-924A-68CD649ED372}.Ad-Hoc|ARM64.Deploy.0 = Debug|x64
		{C6188E89-80CF-4D84-924A-68CD649ED372}.Ad-Hoc|iPhone.ActiveCfg = Release|x86
		{C6188E89-80CF-4D84-924A-68CD649ED372}.Ad-Hoc|iPhone.Build.0 = Release|x86
		{C6188E89-80CF-4D84-924A-68CD649ED372}.Ad-Hoc|iPhone.Deploy.0 = Release|x86
		{C6188E89-80CF-4D84-924A-68CD649ED372}.Ad-Hoc|iPhoneSimulator.ActiveCfg = Release|x86
		{C6188E89-80CF-4D84-924A-68CD649ED372}.Ad-Hoc|iPhoneSimulator.Build.0 = Release|x86
		{C6188E89-80CF-4D84-924A-68CD649ED372}.Ad-Hoc|iPhoneSimulator.Deploy.0 = Release|x86
		{C6188E89-80CF-4D84-924A-68CD649ED372}.Ad-Hoc|x64.ActiveCfg = Release|x64
		{C6188E89-80CF-4D84-924A-68CD649ED372}.Ad-Hoc|x64.Build.0 = Release|x64
		{C6188E89-80CF-4D84-924A-68CD649ED372}.Ad-Hoc|x64.Deploy.0 = Release|x64
		{C6188E89-80CF-4D84-924A-68CD649ED372}.Ad-Hoc|x86.ActiveCfg = Release|x86
		{C6188E89-80CF-4D84-924A-68CD649ED372}.Ad-Hoc|x86.Build.0 = Release|x86
		{C6188E89-80CF-4D84-924A-68CD649ED372}.Ad-Hoc|x86.Deploy.0 = Release|x86
		{C6188E89-80CF-4D84-924A-68CD649ED372}.AppStore|Any CPU.ActiveCfg = Release|x86
		{C6188E89-80CF-4D84-924A-68CD649ED372}.AppStore|Any CPU.Build.0 = Release|x86
		{C6188E89-80CF-4D84-924A-68CD649ED372}.AppStore|Any CPU.Deploy.0 = Release|x86
		{C6188E89-80CF-4D84-924A-68CD649ED372}.AppStore|ARM.ActiveCfg = Release|ARM
		{C6188E89-80CF-4D84-924A-68CD649ED372}.AppStore|ARM.Build.0 = Release|ARM
		{C6188E89-80CF-4D84-924A-68CD649ED372}.AppStore|ARM.Deploy.0 = Release|ARM
		{C6188E89-80CF-4D84-924A-68CD649ED372}.AppStore|ARM64.ActiveCfg = Debug|x64
		{C6188E89-80CF-4D84-924A-68CD649ED372}.AppStore|ARM64.Build.0 = Debug|x64
		{C6188E89-80CF-4D84-924A-68CD649ED372}.AppStore|ARM64.Deploy.0 = Debug|x64
		{C6188E89-80CF-4D84-924A-68CD649ED372}.AppStore|iPhone.ActiveCfg = Release|x86
		{C6188E89-80CF-4D84-924A-68CD649ED372}.AppStore|iPhone.Build.0 = Release|x86
		{C6188E89-80CF-4D84-924A-68CD649ED372}.AppStore|iPhone.Deploy.0 = Release|x86
		{C6188E89-80CF-4D84-924A-68CD649ED372}.AppStore|iPhoneSimulator.ActiveCfg = Release|x86
		{C6188E89-80CF-4D84-924A-68CD649ED372}.AppStore|iPhoneSimulator.Build.0 = Release|x86
		{C6188E89-80CF-4D84-924A-68CD649ED372}.AppStore|iPhoneSimulator.Deploy.0 = Release|x86
		{C6188E89-80CF-4D84-924A-68CD649ED372}.AppStore|x64.ActiveCfg = Release|x64
		{C6188E89-80CF-4D84-924A-68CD649ED372}.AppStore|x64.Build.0 = Release|x64
		{C6188E89-80CF-4D84-924A-68CD649ED372}.AppStore|x64.Deploy.0 = Release|x64
		{C6188E89-80CF-4D84-924A-68CD649ED372}.AppStore|x86.ActiveCfg = Release|x86
		{C6188E89-80CF-4D84-924A-68CD649ED372}.AppStore|x86.Build.0 = Release|x86
		{C6188E89-80CF-4D84-924A-68CD649ED372}.AppStore|x86.Deploy.0 = Release|x86
		{C6188E89-80CF-4D84-924A-68CD649ED372}.Debug|Any CPU.ActiveCfg = Debug|x86
		{C6188E89-80CF-4D84-924A-68CD649ED372}.Debug|Any CPU.Build.0 = Debug|x86
		{C6188E89-80CF-4D84-924A-68CD649ED372}.Debug|Any CPU.Deploy.0 = Debug|x86
		{C6188E89-80CF-4D84-924A-68CD649ED372}.Debug|ARM.ActiveCfg = Debug|ARM
		{C6188E89-80CF-4D84-924A-68CD649ED372}.Debug|ARM.Build.0 = Debug|ARM
		{C6188E89-80CF-4D84-924A-68CD649ED372}.Debug|ARM.Deploy.0 = Debug|ARM
		{C6188E89-80CF-4D84-924A-68CD649ED372}.Debug|ARM64.ActiveCfg = Debug|x86
		{C6188E89-80CF-4D84-924A-68CD649ED372}.Debug|iPhone.ActiveCfg = Debug|x86
		{C6188E89-80CF-4D84-924A-68CD649ED372}.Debug|iPhone.Build.0 = Debug|x86
		{C6188E89-80CF-4D84-924A-68CD649ED372}.Debug|iPhone.Deploy.0 = Debug|x86
		{C6188E89-80CF-4D84-924A-68CD649ED372}.Debug|iPhoneSimulator.ActiveCfg = Debug|x86
		{C6188E89-80CF-4D84-924A-68CD649ED372}.Debug|iPhoneSimulator.Build.0 = Debug|x86
		{C6188E89-80CF-4D84-924A-68CD649ED372}.Debug|iPhoneSimulator.Deploy.0 = Debug|x86
		{C6188E89-80CF-4D84-924A-68CD649ED372}.Debug|x64.ActiveCfg = Debug|x64
		{C6188E89-80CF-4D84-924A-68CD649ED372}.Debug|x64.Build.0 = Debug|x64
		{C6188E89-80CF-4D84-924A-68CD649ED372}.Debug|x64.Deploy.0 = Debug|x64
		{C6188E89-80CF-4D84-924A-68CD649ED372}.Debug|x86.ActiveCfg = Debug|x86
		{C6188E89-80CF-4D84-924A-68CD649ED372}.Debug|x86.Build.0 = Debug|x86
		{C6188E89-80CF-4D84-924A-68CD649ED372}.Debug|x86.Deploy.0 = Debug|x86
		{C6188E89-80CF-4D84-924A-68CD649ED372}.GRAPECITY|Any CPU.ActiveCfg = Debug|x64
		{C6188E89-80CF-4D84-924A-68CD649ED372}.GRAPECITY|Any CPU.Build.0 = Debug|x64
		{C6188E89-80CF-4D84-924A-68CD649ED372}.GRAPECITY|Any CPU.Deploy.0 = Debug|x64
		{C6188E89-80CF-4D84-924A-68CD649ED372}.GRAPECITY|ARM.ActiveCfg = Debug|ARM
		{C6188E89-80CF-4D84-924A-68CD649ED372}.GRAPECITY|ARM.Build.0 = Debug|ARM
		{C6188E89-80CF-4D84-924A-68CD649ED372}.GRAPECITY|ARM.Deploy.0 = Debug|ARM
		{C6188E89-80CF-4D84-924A-68CD649ED372}.GRAPECITY|ARM64.ActiveCfg = Debug|x64
		{C6188E89-80CF-4D84-924A-68CD649ED372}.GRAPECITY|ARM64.Build.0 = Debug|x64
		{C6188E89-80CF-4D84-924A-68CD649ED372}.GRAPECITY|ARM64.Deploy.0 = Debug|x64
		{C6188E89-80CF-4D84-924A-68CD649ED372}.GRAPECITY|iPhone.ActiveCfg = Debug|x64
		{C6188E89-80CF-4D84-924A-68CD649ED372}.GRAPECITY|iPhone.Build.0 = Debug|x64
		{C6188E89-80CF-4D84-924A-68CD649ED372}.GRAPECITY|iPhone.Deploy.0 = Debug|x64
		{C6188E89-80CF-4D84-924A-68CD649ED372}.GRAPECITY|iPhoneSimulator.ActiveCfg = Debug|x64
		{C6188E89-80CF-4D84-924A-68CD649ED372}.GRAPECITY|iPhoneSimulator.Build.0 = Debug|x64
		{C6188E89-80CF-4D84-924A-68CD649ED372}.GRAPECITY|iPhoneSimulator.Deploy.0 = Debug|x64
		{C6188E89-80CF-4D84-924A-68CD649ED372}.GRAPECITY|x64.ActiveCfg = Debug|x64
		{C6188E89-80CF-4D84-924A-68CD649ED372}.GRAPECITY|x64.Build.0 = Debug|x64
		{C6188E89-80CF-4D84-924A-68CD649ED372}.GRAPECITY|x64.Deploy.0 = Debug|x64
		{C6188E89-80CF-4D84-924A-68CD649ED372}.GRAPECITY|x86.ActiveCfg = Debug|x86
		{C6188E89-80CF-4D84-924A-68CD649ED372}.GRAPECITY|x86.Build.0 = Debug|x86
		{C6188E89-80CF-4D84-924A-68CD649ED372}.GRAPECITY|x86.Deploy.0 = Debug|x86
		{C6188E89-80CF-4D84-924A-68CD649ED372}.Release|Any CPU.ActiveCfg = Release|x86
		{C6188E89-80CF-4D84-924A-68CD649ED372}.Release|Any CPU.Build.0 = Release|x86
		{C6188E89-80CF-4D84-924A-68CD649ED372}.Release|Any CPU.Deploy.0 = Release|x86
		{C6188E89-80CF-4D84-924A-68CD649ED372}.Release|ARM.ActiveCfg = Release|ARM
		{C6188E89-80CF-4D84-924A-68CD649ED372}.Release|ARM.Build.0 = Release|ARM
		{C6188E89-80CF-4D84-924A-68CD649ED372}.Release|ARM.Deploy.0 = Release|ARM
		{C6188E89-80CF-4D84-924A-68CD649ED372}.Release|ARM64.ActiveCfg = Release|x86
		{C6188E89-80CF-4D84-924A-68CD649ED372}.Release|iPhone.ActiveCfg = Release|x86
		{C6188E89-80CF-4D84-924A-68CD649ED372}.Release|iPhone.Build.0 = Release|x86
		{C6188E89-80CF-4D84-924A-68CD649ED372}.Release|iPhone.Deploy.0 = Release|x86
		{C6188E89-80CF-4D84-924A-68CD649ED372}.Release|iPhoneSimulator.ActiveCfg = Release|x86
		{C6188E89-80CF-4D84-924A-68CD649ED372}.Release|iPhoneSimulator.Build.0 = Release|x86
		{C6188E89-80CF-4D84-924A-68CD649ED372}.Release|iPhoneSimulator.Deploy.0 = Release|x86
		{C6188E89-80CF-4D84-924A-68CD649ED372}.Release|x64.ActiveCfg = Release|x64
		{C6188E89-80CF-4D84-924A-68CD649ED372}.Release|x64.Build.0 = Release|x64
		{C6188E89-80CF-4D84-924A-68CD649ED372}.Release|x64.Deploy.0 = Release|x64
		{C6188E89-80CF-4D84-924A-68CD649ED372}.Release|x86.ActiveCfg = Release|x86
		{C6188E89-80CF-4D84-924A-68CD649ED372}.Release|x86.Build.0 = Release|x86
		{C6188E89-80CF-4D84-924A-68CD649ED372}.Release|x86.Deploy.0 = Release|x86
		{65A593B6-EFB5-466B-B095-55755D548B46}.Ad-Hoc|Any CPU.ActiveCfg = Debug|Any CPU
		{65A593B6-EFB5-466B-B095-55755D548B46}.Ad-Hoc|Any CPU.Build.0 = Debug|Any CPU
		{65A593B6-EFB5-466B-B095-55755D548B46}.Ad-Hoc|Any CPU.Deploy.0 = Debug|Any CPU
		{65A593B6-EFB5-466B-B095-55755D548B46}.Ad-Hoc|ARM.ActiveCfg = Debug|Any CPU
		{65A593B6-EFB5-466B-B095-55755D548B46}.Ad-Hoc|ARM.Build.0 = Debug|Any CPU
		{65A593B6-EFB5-466B-B095-55755D548B46}.Ad-Hoc|ARM.Deploy.0 = Debug|Any CPU
		{65A593B6-EFB5-466B-B095-55755D548B46}.Ad-Hoc|ARM64.ActiveCfg = Release|Any CPU
		{65A593B6-EFB5-466B-B095-55755D548B46}.Ad-Hoc|ARM64.Build.0 = Release|Any CPU
		{65A593B6-EFB5-466B-B095-55755D548B46}.Ad-Hoc|iPhone.ActiveCfg = Debug|Any CPU
		{65A593B6-EFB5-466B-B095-55755D548B46}.Ad-Hoc|iPhone.Build.0 = Debug|Any CPU
		{65A593B6-EFB5-466B-B095-55755D548B46}.Ad-Hoc|iPhone.Deploy.0 = Debug|Any CPU
		{65A593B6-EFB5-466B-B095-55755D548B46}.Ad-Hoc|iPhoneSimulator.ActiveCfg = Debug|Any CPU
		{65A593B6-EFB5-466B-B095-55755D548B46}.Ad-Hoc|iPhoneSimulator.Build.0 = Debug|Any CPU
		{65A593B6-EFB5-466B-B095-55755D548B46}.Ad-Hoc|iPhoneSimulator.Deploy.0 = Debug|Any CPU
		{65A593B6-EFB5-466B-B095-55755D548B46}.Ad-Hoc|x64.ActiveCfg = Debug|Any CPU
		{65A593B6-EFB5-466B-B095-55755D548B46}.Ad-Hoc|x64.Build.0 = Debug|Any CPU
		{65A593B6-EFB5-466B-B095-55755D548B46}.Ad-Hoc|x64.Deploy.0 = Debug|Any CPU
		{65A593B6-EFB5-466B-B095-55755D548B46}.Ad-Hoc|x86.ActiveCfg = Debug|Any CPU
		{65A593B6-EFB5-466B-B095-55755D548B46}.Ad-Hoc|x86.Build.0 = Debug|Any CPU
		{65A593B6-EFB5-466B-B095-55755D548B46}.Ad-Hoc|x86.Deploy.0 = Debug|Any CPU
		{65A593B6-EFB5-466B-B095-55755D548B46}.AppStore|Any CPU.ActiveCfg = Debug|Any CPU
		{65A593B6-EFB5-466B-B095-55755D548B46}.AppStore|Any CPU.Build.0 = Debug|Any CPU
		{65A593B6-EFB5-466B-B095-55755D548B46}.AppStore|Any CPU.Deploy.0 = Debug|Any CPU
		{65A593B6-EFB5-466B-B095-55755D548B46}.AppStore|ARM.ActiveCfg = Debug|Any CPU
		{65A593B6-EFB5-466B-B095-55755D548B46}.AppStore|ARM.Build.0 = Debug|Any CPU
		{65A593B6-EFB5-466B-B095-55755D548B46}.AppStore|ARM.Deploy.0 = Debug|Any CPU
		{65A593B6-EFB5-466B-B095-55755D548B46}.AppStore|ARM64.ActiveCfg = Release|Any CPU
		{65A593B6-EFB5-466B-B095-55755D548B46}.AppStore|ARM64.Build.0 = Release|Any CPU
		{65A593B6-EFB5-466B-B095-55755D548B46}.AppStore|iPhone.ActiveCfg = Debug|Any CPU
		{65A593B6-EFB5-466B-B095-55755D548B46}.AppStore|iPhone.Build.0 = Debug|Any CPU
		{65A593B6-EFB5-466B-B095-55755D548B46}.AppStore|iPhone.Deploy.0 = Debug|Any CPU
		{65A593B6-EFB5-466B-B095-55755D548B46}.AppStore|iPhoneSimulator.ActiveCfg = Debug|Any CPU
		{65A593B6-EFB5-466B-B095-55755D548B46}.AppStore|iPhoneSimulator.Build.0 = Debug|Any CPU
		{65A593B6-EFB5-466B-B095-55755D548B46}.AppStore|iPhoneSimulator.Deploy.0 = Debug|Any CPU
		{65A593B6-EFB5-466B-B095-55755D548B46}.AppStore|x64.ActiveCfg = Debug|Any CPU
		{65A593B6-EFB5-466B-B095-55755D548B46}.AppStore|x64.Build.0 = Debug|Any CPU
		{65A593B6-EFB5-466B-B095-55755D548B46}.AppStore|x64.Deploy.0 = Debug|Any CPU
		{65A593B6-EFB5-466B-B095-55755D548B46}.AppStore|x86.ActiveCfg = Debug|Any CPU
		{65A593B6-EFB5-466B-B095-55755D548B46}.AppStore|x86.Build.0 = Debug|Any CPU
		{65A593B6-EFB5-466B-B095-55755D548B46}.AppStore|x86.Deploy.0 = Debug|Any CPU
		{65A593B6-EFB5-466B-B095-55755D548B46}.Debug|Any CPU.ActiveCfg = Debug|Any CPU
		{65A593B6-EFB5-466B-B095-55755D548B46}.Debug|Any CPU.Build.0 = Debug|Any CPU
		{65A593B6-EFB5-466B-B095-55755D548B46}.Debug|Any CPU.Deploy.0 = Debug|Any CPU
		{65A593B6-EFB5-466B-B095-55755D548B46}.Debug|ARM.ActiveCfg = Debug|Any CPU
		{65A593B6-EFB5-466B-B095-55755D548B46}.Debug|ARM.Build.0 = Debug|Any CPU
		{65A593B6-EFB5-466B-B095-55755D548B46}.Debug|ARM.Deploy.0 = Debug|Any CPU
		{65A593B6-EFB5-466B-B095-55755D548B46}.Debug|ARM64.ActiveCfg = Debug|Any CPU
		{65A593B6-EFB5-466B-B095-55755D548B46}.Debug|ARM64.Build.0 = Debug|Any CPU
		{65A593B6-EFB5-466B-B095-55755D548B46}.Debug|iPhone.ActiveCfg = Debug|Any CPU
		{65A593B6-EFB5-466B-B095-55755D548B46}.Debug|iPhone.Build.0 = Debug|Any CPU
		{65A593B6-EFB5-466B-B095-55755D548B46}.Debug|iPhone.Deploy.0 = Debug|Any CPU
		{65A593B6-EFB5-466B-B095-55755D548B46}.Debug|iPhoneSimulator.ActiveCfg = Debug|Any CPU
		{65A593B6-EFB5-466B-B095-55755D548B46}.Debug|iPhoneSimulator.Build.0 = Debug|Any CPU
		{65A593B6-EFB5-466B-B095-55755D548B46}.Debug|iPhoneSimulator.Deploy.0 = Debug|Any CPU
		{65A593B6-EFB5-466B-B095-55755D548B46}.Debug|x64.ActiveCfg = Debug|Any CPU
		{65A593B6-EFB5-466B-B095-55755D548B46}.Debug|x64.Build.0 = Debug|Any CPU
		{65A593B6-EFB5-466B-B095-55755D548B46}.Debug|x64.Deploy.0 = Debug|Any CPU
		{65A593B6-EFB5-466B-B095-55755D548B46}.Debug|x86.ActiveCfg = Debug|Any CPU
		{65A593B6-EFB5-466B-B095-55755D548B46}.Debug|x86.Build.0 = Debug|Any CPU
		{65A593B6-EFB5-466B-B095-55755D548B46}.Debug|x86.Deploy.0 = Debug|Any CPU
		{65A593B6-EFB5-466B-B095-55755D548B46}.GRAPECITY|Any CPU.ActiveCfg = Release|Any CPU
		{65A593B6-EFB5-466B-B095-55755D548B46}.GRAPECITY|Any CPU.Build.0 = Release|Any CPU
		{65A593B6-EFB5-466B-B095-55755D548B46}.GRAPECITY|ARM.ActiveCfg = Release|Any CPU
		{65A593B6-EFB5-466B-B095-55755D548B46}.GRAPECITY|ARM.Build.0 = Release|Any CPU
		{65A593B6-EFB5-466B-B095-55755D548B46}.GRAPECITY|ARM64.ActiveCfg = Release|Any CPU
		{65A593B6-EFB5-466B-B095-55755D548B46}.GRAPECITY|ARM64.Build.0 = Release|Any CPU
		{65A593B6-EFB5-466B-B095-55755D548B46}.GRAPECITY|iPhone.ActiveCfg = Release|Any CPU
		{65A593B6-EFB5-466B-B095-55755D548B46}.GRAPECITY|iPhone.Build.0 = Release|Any CPU
		{65A593B6-EFB5-466B-B095-55755D548B46}.GRAPECITY|iPhoneSimulator.ActiveCfg = Release|Any CPU
		{65A593B6-EFB5-466B-B095-55755D548B46}.GRAPECITY|iPhoneSimulator.Build.0 = Release|Any CPU
		{65A593B6-EFB5-466B-B095-55755D548B46}.GRAPECITY|x64.ActiveCfg = Release|Any CPU
		{65A593B6-EFB5-466B-B095-55755D548B46}.GRAPECITY|x64.Build.0 = Release|Any CPU
		{65A593B6-EFB5-466B-B095-55755D548B46}.GRAPECITY|x86.ActiveCfg = Release|Any CPU
		{65A593B6-EFB5-466B-B095-55755D548B46}.GRAPECITY|x86.Build.0 = Release|Any CPU
		{65A593B6-EFB5-466B-B095-55755D548B46}.Release|Any CPU.ActiveCfg = Release|Any CPU
		{65A593B6-EFB5-466B-B095-55755D548B46}.Release|Any CPU.Build.0 = Release|Any CPU
		{65A593B6-EFB5-466B-B095-55755D548B46}.Release|Any CPU.Deploy.0 = Release|Any CPU
		{65A593B6-EFB5-466B-B095-55755D548B46}.Release|ARM.ActiveCfg = Release|Any CPU
		{65A593B6-EFB5-466B-B095-55755D548B46}.Release|ARM.Build.0 = Release|Any CPU
		{65A593B6-EFB5-466B-B095-55755D548B46}.Release|ARM.Deploy.0 = Release|Any CPU
		{65A593B6-EFB5-466B-B095-55755D548B46}.Release|ARM64.ActiveCfg = Release|Any CPU
		{65A593B6-EFB5-466B-B095-55755D548B46}.Release|ARM64.Build.0 = Release|Any CPU
		{65A593B6-EFB5-466B-B095-55755D548B46}.Release|iPhone.ActiveCfg = Release|Any CPU
		{65A593B6-EFB5-466B-B095-55755D548B46}.Release|iPhone.Build.0 = Release|Any CPU
		{65A593B6-EFB5-466B-B095-55755D548B46}.Release|iPhone.Deploy.0 = Release|Any CPU
		{65A593B6-EFB5-466B-B095-55755D548B46}.Release|iPhoneSimulator.ActiveCfg = Release|Any CPU
		{65A593B6-EFB5-466B-B095-55755D548B46}.Release|iPhoneSimulator.Build.0 = Release|Any CPU
		{65A593B6-EFB5-466B-B095-55755D548B46}.Release|iPhoneSimulator.Deploy.0 = Release|Any CPU
		{65A593B6-EFB5-466B-B095-55755D548B46}.Release|x64.ActiveCfg = Release|Any CPU
		{65A593B6-EFB5-466B-B095-55755D548B46}.Release|x64.Build.0 = Release|Any CPU
		{65A593B6-EFB5-466B-B095-55755D548B46}.Release|x64.Deploy.0 = Release|Any CPU
		{65A593B6-EFB5-466B-B095-55755D548B46}.Release|x86.ActiveCfg = Release|Any CPU
		{65A593B6-EFB5-466B-B095-55755D548B46}.Release|x86.Build.0 = Release|Any CPU
		{65A593B6-EFB5-466B-B095-55755D548B46}.Release|x86.Deploy.0 = Release|Any CPU
	EndGlobalSection
	GlobalSection(SolutionProperties) = preSolution
		HideSolutionNode = FALSE
	EndGlobalSection
	GlobalSection(NestedProjects) = preSolution
	EndGlobalSection
	GlobalSection(ExtensibilityGlobals) = postSolution
		SolutionGuid = {070F2ECA-701A-4E68-A433-9348078800C9}
	EndGlobalSection
EndGlobal
