
Microsoft Visual Studio Solution File, Format Version 12.00
# Visual Studio 15
Project("{FAE04EC0-301F-11D3-BF4B-00C04F79EFBC}") = "C1Weather.Android", "C1Weather.Android\C1Weather.Android.csproj", "{F5CFDBE7-3B58-4E6D-8520-5003EF759F59}"
EndProject
Project("{9A19103F-16F7-4668-BE54-9A1E7A4F7556}") = "C1Weather.XF", "C1Weather.XF\C1Weather.XF.csproj", "{6A0C1CD2-E848-4391-95D8-81C252C91B75}"
EndProject
Project("{FAE04EC0-301F-11D3-BF4B-00C04F79EFBC}") = "C1Weather.UWP", "C1Weather.UWP\C1Weather.UWP.csproj", "{E5F5CEDA-211E-41F4-8A72-DEEABD9E2C66}"
EndProject
Project("{FAE04EC0-301F-11D3-BF4B-00C04F79EFBC}") = "C1Weather.iOS", "C1Weather.iOS\C1Weather.iOS.csproj", "{79CCEAE6-5B79-49E0-B696-FFD3515C7CD6}"
EndProject
Global
	GlobalSection(SolutionConfigurationPlatforms) = preSolution
		Ad-Hoc|Any CPU = Ad-Hoc|Any CPU
		Ad-Hoc|ARM = Ad-Hoc|ARM
		Ad-Hoc|iPhone = Ad-Hoc|iPhone
		Ad-Hoc|iPhoneSimulator = Ad-Hoc|iPhoneSimulator
		Ad-Hoc|x64 = Ad-Hoc|x64
		Ad-Hoc|x86 = Ad-Hoc|x86
		AppStore|Any CPU = AppStore|Any CPU
		AppStore|ARM = AppStore|ARM
		AppStore|iPhone = AppStore|iPhone
		AppStore|iPhoneSimulator = AppStore|iPhoneSimulator
		AppStore|x64 = AppStore|x64
		AppStore|x86 = AppStore|x86
		Debug|Any CPU = Debug|Any CPU
		Debug|ARM = Debug|ARM
		Debug|iPhone = Debug|iPhone
		Debug|iPhoneSimulator = Debug|iPhoneSimulator
		Debug|x64 = Debug|x64
		Debug|x86 = Debug|x86
		GRAPECITY|Any CPU = GRAPECITY|Any CPU
		GRAPECITY|ARM = GRAPECITY|ARM
		GRAPECITY|iPhone = GRAPECITY|iPhone
		GRAPECITY|iPhoneSimulator = GRAPECITY|iPhoneSimulator
		GRAPECITY|x64 = GRAPECITY|x64
		GRAPECITY|x86 = GRAPECITY|x86
		Release|Any CPU = Release|Any CPU
		Release|ARM = Release|ARM
		Release|iPhone = Release|iPhone
		Release|iPhoneSimulator = Release|iPhoneSimulator
		Release|x64 = Release|x64
		Release|x86 = Release|x86
	EndGlobalSection
	GlobalSection(ProjectConfigurationPlatforms) = postSolution
		{F5CFDBE7-3B58-4E6D-8520-5003EF759F59}.Ad-Hoc|Any CPU.ActiveCfg = Release|Any CPU
		{F5CFDBE7-3B58-4E6D-8520-5003EF759F59}.Ad-Hoc|Any CPU.Build.0 = Release|Any CPU
		{F5CFDBE7-3B58-4E6D-8520-5003EF759F59}.Ad-Hoc|Any CPU.Deploy.0 = Release|Any CPU
		{F5CFDBE7-3B58-4E6D-8520-5003EF759F59}.Ad-Hoc|ARM.ActiveCfg = Release|Any CPU
		{F5CFDBE7-3B58-4E6D-8520-5003EF759F59}.Ad-Hoc|ARM.Build.0 = Release|Any CPU
		{F5CFDBE7-3B58-4E6D-8520-5003EF759F59}.Ad-Hoc|ARM.Deploy.0 = Release|Any CPU
		{F5CFDBE7-3B58-4E6D-8520-5003EF759F59}.Ad-Hoc|iPhone.ActiveCfg = Release|Any CPU
		{F5CFDBE7-3B58-4E6D-8520-5003EF759F59}.Ad-Hoc|iPhone.Build.0 = Release|Any CPU
		{F5CFDBE7-3B58-4E6D-8520-5003EF759F59}.Ad-Hoc|iPhone.Deploy.0 = Release|Any CPU
		{F5CFDBE7-3B58-4E6D-8520-5003EF759F59}.Ad-Hoc|iPhoneSimulator.ActiveCfg = Release|Any CPU
		{F5CFDBE7-3B58-4E6D-8520-5003EF759F59}.Ad-Hoc|iPhoneSimulator.Build.0 = Release|Any CPU
		{F5CFDBE7-3B58-4E6D-8520-5003EF759F59}.Ad-Hoc|iPhoneSimulator.Deploy.0 = Release|Any CPU
		{F5CFDBE7-3B58-4E6D-8520-5003EF759F59}.Ad-Hoc|x64.ActiveCfg = Release|Any CPU
		{F5CFDBE7-3B58-4E6D-8520-5003EF759F59}.Ad-Hoc|x64.Build.0 = Release|Any CPU
		{F5CFDBE7-3B58-4E6D-8520-5003EF759F59}.Ad-Hoc|x64.Deploy.0 = Release|Any CPU
		{F5CFDBE7-3B58-4E6D-8520-5003EF759F59}.Ad-Hoc|x86.ActiveCfg = Release|Any CPU
		{F5CFDBE7-3B58-4E6D-8520-5003EF759F59}.Ad-Hoc|x86.Build.0 = Release|Any CPU
		{F5CFDBE7-3B58-4E6D-8520-5003EF759F59}.Ad-Hoc|x86.Deploy.0 = Release|Any CPU
		{F5CFDBE7-3B58-4E6D-8520-5003EF759F59}.AppStore|Any CPU.ActiveCfg = Release|Any CPU
		{F5CFDBE7-3B58-4E6D-8520-5003EF759F59}.AppStore|Any CPU.Build.0 = Release|Any CPU
		{F5CFDBE7-3B58-4E6D-8520-5003EF759F59}.AppStore|Any CPU.Deploy.0 = Release|Any CPU
		{F5CFDBE7-3B58-4E6D-8520-5003EF759F59}.AppStore|ARM.ActiveCfg = Release|Any CPU
		{F5CFDBE7-3B58-4E6D-8520-5003EF759F59}.AppStore|ARM.Build.0 = Release|Any CPU
		{F5CFDBE7-3B58-4E6D-8520-5003EF759F59}.AppStore|ARM.Deploy.0 = Release|Any CPU
		{F5CFDBE7-3B58-4E6D-8520-5003EF759F59}.AppStore|iPhone.ActiveCfg = Release|Any CPU
		{F5CFDBE7-3B58-4E6D-8520-5003EF759F59}.AppStore|iPhone.Build.0 = Release|Any CPU
		{F5CFDBE7-3B58-4E6D-8520-5003EF759F59}.AppStore|iPhone.Deploy.0 = Release|Any CPU
		{F5CFDBE7-3B58-4E6D-8520-5003EF759F59}.AppStore|iPhoneSimulator.ActiveCfg = Release|Any CPU
		{F5CFDBE7-3B58-4E6D-8520-5003EF759F59}.AppStore|iPhoneSimulator.Build.0 = Release|Any CPU
		{F5CFDBE7-3B58-4E6D-8520-5003EF759F59}.AppStore|iPhoneSimulator.Deploy.0 = Release|Any CPU
		{F5CFDBE7-3B58-4E6D-8520-5003EF759F59}.AppStore|x64.ActiveCfg = Release|Any CPU
		{F5CFDBE7-3B58-4E6D-8520-5003EF759F59}.AppStore|x64.Build.0 = Release|Any CPU
		{F5CFDBE7-3B58-4E6D-8520-5003EF759F59}.AppStore|x64.Deploy.0 = Release|Any CPU
		{F5CFDBE7-3B58-4E6D-8520-5003EF759F59}.AppStore|x86.ActiveCfg = Release|Any CPU
		{F5CFDBE7-3B58-4E6D-8520-5003EF759F59}.AppStore|x86.Build.0 = Release|Any CPU
		{F5CFDBE7-3B58-4E6D-8520-5003EF759F59}.AppStore|x86.Deploy.0 = Release|Any CPU
		{F5CFDBE7-3B58-4E6D-8520-5003EF759F59}.Debug|Any CPU.ActiveCfg = Debug|Any CPU
		{F5CFDBE7-3B58-4E6D-8520-5003EF759F59}.Debug|Any CPU.Build.0 = Debug|Any CPU
		{F5CFDBE7-3B58-4E6D-8520-5003EF759F59}.Debug|Any CPU.Deploy.0 = Debug|Any CPU
		{F5CFDBE7-3B58-4E6D-8520-5003EF759F59}.Debug|ARM.ActiveCfg = Debug|Any CPU
		{F5CFDBE7-3B58-4E6D-8520-5003EF759F59}.Debug|ARM.Build.0 = Debug|Any CPU
		{F5CFDBE7-3B58-4E6D-8520-5003EF759F59}.Debug|ARM.Deploy.0 = Debug|Any CPU
		{F5CFDBE7-3B58-4E6D-8520-5003EF759F59}.Debug|iPhone.ActiveCfg = Debug|Any CPU
		{F5CFDBE7-3B58-4E6D-8520-5003EF759F59}.Debug|iPhone.Build.0 = Debug|Any CPU
		{F5CFDBE7-3B58-4E6D-8520-5003EF759F59}.Debug|iPhone.Deploy.0 = Debug|Any CPU
		{F5CFDBE7-3B58-4E6D-8520-5003EF759F59}.Debug|iPhoneSimulator.ActiveCfg = Debug|Any CPU
		{F5CFDBE7-3B58-4E6D-8520-5003EF759F59}.Debug|iPhoneSimulator.Build.0 = Debug|Any CPU
		{F5CFDBE7-3B58-4E6D-8520-5003EF759F59}.Debug|iPhoneSimulator.Deploy.0 = Debug|Any CPU
		{F5CFDBE7-3B58-4E6D-8520-5003EF759F59}.Debug|x64.ActiveCfg = Debug|Any CPU
		{F5CFDBE7-3B58-4E6D-8520-5003EF759F59}.Debug|x64.Build.0 = Debug|Any CPU
		{F5CFDBE7-3B58-4E6D-8520-5003EF759F59}.Debug|x64.Deploy.0 = Debug|Any CPU
		{F5CFDBE7-3B58-4E6D-8520-5003EF759F59}.Debug|x86.ActiveCfg = Debug|Any CPU
		{F5CFDBE7-3B58-4E6D-8520-5003EF759F59}.Debug|x86.Build.0 = Debug|Any CPU
		{F5CFDBE7-3B58-4E6D-8520-5003EF759F59}.Debug|x86.Deploy.0 = Debug|Any CPU
		{F5CFDBE7-3B58-4E6D-8520-5003EF759F59}.GRAPECITY|Any CPU.ActiveCfg = Release|Any CPU
		{F5CFDBE7-3B58-4E6D-8520-5003EF759F59}.GRAPECITY|Any CPU.Build.0 = Release|Any CPU
		{F5CFDBE7-3B58-4E6D-8520-5003EF759F59}.GRAPECITY|Any CPU.Deploy.0 = Release|Any CPU
		{F5CFDBE7-3B58-4E6D-8520-5003EF759F59}.GRAPECITY|ARM.ActiveCfg = Release|Any CPU
		{F5CFDBE7-3B58-4E6D-8520-5003EF759F59}.GRAPECITY|ARM.Build.0 = Release|Any CPU
		{F5CFDBE7-3B58-4E6D-8520-5003EF759F59}.GRAPECITY|ARM.Deploy.0 = Release|Any CPU
		{F5CFDBE7-3B58-4E6D-8520-5003EF759F59}.GRAPECITY|iPhone.ActiveCfg = Release|Any CPU
		{F5CFDBE7-3B58-4E6D-8520-5003EF759F59}.GRAPECITY|iPhone.Build.0 = Release|Any CPU
		{F5CFDBE7-3B58-4E6D-8520-5003EF759F59}.GRAPECITY|iPhone.Deploy.0 = Release|Any CPU
		{F5CFDBE7-3B58-4E6D-8520-5003EF759F59}.GRAPECITY|iPhoneSimulator.ActiveCfg = Release|Any CPU
		{F5CFDBE7-3B58-4E6D-8520-5003EF759F59}.GRAPECITY|iPhoneSimulator.Build.0 = Release|Any CPU
		{F5CFDBE7-3B58-4E6D-8520-5003EF759F59}.GRAPECITY|iPhoneSimulator.Deploy.0 = Release|Any CPU
		{F5CFDBE7-3B58-4E6D-8520-5003EF759F59}.GRAPECITY|x64.ActiveCfg = Release|Any CPU
		{F5CFDBE7-3B58-4E6D-8520-5003EF759F59}.GRAPECITY|x64.Build.0 = Release|Any CPU
		{F5CFDBE7-3B58-4E6D-8520-5003EF759F59}.GRAPECITY|x64.Deploy.0 = Release|Any CPU
		{F5CFDBE7-3B58-4E6D-8520-5003EF759F59}.GRAPECITY|x86.ActiveCfg = Release|Any CPU
		{F5CFDBE7-3B58-4E6D-8520-5003EF759F59}.GRAPECITY|x86.Build.0 = Release|Any CPU
		{F5CFDBE7-3B58-4E6D-8520-5003EF759F59}.GRAPECITY|x86.Deploy.0 = Release|Any CPU
		{F5CFDBE7-3B58-4E6D-8520-5003EF759F59}.Release|Any CPU.ActiveCfg = Release|Any CPU
		{F5CFDBE7-3B58-4E6D-8520-5003EF759F59}.Release|Any CPU.Build.0 = Release|Any CPU
		{F5CFDBE7-3B58-4E6D-8520-5003EF759F59}.Release|Any CPU.Deploy.0 = Release|Any CPU
		{F5CFDBE7-3B58-4E6D-8520-5003EF759F59}.Release|ARM.ActiveCfg = Release|Any CPU
		{F5CFDBE7-3B58-4E6D-8520-5003EF759F59}.Release|ARM.Build.0 = Release|Any CPU
		{F5CFDBE7-3B58-4E6D-8520-5003EF759F59}.Release|ARM.Deploy.0 = Release|Any CPU
		{F5CFDBE7-3B58-4E6D-8520-5003EF759F59}.Release|iPhone.ActiveCfg = Release|Any CPU
		{F5CFDBE7-3B58-4E6D-8520-5003EF759F59}.Release|iPhone.Build.0 = Release|Any CPU
		{F5CFDBE7-3B58-4E6D-8520-5003EF759F59}.Release|iPhone.Deploy.0 = Release|Any CPU
		{F5CFDBE7-3B58-4E6D-8520-5003EF759F59}.Release|iPhoneSimulator.ActiveCfg = Release|Any CPU
		{F5CFDBE7-3B58-4E6D-8520-5003EF759F59}.Release|iPhoneSimulator.Build.0 = Release|Any CPU
		{F5CFDBE7-3B58-4E6D-8520-5003EF759F59}.Release|iPhoneSimulator.Deploy.0 = Release|Any CPU
		{F5CFDBE7-3B58-4E6D-8520-5003EF759F59}.Release|x64.ActiveCfg = Release|Any CPU
		{F5CFDBE7-3B58-4E6D-8520-5003EF759F59}.Release|x64.Build.0 = Release|Any CPU
		{F5CFDBE7-3B58-4E6D-8520-5003EF759F59}.Release|x64.Deploy.0 = Release|Any CPU
		{F5CFDBE7-3B58-4E6D-8520-5003EF759F59}.Release|x86.ActiveCfg = Release|Any CPU
		{F5CFDBE7-3B58-4E6D-8520-5003EF759F59}.Release|x86.Build.0 = Release|Any CPU
		{F5CFDBE7-3B58-4E6D-8520-5003EF759F59}.Release|x86.Deploy.0 = Release|Any CPU
		{6A0C1CD2-E848-4391-95D8-81C252C91B75}.Ad-Hoc|Any CPU.ActiveCfg = Release|Any CPU
		{6A0C1CD2-E848-4391-95D8-81C252C91B75}.Ad-Hoc|Any CPU.Build.0 = Release|Any CPU
		{6A0C1CD2-E848-4391-95D8-81C252C91B75}.Ad-Hoc|ARM.ActiveCfg = Release|Any CPU
		{6A0C1CD2-E848-4391-95D8-81C252C91B75}.Ad-Hoc|ARM.Build.0 = Release|Any CPU
		{6A0C1CD2-E848-4391-95D8-81C252C91B75}.Ad-Hoc|iPhone.ActiveCfg = Release|Any CPU
		{6A0C1CD2-E848-4391-95D8-81C252C91B75}.Ad-Hoc|iPhone.Build.0 = Release|Any CPU
		{6A0C1CD2-E848-4391-95D8-81C252C91B75}.Ad-Hoc|iPhoneSimulator.ActiveCfg = Release|Any CPU
		{6A0C1CD2-E848-4391-95D8-81C252C91B75}.Ad-Hoc|iPhoneSimulator.Build.0 = Release|Any CPU
		{6A0C1CD2-E848-4391-95D8-81C252C91B75}.Ad-Hoc|x64.ActiveCfg = Release|Any CPU
		{6A0C1CD2-E848-4391-95D8-81C252C91B75}.Ad-Hoc|x64.Build.0 = Release|Any CPU
		{6A0C1CD2-E848-4391-95D8-81C252C91B75}.Ad-Hoc|x86.ActiveCfg = Release|Any CPU
		{6A0C1CD2-E848-4391-95D8-81C252C91B75}.Ad-Hoc|x86.Build.0 = Release|Any CPU
		{6A0C1CD2-E848-4391-95D8-81C252C91B75}.AppStore|Any CPU.ActiveCfg = Release|Any CPU
		{6A0C1CD2-E848-4391-95D8-81C252C91B75}.AppStore|Any CPU.Build.0 = Release|Any CPU
		{6A0C1CD2-E848-4391-95D8-81C252C91B75}.AppStore|ARM.ActiveCfg = Release|Any CPU
		{6A0C1CD2-E848-4391-95D8-81C252C91B75}.AppStore|ARM.Build.0 = Release|Any CPU
		{6A0C1CD2-E848-4391-95D8-81C252C91B75}.AppStore|iPhone.ActiveCfg = Release|Any CPU
		{6A0C1CD2-E848-4391-95D8-81C252C91B75}.AppStore|iPhone.Build.0 = Release|Any CPU
		{6A0C1CD2-E848-4391-95D8-81C252C91B75}.AppStore|iPhoneSimulator.ActiveCfg = Release|Any CPU
		{6A0C1CD2-E848-4391-95D8-81C252C91B75}.AppStore|iPhoneSimulator.Build.0 = Release|Any CPU
		{6A0C1CD2-E848-4391-95D8-81C252C91B75}.AppStore|x64.ActiveCfg = Release|Any CPU
		{6A0C1CD2-E848-4391-95D8-81C252C91B75}.AppStore|x64.Build.0 = Release|Any CPU
		{6A0C1CD2-E848-4391-95D8-81C252C91B75}.AppStore|x86.ActiveCfg = Release|Any CPU
		{6A0C1CD2-E848-4391-95D8-81C252C91B75}.AppStore|x86.Build.0 = Release|Any CPU
		{6A0C1CD2-E848-4391-95D8-81C252C91B75}.Debug|Any CPU.ActiveCfg = Debug|Any CPU
		{6A0C1CD2-E848-4391-95D8-81C252C91B75}.Debug|Any CPU.Build.0 = Debug|Any CPU
		{6A0C1CD2-E848-4391-95D8-81C252C91B75}.Debug|ARM.ActiveCfg = Debug|Any CPU
		{6A0C1CD2-E848-4391-95D8-81C252C91B75}.Debug|ARM.Build.0 = Debug|Any CPU
		{6A0C1CD2-E848-4391-95D8-81C252C91B75}.Debug|iPhone.ActiveCfg = Debug|Any CPU
		{6A0C1CD2-E848-4391-95D8-81C252C91B75}.Debug|iPhone.Build.0 = Debug|Any CPU
		{6A0C1CD2-E848-4391-95D8-81C252C91B75}.Debug|iPhoneSimulator.ActiveCfg = Debug|Any CPU
		{6A0C1CD2-E848-4391-95D8-81C252C91B75}.Debug|iPhoneSimulator.Build.0 = Debug|Any CPU
		{6A0C1CD2-E848-4391-95D8-81C252C91B75}.Debug|x64.ActiveCfg = Debug|Any CPU
		{6A0C1CD2-E848-4391-95D8-81C252C91B75}.Debug|x64.Build.0 = Debug|Any CPU
		{6A0C1CD2-E848-4391-95D8-81C252C91B75}.Debug|x86.ActiveCfg = Debug|Any CPU
		{6A0C1CD2-E848-4391-95D8-81C252C91B75}.Debug|x86.Build.0 = Debug|Any CPU
		{6A0C1CD2-E848-4391-95D8-81C252C91B75}.GRAPECITY|Any CPU.ActiveCfg = Release|Any CPU
		{6A0C1CD2-E848-4391-95D8-81C252C91B75}.GRAPECITY|Any CPU.Build.0 = Release|Any CPU
		{6A0C1CD2-E848-4391-95D8-81C252C91B75}.GRAPECITY|ARM.ActiveCfg = Release|Any CPU
		{6A0C1CD2-E848-4391-95D8-81C252C91B75}.GRAPECITY|ARM.Build.0 = Release|Any CPU
		{6A0C1CD2-E848-4391-95D8-81C252C91B75}.GRAPECITY|iPhone.ActiveCfg = Release|Any CPU
		{6A0C1CD2-E848-4391-95D8-81C252C91B75}.GRAPECITY|iPhone.Build.0 = Release|Any CPU
		{6A0C1CD2-E848-4391-95D8-81C252C91B75}.GRAPECITY|iPhoneSimulator.ActiveCfg = Release|Any CPU
		{6A0C1CD2-E848-4391-95D8-81C252C91B75}.GRAPECITY|iPhoneSimulator.Build.0 = Release|Any CPU
		{6A0C1CD2-E848-4391-95D8-81C252C91B75}.GRAPECITY|x64.ActiveCfg = Release|Any CPU
		{6A0C1CD2-E848-4391-95D8-81C252C91B75}.GRAPECITY|x64.Build.0 = Release|Any CPU
		{6A0C1CD2-E848-4391-95D8-81C252C91B75}.GRAPECITY|x86.ActiveCfg = Release|Any CPU
		{6A0C1CD2-E848-4391-95D8-81C252C91B75}.GRAPECITY|x86.Build.0 = Release|Any CPU
		{6A0C1CD2-E848-4391-95D8-81C252C91B75}.Release|Any CPU.ActiveCfg = Release|Any CPU
		{6A0C1CD2-E848-4391-95D8-81C252C91B75}.Release|Any CPU.Build.0 = Release|Any CPU
		{6A0C1CD2-E848-4391-95D8-81C252C91B75}.Release|ARM.ActiveCfg = Release|Any CPU
		{6A0C1CD2-E848-4391-95D8-81C252C91B75}.Release|ARM.Build.0 = Release|Any CPU
		{6A0C1CD2-E848-4391-95D8-81C252C91B75}.Release|iPhone.ActiveCfg = Release|Any CPU
		{6A0C1CD2-E848-4391-95D8-81C252C91B75}.Release|iPhone.Build.0 = Release|Any CPU
		{6A0C1CD2-E848-4391-95D8-81C252C91B75}.Release|iPhoneSimulator.ActiveCfg = Release|Any CPU
		{6A0C1CD2-E848-4391-95D8-81C252C91B75}.Release|iPhoneSimulator.Build.0 = Release|Any CPU
		{6A0C1CD2-E848-4391-95D8-81C252C91B75}.Release|x64.ActiveCfg = Release|Any CPU
		{6A0C1CD2-E848-4391-95D8-81C252C91B75}.Release|x64.Build.0 = Release|Any CPU
		{6A0C1CD2-E848-4391-95D8-81C252C91B75}.Release|x86.ActiveCfg = Release|Any CPU
		{6A0C1CD2-E848-4391-95D8-81C252C91B75}.Release|x86.Build.0 = Release|Any CPU
		{E5F5CEDA-211E-41F4-8A72-DEEABD9E2C66}.Ad-Hoc|Any CPU.ActiveCfg = Release|x86
		{E5F5CEDA-211E-41F4-8A72-DEEABD9E2C66}.Ad-Hoc|Any CPU.Build.0 = Release|x86
		{E5F5CEDA-211E-41F4-8A72-DEEABD9E2C66}.Ad-Hoc|Any CPU.Deploy.0 = Release|x86
		{E5F5CEDA-211E-41F4-8A72-DEEABD9E2C66}.Ad-Hoc|ARM.ActiveCfg = Release|ARM
		{E5F5CEDA-211E-41F4-8A72-DEEABD9E2C66}.Ad-Hoc|ARM.Build.0 = Release|ARM
		{E5F5CEDA-211E-41F4-8A72-DEEABD9E2C66}.Ad-Hoc|ARM.Deploy.0 = Release|ARM
		{E5F5CEDA-211E-41F4-8A72-DEEABD9E2C66}.Ad-Hoc|iPhone.ActiveCfg = Release|x86
		{E5F5CEDA-211E-41F4-8A72-DEEABD9E2C66}.Ad-Hoc|iPhone.Build.0 = Release|x86
		{E5F5CEDA-211E-41F4-8A72-DEEABD9E2C66}.Ad-Hoc|iPhone.Deploy.0 = Release|x86
		{E5F5CEDA-211E-41F4-8A72-DEEABD9E2C66}.Ad-Hoc|iPhoneSimulator.ActiveCfg = Release|x86
		{E5F5CEDA-211E-41F4-8A72-DEEABD9E2C66}.Ad-Hoc|iPhoneSimulator.Build.0 = Release|x86
		{E5F5CEDA-211E-41F4-8A72-DEEABD9E2C66}.Ad-Hoc|iPhoneSimulator.Deploy.0 = Release|x86
		{E5F5CEDA-211E-41F4-8A72-DEEABD9E2C66}.Ad-Hoc|x64.ActiveCfg = Release|x64
		{E5F5CEDA-211E-41F4-8A72-DEEABD9E2C66}.Ad-Hoc|x64.Build.0 = Release|x64
		{E5F5CEDA-211E-41F4-8A72-DEEABD9E2C66}.Ad-Hoc|x64.Deploy.0 = Release|x64
		{E5F5CEDA-211E-41F4-8A72-DEEABD9E2C66}.Ad-Hoc|x86.ActiveCfg = Release|x86
		{E5F5CEDA-211E-41F4-8A72-DEEABD9E2C66}.Ad-Hoc|x86.Build.0 = Release|x86
		{E5F5CEDA-211E-41F4-8A72-DEEABD9E2C66}.Ad-Hoc|x86.Deploy.0 = Release|x86
		{E5F5CEDA-211E-41F4-8A72-DEEABD9E2C66}.AppStore|Any CPU.ActiveCfg = Release|x86
		{E5F5CEDA-211E-41F4-8A72-DEEABD9E2C66}.AppStore|Any CPU.Build.0 = Release|x86
		{E5F5CEDA-211E-41F4-8A72-DEEABD9E2C66}.AppStore|Any CPU.Deploy.0 = Release|x86
		{E5F5CEDA-211E-41F4-8A72-DEEABD9E2C66}.AppStore|ARM.ActiveCfg = Release|ARM
		{E5F5CEDA-211E-41F4-8A72-DEEABD9E2C66}.AppStore|ARM.Build.0 = Release|ARM
		{E5F5CEDA-211E-41F4-8A72-DEEABD9E2C66}.AppStore|ARM.Deploy.0 = Release|ARM
		{E5F5CEDA-211E-41F4-8A72-DEEABD9E2C66}.AppStore|iPhone.ActiveCfg = Release|x86
		{E5F5CEDA-211E-41F4-8A72-DEEABD9E2C66}.AppStore|iPhone.Build.0 = Release|x86
		{E5F5CEDA-211E-41F4-8A72-DEEABD9E2C66}.AppStore|iPhone.Deploy.0 = Release|x86
		{E5F5CEDA-211E-41F4-8A72-DEEABD9E2C66}.AppStore|iPhoneSimulator.ActiveCfg = Release|x86
		{E5F5CEDA-211E-41F4-8A72-DEEABD9E2C66}.AppStore|iPhoneSimulator.Build.0 = Release|x86
		{E5F5CEDA-211E-41F4-8A72-DEEABD9E2C66}.AppStore|iPhoneSimulator.Deploy.0 = Release|x86
		{E5F5CEDA-211E-41F4-8A72-DEEABD9E2C66}.AppStore|x64.ActiveCfg = Release|x64
		{E5F5CEDA-211E-41F4-8A72-DEEABD9E2C66}.AppStore|x64.Build.0 = Release|x64
		{E5F5CEDA-211E-41F4-8A72-DEEABD9E2C66}.AppStore|x64.Deploy.0 = Release|x64
		{E5F5CEDA-211E-41F4-8A72-DEEABD9E2C66}.AppStore|x86.ActiveCfg = Release|x86
		{E5F5CEDA-211E-41F4-8A72-DEEABD9E2C66}.AppStore|x86.Build.0 = Release|x86
		{E5F5CEDA-211E-41F4-8A72-DEEABD9E2C66}.AppStore|x86.Deploy.0 = Release|x86
		{E5F5CEDA-211E-41F4-8A72-DEEABD9E2C66}.Debug|Any CPU.ActiveCfg = Debug|x86
		{E5F5CEDA-211E-41F4-8A72-DEEABD9E2C66}.Debug|Any CPU.Build.0 = Debug|x86
		{E5F5CEDA-211E-41F4-8A72-DEEABD9E2C66}.Debug|Any CPU.Deploy.0 = Debug|x86
		{E5F5CEDA-211E-41F4-8A72-DEEABD9E2C66}.Debug|ARM.ActiveCfg = Debug|ARM
		{E5F5CEDA-211E-41F4-8A72-DEEABD9E2C66}.Debug|ARM.Build.0 = Debug|ARM
		{E5F5CEDA-211E-41F4-8A72-DEEABD9E2C66}.Debug|ARM.Deploy.0 = Debug|ARM
		{E5F5CEDA-211E-41F4-8A72-DEEABD9E2C66}.Debug|iPhone.ActiveCfg = Debug|x86
		{E5F5CEDA-211E-41F4-8A72-DEEABD9E2C66}.Debug|iPhoneSimulator.ActiveCfg = Debug|x86
		{E5F5CEDA-211E-41F4-8A72-DEEABD9E2C66}.Debug|iPhoneSimulator.Build.0 = Debug|x86
		{E5F5CEDA-211E-41F4-8A72-DEEABD9E2C66}.Debug|iPhoneSimulator.Deploy.0 = Debug|x86
		{E5F5CEDA-211E-41F4-8A72-DEEABD9E2C66}.Debug|x64.ActiveCfg = Debug|x64
		{E5F5CEDA-211E-41F4-8A72-DEEABD9E2C66}.Debug|x64.Build.0 = Debug|x64
		{E5F5CEDA-211E-41F4-8A72-DEEABD9E2C66}.Debug|x64.Deploy.0 = Debug|x64
		{E5F5CEDA-211E-41F4-8A72-DEEABD9E2C66}.Debug|x86.ActiveCfg = Debug|x86
		{E5F5CEDA-211E-41F4-8A72-DEEABD9E2C66}.Debug|x86.Build.0 = Debug|x86
		{E5F5CEDA-211E-41F4-8A72-DEEABD9E2C66}.Debug|x86.Deploy.0 = Debug|x86
		{E5F5CEDA-211E-41F4-8A72-DEEABD9E2C66}.GRAPECITY|Any CPU.ActiveCfg = Release|x86
		{E5F5CEDA-211E-41F4-8A72-DEEABD9E2C66}.GRAPECITY|Any CPU.Build.0 = Release|x86
		{E5F5CEDA-211E-41F4-8A72-DEEABD9E2C66}.GRAPECITY|Any CPU.Deploy.0 = Release|x86
		{E5F5CEDA-211E-41F4-8A72-DEEABD9E2C66}.GRAPECITY|ARM.ActiveCfg = Release|ARM
		{E5F5CEDA-211E-41F4-8A72-DEEABD9E2C66}.GRAPECITY|ARM.Build.0 = Release|ARM
		{E5F5CEDA-211E-41F4-8A72-DEEABD9E2C66}.GRAPECITY|ARM.Deploy.0 = Release|ARM
		{E5F5CEDA-211E-41F4-8A72-DEEABD9E2C66}.GRAPECITY|iPhone.ActiveCfg = Release|x86
		{E5F5CEDA-211E-41F4-8A72-DEEABD9E2C66}.GRAPECITY|iPhone.Build.0 = Release|x86
		{E5F5CEDA-211E-41F4-8A72-DEEABD9E2C66}.GRAPECITY|iPhone.Deploy.0 = Release|x86
		{E5F5CEDA-211E-41F4-8A72-DEEABD9E2C66}.GRAPECITY|iPhoneSimulator.ActiveCfg = Release|x86
		{E5F5CEDA-211E-41F4-8A72-DEEABD9E2C66}.GRAPECITY|iPhoneSimulator.Build.0 = Release|x86
		{E5F5CEDA-211E-41F4-8A72-DEEABD9E2C66}.GRAPECITY|iPhoneSimulator.Deploy.0 = Release|x86
		{E5F5CEDA-211E-41F4-8A72-DEEABD9E2C66}.GRAPECITY|x64.ActiveCfg = Release|x64
		{E5F5CEDA-211E-41F4-8A72-DEEABD9E2C66}.GRAPECITY|x64.Build.0 = Release|x64
		{E5F5CEDA-211E-41F4-8A72-DEEABD9E2C66}.GRAPECITY|x64.Deploy.0 = Release|x64
		{E5F5CEDA-211E-41F4-8A72-DEEABD9E2C66}.GRAPECITY|x86.ActiveCfg = Release|x86
		{E5F5CEDA-211E-41F4-8A72-DEEABD9E2C66}.GRAPECITY|x86.Build.0 = Release|x86
		{E5F5CEDA-211E-41F4-8A72-DEEABD9E2C66}.GRAPECITY|x86.Deploy.0 = Release|x86
		{E5F5CEDA-211E-41F4-8A72-DEEABD9E2C66}.Release|Any CPU.ActiveCfg = Release|x86
		{E5F5CEDA-211E-41F4-8A72-DEEABD9E2C66}.Release|ARM.ActiveCfg = Release|ARM
		{E5F5CEDA-211E-41F4-8A72-DEEABD9E2C66}.Release|ARM.Build.0 = Release|ARM
		{E5F5CEDA-211E-41F4-8A72-DEEABD9E2C66}.Release|ARM.Deploy.0 = Release|ARM
		{E5F5CEDA-211E-41F4-8A72-DEEABD9E2C66}.Release|iPhone.ActiveCfg = Release|x86
		{E5F5CEDA-211E-41F4-8A72-DEEABD9E2C66}.Release|iPhoneSimulator.ActiveCfg = Release|x86
		{E5F5CEDA-211E-41F4-8A72-DEEABD9E2C66}.Release|x64.ActiveCfg = Release|x64
		{E5F5CEDA-211E-41F4-8A72-DEEABD9E2C66}.Release|x64.Build.0 = Release|x64
		{E5F5CEDA-211E-41F4-8A72-DEEABD9E2C66}.Release|x64.Deploy.0 = Release|x64
		{E5F5CEDA-211E-41F4-8A72-DEEABD9E2C66}.Release|x86.ActiveCfg = Release|x86
		{E5F5CEDA-211E-41F4-8A72-DEEABD9E2C66}.Release|x86.Build.0 = Release|x86
		{E5F5CEDA-211E-41F4-8A72-DEEABD9E2C66}.Release|x86.Deploy.0 = Release|x86
		{79CCEAE6-5B79-49E0-B696-FFD3515C7CD6}.Ad-Hoc|Any CPU.ActiveCfg = Ad-Hoc|iPhone
		{79CCEAE6-5B79-49E0-B696-FFD3515C7CD6}.Ad-Hoc|ARM.ActiveCfg = Ad-Hoc|iPhone
		{79CCEAE6-5B79-49E0-B696-FFD3515C7CD6}.Ad-Hoc|iPhone.ActiveCfg = Ad-Hoc|iPhone
		{79CCEAE6-5B79-49E0-B696-FFD3515C7CD6}.Ad-Hoc|iPhone.Build.0 = Ad-Hoc|iPhone
		{79CCEAE6-5B79-49E0-B696-FFD3515C7CD6}.Ad-Hoc|iPhoneSimulator.ActiveCfg = Ad-Hoc|iPhoneSimulator
		{79CCEAE6-5B79-49E0-B696-FFD3515C7CD6}.Ad-Hoc|iPhoneSimulator.Build.0 = Ad-Hoc|iPhoneSimulator
		{79CCEAE6-5B79-49E0-B696-FFD3515C7CD6}.Ad-Hoc|x64.ActiveCfg = Ad-Hoc|iPhone
		{79CCEAE6-5B79-49E0-B696-FFD3515C7CD6}.Ad-Hoc|x86.ActiveCfg = Ad-Hoc|iPhone
		{79CCEAE6-5B79-49E0-B696-FFD3515C7CD6}.AppStore|Any CPU.ActiveCfg = AppStore|iPhone
		{79CCEAE6-5B79-49E0-B696-FFD3515C7CD6}.AppStore|ARM.ActiveCfg = AppStore|iPhone
		{79CCEAE6-5B79-49E0-B696-FFD3515C7CD6}.AppStore|iPhone.ActiveCfg = AppStore|iPhone
		{79CCEAE6-5B79-49E0-B696-FFD3515C7CD6}.AppStore|iPhone.Build.0 = AppStore|iPhone
		{79CCEAE6-5B79-49E0-B696-FFD3515C7CD6}.AppStore|iPhoneSimulator.ActiveCfg = AppStore|iPhoneSimulator
		{79CCEAE6-5B79-49E0-B696-FFD3515C7CD6}.AppStore|iPhoneSimulator.Build.0 = AppStore|iPhoneSimulator
		{79CCEAE6-5B79-49E0-B696-FFD3515C7CD6}.AppStore|x64.ActiveCfg = AppStore|iPhone
		{79CCEAE6-5B79-49E0-B696-FFD3515C7CD6}.AppStore|x86.ActiveCfg = AppStore|iPhone
		{79CCEAE6-5B79-49E0-B696-FFD3515C7CD6}.Debug|Any CPU.ActiveCfg = Debug|iPhone
		{79CCEAE6-5B79-49E0-B696-FFD3515C7CD6}.Debug|ARM.ActiveCfg = Debug|iPhone
		{79CCEAE6-5B79-49E0-B696-FFD3515C7CD6}.Debug|iPhone.ActiveCfg = Debug|iPhone
		{79CCEAE6-5B79-49E0-B696-FFD3515C7CD6}.Debug|iPhone.Build.0 = Debug|iPhone
		{79CCEAE6-5B79-49E0-B696-FFD3515C7CD6}.Debug|iPhoneSimulator.ActiveCfg = Debug|iPhoneSimulator
		{79CCEAE6-5B79-49E0-B696-FFD3515C7CD6}.Debug|iPhoneSimulator.Build.0 = Debug|iPhoneSimulator
		{79CCEAE6-5B79-49E0-B696-FFD3515C7CD6}.Debug|x64.ActiveCfg = Debug|iPhone
		{79CCEAE6-5B79-49E0-B696-FFD3515C7CD6}.Debug|x86.ActiveCfg = Debug|iPhone
		{79CCEAE6-5B79-49E0-B696-FFD3515C7CD6}.GRAPECITY|Any CPU.ActiveCfg = AppStore|iPhone
		{79CCEAE6-5B79-49E0-B696-FFD3515C7CD6}.GRAPECITY|Any CPU.Build.0 = AppStore|iPhone
		{79CCEAE6-5B79-49E0-B696-FFD3515C7CD6}.GRAPECITY|ARM.ActiveCfg = AppStore|iPhone
		{79CCEAE6-5B79-49E0-B696-FFD3515C7CD6}.GRAPECITY|ARM.Build.0 = AppStore|iPhone
		{79CCEAE6-5B79-49E0-B696-FFD3515C7CD6}.GRAPECITY|iPhone.ActiveCfg = AppStore|iPhone
		{79CCEAE6-5B79-49E0-B696-FFD3515C7CD6}.GRAPECITY|iPhone.Build.0 = AppStore|iPhone
		{79CCEAE6-5B79-49E0-B696-FFD3515C7CD6}.GRAPECITY|iPhoneSimulator.ActiveCfg = AppStore|iPhoneSimulator
		{79CCEAE6-5B79-49E0-B696-FFD3515C7CD6}.GRAPECITY|iPhoneSimulator.Build.0 = AppStore|iPhoneSimulator
		{79CCEAE6-5B79-49E0-B696-FFD3515C7CD6}.GRAPECITY|x64.ActiveCfg = AppStore|iPhone
		{79CCEAE6-5B79-49E0-B696-FFD3515C7CD6}.GRAPECITY|x64.Build.0 = AppStore|iPhone
		{79CCEAE6-5B79-49E0-B696-FFD3515C7CD6}.GRAPECITY|x86.ActiveCfg = AppStore|iPhone
		{79CCEAE6-5B79-49E0-B696-FFD3515C7CD6}.GRAPECITY|x86.Build.0 = AppStore|iPhone
		{79CCEAE6-5B79-49E0-B696-FFD3515C7CD6}.Release|Any CPU.ActiveCfg = Release|iPhone
		{79CCEAE6-5B79-49E0-B696-FFD3515C7CD6}.Release|ARM.ActiveCfg = Release|iPhone
		{79CCEAE6-5B79-49E0-B696-FFD3515C7CD6}.Release|iPhone.ActiveCfg = Release|iPhone
		{79CCEAE6-5B79-49E0-B696-FFD3515C7CD6}.Release|iPhone.Build.0 = Release|iPhone
		{79CCEAE6-5B79-49E0-B696-FFD3515C7CD6}.Release|iPhoneSimulator.ActiveCfg = Release|iPhoneSimulator
		{79CCEAE6-5B79-49E0-B696-FFD3515C7CD6}.Release|iPhoneSimulator.Build.0 = Release|iPhoneSimulator
		{79CCEAE6-5B79-49E0-B696-FFD3515C7CD6}.Release|x64.ActiveCfg = Release|iPhone
		{79CCEAE6-5B79-49E0-B696-FFD3515C7CD6}.Release|x86.ActiveCfg = Release|iPhone
	EndGlobalSection
	GlobalSection(SolutionProperties) = preSolution
		HideSolutionNode = FALSE
	EndGlobalSection
	GlobalSection(NestedProjects) = preSolution
	EndGlobalSection
	GlobalSection(ExtensibilityGlobals) = postSolution
		SolutionGuid = {A3A56091-081F-46F4-AD08-594F0A912839}
	EndGlobalSection
EndGlobal
