
Microsoft Visual Studio Solution File, Format Version 12.00
# Visual Studio 15
Project("{FAE04EC0-301F-11D3-BF4B-00C04F79EFBC}") = "MyBI.Android", "MyBI.Android\MyBI.Android.csproj", "{55CE4916-91FF-4F7F-B850-3B83306315D5}"
EndProject
Project("{FAE04EC0-301F-11D3-BF4B-00C04F79EFBC}") = "MyBI.iOS", "MyBI.iOS\MyBI.iOS.csproj", "{B0CBB70C-6626-45C1-BA2B-1975E4AB103F}"
EndProject
Project("{FAE04EC0-301F-11D3-BF4B-00C04F79EFBC}") = "MyBI.UWP", "MyBI.UWP\MyBI.UWP.csproj", "{42400AC7-45FB-40D3-89B4-3103924A2295}"
EndProject
Project("{9A19103F-16F7-4668-BE54-9A1E7A4F7556}") = "MyBI.XF", "MyBI.XF\MyBI.XF.csproj", "{8ADBE74E-0F83-45B8-8A50-188EB152591F}"
EndProject
Global
	GlobalSection(SolutionConfigurationPlatforms) = preSolution
		Debug|Any CPU = Debug|Any CPU
		Debug|ARM = Debug|ARM
		Debug|iPhone = Debug|iPhone
		Debug|iPhoneSimulator = Debug|iPhoneSimulator
		Debug|x64 = Debug|x64
		Debug|x86 = Debug|x86
		GRAPECITY|Any CPU = GRAPECITY|Any CPU
		GRAPECITY|ARM = GRAPECITY|ARM
		GRAPECITY|iPhone = GRAPECITY|iPhone
		GRAPECITY|iPhoneSimulator = GRAPECITY|iPhoneSimulator
		GRAPECITY|x64 = GRAPECITY|x64
		GRAPECITY|x86 = GRAPECITY|x86
		Release|Any CPU = Release|Any CPU
		Release|ARM = Release|ARM
		Release|iPhone = Release|iPhone
		Release|iPhoneSimulator = Release|iPhoneSimulator
		Release|x64 = Release|x64
		Release|x86 = Release|x86
	EndGlobalSection
	GlobalSection(ProjectConfigurationPlatforms) = postSolution
		{55CE4916-91FF-4F7F-B850-3B83306315D5}.Debug|Any CPU.ActiveCfg = Debug|Any CPU
		{55CE4916-91FF-4F7F-B850-3B83306315D5}.Debug|Any CPU.Build.0 = Debug|Any CPU
		{55CE4916-91FF-4F7F-B850-3B83306315D5}.Debug|Any CPU.Deploy.0 = Debug|Any CPU
		{55CE4916-91FF-4F7F-B850-3B83306315D5}.Debug|ARM.ActiveCfg = Debug|Any CPU
		{55CE4916-91FF-4F7F-B850-3B83306315D5}.Debug|ARM.Build.0 = Debug|Any CPU
		{55CE4916-91FF-4F7F-B850-3B83306315D5}.Debug|ARM.Deploy.0 = Debug|Any CPU
		{55CE4916-91FF-4F7F-B850-3B83306315D5}.Debug|iPhone.ActiveCfg = Debug|Any CPU
		{55CE4916-91FF-4F7F-B850-3B83306315D5}.Debug|iPhone.Build.0 = Debug|Any CPU
		{55CE4916-91FF-4F7F-B850-3B83306315D5}.Debug|iPhone.Deploy.0 = Debug|Any CPU
		{55CE4916-91FF-4F7F-B850-3B83306315D5}.Debug|iPhoneSimulator.ActiveCfg = Debug|Any CPU
		{55CE4916-91FF-4F7F-B850-3B83306315D5}.Debug|iPhoneSimulator.Build.0 = Debug|Any CPU
		{55CE4916-91FF-4F7F-B850-3B83306315D5}.Debug|iPhoneSimulator.Deploy.0 = Debug|Any CPU
		{55CE4916-91FF-4F7F-B850-3B83306315D5}.Debug|x64.ActiveCfg = Debug|Any CPU
		{55CE4916-91FF-4F7F-B850-3B83306315D5}.Debug|x64.Build.0 = Debug|Any CPU
		{55CE4916-91FF-4F7F-B850-3B83306315D5}.Debug|x64.Deploy.0 = Debug|Any CPU
		{55CE4916-91FF-4F7F-B850-3B83306315D5}.Debug|x86.ActiveCfg = Debug|Any CPU
		{55CE4916-91FF-4F7F-B850-3B83306315D5}.Debug|x86.Build.0 = Debug|Any CPU
		{55CE4916-91FF-4F7F-B850-3B83306315D5}.Debug|x86.Deploy.0 = Debug|Any CPU
		{55CE4916-91FF-4F7F-B850-3B83306315D5}.GRAPECITY|Any CPU.ActiveCfg = Release|Any CPU
		{55CE4916-91FF-4F7F-B850-3B83306315D5}.GRAPECITY|Any CPU.Build.0 = Release|Any CPU
		{55CE4916-91FF-4F7F-B850-3B83306315D5}.GRAPECITY|Any CPU.Deploy.0 = Release|Any CPU
		{55CE4916-91FF-4F7F-B850-3B83306315D5}.GRAPECITY|ARM.ActiveCfg = Release|Any CPU
		{55CE4916-91FF-4F7F-B850-3B83306315D5}.GRAPECITY|ARM.Build.0 = Release|Any CPU
		{55CE4916-91FF-4F7F-B850-3B83306315D5}.GRAPECITY|ARM.Deploy.0 = Release|Any CPU
		{55CE4916-91FF-4F7F-B850-3B83306315D5}.GRAPECITY|iPhone.ActiveCfg = Release|Any CPU
		{55CE4916-91FF-4F7F-B850-3B83306315D5}.GRAPECITY|iPhone.Build.0 = Release|Any CPU
		{55CE4916-91FF-4F7F-B850-3B83306315D5}.GRAPECITY|iPhone.Deploy.0 = Release|Any CPU
		{55CE4916-91FF-4F7F-B850-3B83306315D5}.GRAPECITY|iPhoneSimulator.ActiveCfg = Release|Any CPU
		{55CE4916-91FF-4F7F-B850-3B83306315D5}.GRAPECITY|iPhoneSimulator.Build.0 = Release|Any CPU
		{55CE4916-91FF-4F7F-B850-3B83306315D5}.GRAPECITY|iPhoneSimulator.Deploy.0 = Release|Any CPU
		{55CE4916-91FF-4F7F-B850-3B83306315D5}.GRAPECITY|x64.ActiveCfg = Release|Any CPU
		{55CE4916-91FF-4F7F-B850-3B83306315D5}.GRAPECITY|x64.Build.0 = Release|Any CPU
		{55CE4916-91FF-4F7F-B850-3B83306315D5}.GRAPECITY|x64.Deploy.0 = Release|Any CPU
		{55CE4916-91FF-4F7F-B850-3B83306315D5}.GRAPECITY|x86.ActiveCfg = Release|Any CPU
		{55CE4916-91FF-4F7F-B850-3B83306315D5}.GRAPECITY|x86.Build.0 = Release|Any CPU
		{55CE4916-91FF-4F7F-B850-3B83306315D5}.GRAPECITY|x86.Deploy.0 = Release|Any CPU
		{55CE4916-91FF-4F7F-B850-3B83306315D5}.Release|Any CPU.ActiveCfg = Release|Any CPU
		{55CE4916-91FF-4F7F-B850-3B83306315D5}.Release|Any CPU.Build.0 = Release|Any CPU
		{55CE4916-91FF-4F7F-B850-3B83306315D5}.Release|Any CPU.Deploy.0 = Release|Any CPU
		{55CE4916-91FF-4F7F-B850-3B83306315D5}.Release|ARM.ActiveCfg = Release|Any CPU
		{55CE4916-91FF-4F7F-B850-3B83306315D5}.Release|ARM.Build.0 = Release|Any CPU
		{55CE4916-91FF-4F7F-B850-3B83306315D5}.Release|ARM.Deploy.0 = Release|Any CPU
		{55CE4916-91FF-4F7F-B850-3B83306315D5}.Release|iPhone.ActiveCfg = Release|Any CPU
		{55CE4916-91FF-4F7F-B850-3B83306315D5}.Release|iPhone.Build.0 = Release|Any CPU
		{55CE4916-91FF-4F7F-B850-3B83306315D5}.Release|iPhone.Deploy.0 = Release|Any CPU
		{55CE4916-91FF-4F7F-B850-3B83306315D5}.Release|iPhoneSimulator.ActiveCfg = Release|Any CPU
		{55CE4916-91FF-4F7F-B850-3B83306315D5}.Release|iPhoneSimulator.Build.0 = Release|Any CPU
		{55CE4916-91FF-4F7F-B850-3B83306315D5}.Release|iPhoneSimulator.Deploy.0 = Release|Any CPU
		{55CE4916-91FF-4F7F-B850-3B83306315D5}.Release|x64.ActiveCfg = Release|Any CPU
		{55CE4916-91FF-4F7F-B850-3B83306315D5}.Release|x64.Build.0 = Release|Any CPU
		{55CE4916-91FF-4F7F-B850-3B83306315D5}.Release|x64.Deploy.0 = Release|Any CPU
		{55CE4916-91FF-4F7F-B850-3B83306315D5}.Release|x86.ActiveCfg = Release|Any CPU
		{55CE4916-91FF-4F7F-B850-3B83306315D5}.Release|x86.Build.0 = Release|Any CPU
		{55CE4916-91FF-4F7F-B850-3B83306315D5}.Release|x86.Deploy.0 = Release|Any CPU
		{B0CBB70C-6626-45C1-BA2B-1975E4AB103F}.Debug|Any CPU.ActiveCfg = Debug|iPhoneSimulator
		{B0CBB70C-6626-45C1-BA2B-1975E4AB103F}.Debug|Any CPU.Deploy.0 = Debug|iPhoneSimulator
		{B0CBB70C-6626-45C1-BA2B-1975E4AB103F}.Debug|ARM.ActiveCfg = Debug|iPhone
		{B0CBB70C-6626-45C1-BA2B-1975E4AB103F}.Debug|ARM.Build.0 = Debug|iPhone
		{B0CBB70C-6626-45C1-BA2B-1975E4AB103F}.Debug|ARM.Deploy.0 = Debug|iPhone
		{B0CBB70C-6626-45C1-BA2B-1975E4AB103F}.Debug|iPhone.ActiveCfg = Debug|iPhone
		{B0CBB70C-6626-45C1-BA2B-1975E4AB103F}.Debug|iPhone.Build.0 = Debug|iPhone
		{B0CBB70C-6626-45C1-BA2B-1975E4AB103F}.Debug|iPhone.Deploy.0 = Debug|iPhone
		{B0CBB70C-6626-45C1-BA2B-1975E4AB103F}.Debug|iPhoneSimulator.ActiveCfg = Debug|iPhoneSimulator
		{B0CBB70C-6626-45C1-BA2B-1975E4AB103F}.Debug|iPhoneSimulator.Build.0 = Debug|iPhoneSimulator
		{B0CBB70C-6626-45C1-BA2B-1975E4AB103F}.Debug|iPhoneSimulator.Deploy.0 = Debug|iPhoneSimulator
		{B0CBB70C-6626-45C1-BA2B-1975E4AB103F}.Debug|x64.ActiveCfg = Debug|iPhone
		{B0CBB70C-6626-45C1-BA2B-1975E4AB103F}.Debug|x64.Build.0 = Debug|iPhone
		{B0CBB70C-6626-45C1-BA2B-1975E4AB103F}.Debug|x64.Deploy.0 = Debug|iPhone
		{B0CBB70C-6626-45C1-BA2B-1975E4AB103F}.Debug|x86.ActiveCfg = Debug|iPhone
		{B0CBB70C-6626-45C1-BA2B-1975E4AB103F}.Debug|x86.Build.0 = Debug|iPhone
		{B0CBB70C-6626-45C1-BA2B-1975E4AB103F}.Debug|x86.Deploy.0 = Debug|iPhone
		{B0CBB70C-6626-45C1-BA2B-1975E4AB103F}.GRAPECITY|Any CPU.ActiveCfg = AppStore|iPhone
		{B0CBB70C-6626-45C1-BA2B-1975E4AB103F}.GRAPECITY|Any CPU.Build.0 = AppStore|iPhone
		{B0CBB70C-6626-45C1-BA2B-1975E4AB103F}.GRAPECITY|ARM.ActiveCfg = AppStore|iPhone
		{B0CBB70C-6626-45C1-BA2B-1975E4AB103F}.GRAPECITY|ARM.Build.0 = AppStore|iPhone
		{B0CBB70C-6626-45C1-BA2B-1975E4AB103F}.GRAPECITY|iPhone.ActiveCfg = AppStore|iPhone
		{B0CBB70C-6626-45C1-BA2B-1975E4AB103F}.GRAPECITY|iPhone.Build.0 = AppStore|iPhone
		{B0CBB70C-6626-45C1-BA2B-1975E4AB103F}.GRAPECITY|iPhoneSimulator.ActiveCfg = AppStore|iPhoneSimulator
		{B0CBB70C-6626-45C1-BA2B-1975E4AB103F}.GRAPECITY|iPhoneSimulator.Build.0 = AppStore|iPhoneSimulator
		{B0CBB70C-6626-45C1-BA2B-1975E4AB103F}.GRAPECITY|x64.ActiveCfg = AppStore|iPhone
		{B0CBB70C-6626-45C1-BA2B-1975E4AB103F}.GRAPECITY|x64.Build.0 = AppStore|iPhone
		{B0CBB70C-6626-45C1-BA2B-1975E4AB103F}.GRAPECITY|x86.ActiveCfg = AppStore|iPhone
		{B0CBB70C-6626-45C1-BA2B-1975E4AB103F}.GRAPECITY|x86.Build.0 = AppStore|iPhone
		{B0CBB70C-6626-45C1-BA2B-1975E4AB103F}.Release|Any CPU.ActiveCfg = Release|iPhone
		{B0CBB70C-6626-45C1-BA2B-1975E4AB103F}.Release|Any CPU.Build.0 = Release|iPhone
		{B0CBB70C-6626-45C1-BA2B-1975E4AB103F}.Release|Any CPU.Deploy.0 = Release|iPhone
		{B0CBB70C-6626-45C1-BA2B-1975E4AB103F}.Release|ARM.ActiveCfg = Release|iPhone
		{B0CBB70C-6626-45C1-BA2B-1975E4AB103F}.Release|ARM.Build.0 = Release|iPhone
		{B0CBB70C-6626-45C1-BA2B-1975E4AB103F}.Release|ARM.Deploy.0 = Release|iPhone
		{B0CBB70C-6626-45C1-BA2B-1975E4AB103F}.Release|iPhone.ActiveCfg = Release|iPhone
		{B0CBB70C-6626-45C1-BA2B-1975E4AB103F}.Release|iPhone.Build.0 = Release|iPhone
		{B0CBB70C-6626-45C1-BA2B-1975E4AB103F}.Release|iPhone.Deploy.0 = Release|iPhone
		{B0CBB70C-6626-45C1-BA2B-1975E4AB103F}.Release|iPhoneSimulator.ActiveCfg = Release|iPhoneSimulator
		{B0CBB70C-6626-45C1-BA2B-1975E4AB103F}.Release|iPhoneSimulator.Build.0 = Release|iPhoneSimulator
		{B0CBB70C-6626-45C1-BA2B-1975E4AB103F}.Release|iPhoneSimulator.Deploy.0 = Release|iPhoneSimulator
		{B0CBB70C-6626-45C1-BA2B-1975E4AB103F}.Release|x64.ActiveCfg = Release|iPhone
		{B0CBB70C-6626-45C1-BA2B-1975E4AB103F}.Release|x64.Build.0 = Release|iPhone
		{B0CBB70C-6626-45C1-BA2B-1975E4AB103F}.Release|x64.Deploy.0 = Release|iPhone
		{B0CBB70C-6626-45C1-BA2B-1975E4AB103F}.Release|x86.ActiveCfg = Release|iPhone
		{B0CBB70C-6626-45C1-BA2B-1975E4AB103F}.Release|x86.Build.0 = Release|iPhone
		{B0CBB70C-6626-45C1-BA2B-1975E4AB103F}.Release|x86.Deploy.0 = Release|iPhone
		{42400AC7-45FB-40D3-89B4-3103924A2295}.Debug|Any CPU.ActiveCfg = Debug|x86
		{42400AC7-45FB-40D3-89B4-3103924A2295}.Debug|Any CPU.Build.0 = Debug|x86
		{42400AC7-45FB-40D3-89B4-3103924A2295}.Debug|Any CPU.Deploy.0 = Debug|x86
		{42400AC7-45FB-40D3-89B4-3103924A2295}.Debug|ARM.ActiveCfg = Debug|ARM
		{42400AC7-45FB-40D3-89B4-3103924A2295}.Debug|ARM.Build.0 = Debug|ARM
		{42400AC7-45FB-40D3-89B4-3103924A2295}.Debug|ARM.Deploy.0 = Debug|ARM
		{42400AC7-45FB-40D3-89B4-3103924A2295}.Debug|iPhone.ActiveCfg = Debug|x86
		{42400AC7-45FB-40D3-89B4-3103924A2295}.Debug|iPhone.Build.0 = Debug|x86
		{42400AC7-45FB-40D3-89B4-3103924A2295}.Debug|iPhone.Deploy.0 = Debug|x86
		{42400AC7-45FB-40D3-89B4-3103924A2295}.Debug|iPhoneSimulator.ActiveCfg = Debug|x86
		{42400AC7-45FB-40D3-89B4-3103924A2295}.Debug|iPhoneSimulator.Build.0 = Debug|x86
		{42400AC7-45FB-40D3-89B4-3103924A2295}.Debug|iPhoneSimulator.Deploy.0 = Debug|x86
		{42400AC7-45FB-40D3-89B4-3103924A2295}.Debug|x64.ActiveCfg = Debug|x64
		{42400AC7-45FB-40D3-89B4-3103924A2295}.Debug|x64.Build.0 = Debug|x64
		{42400AC7-45FB-40D3-89B4-3103924A2295}.Debug|x64.Deploy.0 = Debug|x64
		{42400AC7-45FB-40D3-89B4-3103924A2295}.Debug|x86.ActiveCfg = Debug|x86
		{42400AC7-45FB-40D3-89B4-3103924A2295}.Debug|x86.Build.0 = Debug|x86
		{42400AC7-45FB-40D3-89B4-3103924A2295}.Debug|x86.Deploy.0 = Debug|x86
		{42400AC7-45FB-40D3-89B4-3103924A2295}.GRAPECITY|Any CPU.ActiveCfg = Release|x64
		{42400AC7-45FB-40D3-89B4-3103924A2295}.GRAPECITY|Any CPU.Build.0 = Release|x64
		{42400AC7-45FB-40D3-89B4-3103924A2295}.GRAPECITY|Any CPU.Deploy.0 = Release|x64
		{42400AC7-45FB-40D3-89B4-3103924A2295}.GRAPECITY|ARM.ActiveCfg = Release|ARM
		{42400AC7-45FB-40D3-89B4-3103924A2295}.GRAPECITY|ARM.Build.0 = Release|ARM
		{42400AC7-45FB-40D3-89B4-3103924A2295}.GRAPECITY|ARM.Deploy.0 = Release|ARM
		{42400AC7-45FB-40D3-89B4-3103924A2295}.GRAPECITY|iPhone.ActiveCfg = Release|x64
		{42400AC7-45FB-40D3-89B4-3103924A2295}.GRAPECITY|iPhone.Build.0 = Release|x64
		{42400AC7-45FB-40D3-89B4-3103924A2295}.GRAPECITY|iPhone.Deploy.0 = Release|x64
		{42400AC7-45FB-40D3-89B4-3103924A2295}.GRAPECITY|iPhoneSimulator.ActiveCfg = Release|x64
		{42400AC7-45FB-40D3-89B4-3103924A2295}.GRAPECITY|iPhoneSimulator.Build.0 = Release|x64
		{42400AC7-45FB-40D3-89B4-3103924A2295}.GRAPECITY|iPhoneSimulator.Deploy.0 = Release|x64
		{42400AC7-45FB-40D3-89B4-3103924A2295}.GRAPECITY|x64.ActiveCfg = Release|x64
		{42400AC7-45FB-40D3-89B4-3103924A2295}.GRAPECITY|x64.Build.0 = Release|x64
		{42400AC7-45FB-40D3-89B4-3103924A2295}.GRAPECITY|x64.Deploy.0 = Release|x64
		{42400AC7-45FB-40D3-89B4-3103924A2295}.GRAPECITY|x86.ActiveCfg = Release|x86
		{42400AC7-45FB-40D3-89B4-3103924A2295}.GRAPECITY|x86.Build.0 = Release|x86
		{42400AC7-45FB-40D3-89B4-3103924A2295}.GRAPECITY|x86.Deploy.0 = Release|x86
		{42400AC7-45FB-40D3-89B4-3103924A2295}.Release|Any CPU.ActiveCfg = Release|x86
		{42400AC7-45FB-40D3-89B4-3103924A2295}.Release|Any CPU.Build.0 = Release|x86
		{42400AC7-45FB-40D3-89B4-3103924A2295}.Release|Any CPU.Deploy.0 = Release|x86
		{42400AC7-45FB-40D3-89B4-3103924A2295}.Release|ARM.ActiveCfg = Release|ARM
		{42400AC7-45FB-40D3-89B4-3103924A2295}.Release|ARM.Build.0 = Release|ARM
		{42400AC7-45FB-40D3-89B4-3103924A2295}.Release|ARM.Deploy.0 = Release|ARM
		{42400AC7-45FB-40D3-89B4-3103924A2295}.Release|iPhone.ActiveCfg = Release|x86
		{42400AC7-45FB-40D3-89B4-3103924A2295}.Release|iPhone.Build.0 = Release|x86
		{42400AC7-45FB-40D3-89B4-3103924A2295}.Release|iPhone.Deploy.0 = Release|x86
		{42400AC7-45FB-40D3-89B4-3103924A2295}.Release|iPhoneSimulator.ActiveCfg = Release|x86
		{42400AC7-45FB-40D3-89B4-3103924A2295}.Release|iPhoneSimulator.Build.0 = Release|x86
		{42400AC7-45FB-40D3-89B4-3103924A2295}.Release|iPhoneSimulator.Deploy.0 = Release|x86
		{42400AC7-45FB-40D3-89B4-3103924A2295}.Release|x64.ActiveCfg = Release|x64
		{42400AC7-45FB-40D3-89B4-3103924A2295}.Release|x64.Build.0 = Release|x64
		{42400AC7-45FB-40D3-89B4-3103924A2295}.Release|x64.Deploy.0 = Release|x64
		{42400AC7-45FB-40D3-89B4-3103924A2295}.Release|x86.ActiveCfg = Release|x86
		{42400AC7-45FB-40D3-89B4-3103924A2295}.Release|x86.Build.0 = Release|x86
		{42400AC7-45FB-40D3-89B4-3103924A2295}.Release|x86.Deploy.0 = Release|x86
		{8ADBE74E-0F83-45B8-8A50-188EB152591F}.Debug|Any CPU.ActiveCfg = Debug|Any CPU
		{8ADBE74E-0F83-45B8-8A50-188EB152591F}.Debug|Any CPU.Build.0 = Debug|Any CPU
		{8ADBE74E-0F83-45B8-8A50-188EB152591F}.Debug|Any CPU.Deploy.0 = Debug|Any CPU
		{8ADBE74E-0F83-45B8-8A50-188EB152591F}.Debug|ARM.ActiveCfg = Debug|Any CPU
		{8ADBE74E-0F83-45B8-8A50-188EB152591F}.Debug|ARM.Build.0 = Debug|Any CPU
		{8ADBE74E-0F83-45B8-8A50-188EB152591F}.Debug|ARM.Deploy.0 = Debug|Any CPU
		{8ADBE74E-0F83-45B8-8A50-188EB152591F}.Debug|iPhone.ActiveCfg = Debug|Any CPU
		{8ADBE74E-0F83-45B8-8A50-188EB152591F}.Debug|iPhone.Build.0 = Debug|Any CPU
		{8ADBE74E-0F83-45B8-8A50-188EB152591F}.Debug|iPhone.Deploy.0 = Debug|Any CPU
		{8ADBE74E-0F83-45B8-8A50-188EB152591F}.Debug|iPhoneSimulator.ActiveCfg = Debug|Any CPU
		{8ADBE74E-0F83-45B8-8A50-188EB152591F}.Debug|iPhoneSimulator.Build.0 = Debug|Any CPU
		{8ADBE74E-0F83-45B8-8A50-188EB152591F}.Debug|iPhoneSimulator.Deploy.0 = Debug|Any CPU
		{8ADBE74E-0F83-45B8-8A50-188EB152591F}.Debug|x64.ActiveCfg = Debug|Any CPU
		{8ADBE74E-0F83-45B8-8A50-188EB152591F}.Debug|x64.Build.0 = Debug|Any CPU
		{8ADBE74E-0F83-45B8-8A50-188EB152591F}.Debug|x64.Deploy.0 = Debug|Any CPU
		{8ADBE74E-0F83-45B8-8A50-188EB152591F}.Debug|x86.ActiveCfg = Debug|Any CPU
		{8ADBE74E-0F83-45B8-8A50-188EB152591F}.Debug|x86.Build.0 = Debug|Any CPU
		{8ADBE74E-0F83-45B8-8A50-188EB152591F}.Debug|x86.Deploy.0 = Debug|Any CPU
		{8ADBE74E-0F83-45B8-8A50-188EB152591F}.GRAPECITY|Any CPU.ActiveCfg = Release|Any CPU
		{8ADBE74E-0F83-45B8-8A50-188EB152591F}.GRAPECITY|Any CPU.Build.0 = Release|Any CPU
		{8ADBE74E-0F83-45B8-8A50-188EB152591F}.GRAPECITY|ARM.ActiveCfg = Release|Any CPU
		{8ADBE74E-0F83-45B8-8A50-188EB152591F}.GRAPECITY|ARM.Build.0 = Release|Any CPU
		{8ADBE74E-0F83-45B8-8A50-188EB152591F}.GRAPECITY|iPhone.ActiveCfg = Release|Any CPU
		{8ADBE74E-0F83-45B8-8A50-188EB152591F}.GRAPECITY|iPhone.Build.0 = Release|Any CPU
		{8ADBE74E-0F83-45B8-8A50-188EB152591F}.GRAPECITY|iPhoneSimulator.ActiveCfg = Release|Any CPU
		{8ADBE74E-0F83-45B8-8A50-188EB152591F}.GRAPECITY|iPhoneSimulator.Build.0 = Release|Any CPU
		{8ADBE74E-0F83-45B8-8A50-188EB152591F}.GRAPECITY|x64.ActiveCfg = Release|Any CPU
		{8ADBE74E-0F83-45B8-8A50-188EB152591F}.GRAPECITY|x64.Build.0 = Release|Any CPU
		{8ADBE74E-0F83-45B8-8A50-188EB152591F}.GRAPECITY|x86.ActiveCfg = Release|Any CPU
		{8ADBE74E-0F83-45B8-8A50-188EB152591F}.GRAPECITY|x86.Build.0 = Release|Any CPU
		{8ADBE74E-0F83-45B8-8A50-188EB152591F}.Release|Any CPU.ActiveCfg = Release|Any CPU
		{8ADBE74E-0F83-45B8-8A50-188EB152591F}.Release|Any CPU.Build.0 = Release|Any CPU
		{8ADBE74E-0F83-45B8-8A50-188EB152591F}.Release|Any CPU.Deploy.0 = Release|Any CPU
		{8ADBE74E-0F83-45B8-8A50-188EB152591F}.Release|ARM.ActiveCfg = Release|Any CPU
		{8ADBE74E-0F83-45B8-8A50-188EB152591F}.Release|ARM.Build.0 = Release|Any CPU
		{8ADBE74E-0F83-45B8-8A50-188EB152591F}.Release|ARM.Deploy.0 = Release|Any CPU
		{8ADBE74E-0F83-45B8-8A50-188EB152591F}.Release|iPhone.ActiveCfg = Release|Any CPU
		{8ADBE74E-0F83-45B8-8A50-188EB152591F}.Release|iPhone.Build.0 = Release|Any CPU
		{8ADBE74E-0F83-45B8-8A50-188EB152591F}.Release|iPhone.Deploy.0 = Release|Any CPU
		{8ADBE74E-0F83-45B8-8A50-188EB152591F}.Release|iPhoneSimulator.ActiveCfg = Release|Any CPU
		{8ADBE74E-0F83-45B8-8A50-188EB152591F}.Release|iPhoneSimulator.Build.0 = Release|Any CPU
		{8ADBE74E-0F83-45B8-8A50-188EB152591F}.Release|iPhoneSimulator.Deploy.0 = Release|Any CPU
		{8ADBE74E-0F83-45B8-8A50-188EB152591F}.Release|x64.ActiveCfg = Release|Any CPU
		{8ADBE74E-0F83-45B8-8A50-188EB152591F}.Release|x64.Build.0 = Release|Any CPU
		{8ADBE74E-0F83-45B8-8A50-188EB152591F}.Release|x64.Deploy.0 = Release|Any CPU
		{8ADBE74E-0F83-45B8-8A50-188EB152591F}.Release|x86.ActiveCfg = Release|Any CPU
		{8ADBE74E-0F83-45B8-8A50-188EB152591F}.Release|x86.Build.0 = Release|Any CPU
		{8ADBE74E-0F83-45B8-8A50-188EB152591F}.Release|x86.Deploy.0 = Release|Any CPU
	EndGlobalSection
	GlobalSection(SolutionProperties) = preSolution
		HideSolutionNode = FALSE
	EndGlobalSection
	GlobalSection(NestedProjects) = preSolution
	EndGlobalSection
	GlobalSection(ExtensibilityGlobals) = postSolution
		SolutionGuid = {27A6A825-BD94-4EE9-8D90-9066B845DF31}
	EndGlobalSection
EndGlobal
