
Microsoft Visual Studio Solution File, Format Version 12.00
# Visual Studio 14
Project("{FAE04EC0-301F-11D3-BF4B-00C04F79EFBC}") = "C1Calendar101", "C1Calendar101\C1Calendar101.csproj", "{1C331872-CFAD-462A-A9FE-33100FDB6E36}"
EndProject
Global
	GlobalSection(SolutionConfigurationPlatforms) = preSolution
		AppStore|Any CPU = AppStore|Any CPU
		AppStore|iPhone = AppStore|iPhone
		AppStore|iPhoneSimulator = AppStore|iPhoneSimulator
		Debug|Any CPU = Debug|Any CPU
		Debug|iPhone = Debug|iPhone
		Debug|iPhoneSimulator = Debug|iPhoneSimulator
		Release|Any CPU = Release|Any CPU
		Release|iPhone = Release|iPhone
		Release|iPhoneSimulator = Release|iPhoneSimulator
	EndGlobalSection
	GlobalSection(ProjectConfigurationPlatforms) = postSolution
		{1C331872-CFAD-462A-A9FE-33100FDB6E36}.AppStore|Any CPU.ActiveCfg = Release|iPhone
		{1C331872-CFAD-462A-A9FE-33100FDB6E36}.AppStore|Any CPU.Build.0 = Release|iPhone
		{1C331872-CFAD-462A-A9FE-33100FDB6E36}.AppStore|iPhone.ActiveCfg = Release|iPhone
		{1C331872-CFAD-462A-A9FE-33100FDB6E36}.AppStore|iPhone.Build.0 = Release|iPhone
		{1C331872-CFAD-462A-A9FE-33100FDB6E36}.AppStore|iPhoneSimulator.ActiveCfg = Release|iPhoneSimulator
		{1C331872-CFAD-462A-A9FE-33100FDB6E36}.AppStore|iPhoneSimulator.Build.0 = Release|iPhoneSimulator
		{1C331872-CFAD-462A-A9FE-33100FDB6E36}.Debug|Any CPU.ActiveCfg = Debug|iPhoneSimulator
		{1C331872-CFAD-462A-A9FE-33100FDB6E36}.Debug|iPhone.ActiveCfg = Debug|iPhone
		{1C331872-CFAD-462A-A9FE-33100FDB6E36}.Debug|iPhone.Build.0 = Debug|iPhone
		{1C331872-CFAD-462A-A9FE-33100FDB6E36}.Debug|iPhoneSimulator.ActiveCfg = Debug|iPhoneSimulator
		{1C331872-CFAD-462A-A9FE-33100FDB6E36}.Debug|iPhoneSimulator.Build.0 = Debug|iPhoneSimulator
		{1C331872-CFAD-462A-A9FE-33100FDB6E36}.Release|Any CPU.ActiveCfg = Release|iPhoneSimulator
		{1C331872-CFAD-462A-A9FE-33100FDB6E36}.Release|iPhone.ActiveCfg = Release|iPhone
		{1C331872-CFAD-462A-A9FE-33100FDB6E36}.Release|iPhone.Build.0 = Release|iPhone
		{1C331872-CFAD-462A-A9FE-33100FDB6E36}.Release|iPhoneSimulator.ActiveCfg = Release|iPhoneSimulator
		{1C331872-CFAD-462A-A9FE-33100FDB6E36}.Release|iPhoneSimulator.Build.0 = Release|iPhoneSimulator
	EndGlobalSection
	GlobalSection(SolutionProperties) = preSolution
		HideSolutionNode = FALSE
	EndGlobalSection
	EndGlobal
