
Microsoft Visual Studio Solution File, Format Version 12.00
# Visual Studio Version 16
Project("{9A19103F-16F7-4668-BE54-9A1E7A4F7556}") = "SimpleDashboard.XF", "SimpleDashboard.XF\SimpleDashboard.XF.csproj", "{F7DFECA8-53F5-411D-BA61-6DADC46E5F26}"
EndProject
Project("{FAE04EC0-301F-11D3-BF4B-00C04F79EFBC}") = "SimpleDashboard.Android", "SimpleDashboard.Android\SimpleDashboard.Android.csproj", "{6CF5EBC4-5C6A-4B73-A2AA-7C8183B0F113}"
EndProject
Project("{FAE04EC0-301F-11D3-BF4B-00C04F79EFBC}") = "SimpleDashboard.UWP", "SimpleDashboard.UWP\SimpleDashboard.UWP.csproj", "{2DACF8FD-3DE0-476E-8FEE-82FF75480D9F}"
EndProject
Project("{FAE04EC0-301F-11D3-BF4B-00C04F79EFBC}") = "SimpleDashboard.iOS", "SimpleDashboard.iOS\SimpleDashboard.iOS.csproj", "{2ED2EAC0-3C8D-4D4C-A853-F4D0637C1C12}"
EndProject
Global
	GlobalSection(SolutionConfigurationPlatforms) = preSolution
		Debug|Any CPU = Debug|Any CPU
		Debug|ARM = Debug|ARM
		Debug|iPhone = Debug|iPhone
		Debug|iPhoneSimulator = Debug|iPhoneSimulator
		Debug|x64 = Debug|x64
		Debug|x86 = Debug|x86
		GRAPECITY|Any CPU = GRAPECITY|Any CPU
		GRAPECITY|ARM = GRAPECITY|ARM
		GRAPECITY|iPhone = GRAPECITY|iPhone
		GRAPECITY|iPhoneSimulator = GRAPECITY|iPhoneSimulator
		GRAPECITY|x64 = GRAPECITY|x64
		GRAPECITY|x86 = GRAPECITY|x86
		Release|Any CPU = Release|Any CPU
		Release|ARM = Release|ARM
		Release|iPhone = Release|iPhone
		Release|iPhoneSimulator = Release|iPhoneSimulator
		Release|x64 = Release|x64
		Release|x86 = Release|x86
	EndGlobalSection
	GlobalSection(ProjectConfigurationPlatforms) = postSolution
		{F7DFECA8-53F5-411D-BA61-6DADC46E5F26}.Debug|Any CPU.ActiveCfg = Debug|Any CPU
		{F7DFECA8-53F5-411D-BA61-6DADC46E5F26}.Debug|Any CPU.Build.0 = Debug|Any CPU
		{F7DFECA8-53F5-411D-BA61-6DADC46E5F26}.Debug|ARM.ActiveCfg = Debug|Any CPU
		{F7DFECA8-53F5-411D-BA61-6DADC46E5F26}.Debug|ARM.Build.0 = Debug|Any CPU
		{F7DFECA8-53F5-411D-BA61-6DADC46E5F26}.Debug|iPhone.ActiveCfg = Debug|Any CPU
		{F7DFECA8-53F5-411D-BA61-6DADC46E5F26}.Debug|iPhone.Build.0 = Debug|Any CPU
		{F7DFECA8-53F5-411D-BA61-6DADC46E5F26}.Debug|iPhoneSimulator.ActiveCfg = Debug|Any CPU
		{F7DFECA8-53F5-411D-BA61-6DADC46E5F26}.Debug|iPhoneSimulator.Build.0 = Debug|Any CPU
		{F7DFECA8-53F5-411D-BA61-6DADC46E5F26}.Debug|x64.ActiveCfg = Debug|Any CPU
		{F7DFECA8-53F5-411D-BA61-6DADC46E5F26}.Debug|x64.Build.0 = Debug|Any CPU
		{F7DFECA8-53F5-411D-BA61-6DADC46E5F26}.Debug|x86.ActiveCfg = Debug|Any CPU
		{F7DFECA8-53F5-411D-BA61-6DADC46E5F26}.Debug|x86.Build.0 = Debug|Any CPU
		{F7DFECA8-53F5-411D-BA61-6DADC46E5F26}.GRAPECITY|Any CPU.ActiveCfg = Release|Any CPU
		{F7DFECA8-53F5-411D-BA61-6DADC46E5F26}.GRAPECITY|Any CPU.Build.0 = Release|Any CPU
		{F7DFECA8-53F5-411D-BA61-6DADC46E5F26}.GRAPECITY|ARM.ActiveCfg = Release|Any CPU
		{F7DFECA8-53F5-411D-BA61-6DADC46E5F26}.GRAPECITY|ARM.Build.0 = Release|Any CPU
		{F7DFECA8-53F5-411D-BA61-6DADC46E5F26}.GRAPECITY|iPhone.ActiveCfg = Release|Any CPU
		{F7DFECA8-53F5-411D-BA61-6DADC46E5F26}.GRAPECITY|iPhone.Build.0 = Release|Any CPU
		{F7DFECA8-53F5-411D-BA61-6DADC46E5F26}.GRAPECITY|iPhoneSimulator.ActiveCfg = Release|Any CPU
		{F7DFECA8-53F5-411D-BA61-6DADC46E5F26}.GRAPECITY|iPhoneSimulator.Build.0 = Release|Any CPU
		{F7DFECA8-53F5-411D-BA61-6DADC46E5F26}.GRAPECITY|x64.ActiveCfg = Release|Any CPU
		{F7DFECA8-53F5-411D-BA61-6DADC46E5F26}.GRAPECITY|x64.Build.0 = Release|Any CPU
		{F7DFECA8-53F5-411D-BA61-6DADC46E5F26}.GRAPECITY|x86.ActiveCfg = Release|Any CPU
		{F7DFECA8-53F5-411D-BA61-6DADC46E5F26}.GRAPECITY|x86.Build.0 = Release|Any CPU
		{F7DFECA8-53F5-411D-BA61-6DADC46E5F26}.Release|Any CPU.ActiveCfg = Release|Any CPU
		{F7DFECA8-53F5-411D-BA61-6DADC46E5F26}.Release|Any CPU.Build.0 = Release|Any CPU
		{F7DFECA8-53F5-411D-BA61-6DADC46E5F26}.Release|ARM.ActiveCfg = Release|Any CPU
		{F7DFECA8-53F5-411D-BA61-6DADC46E5F26}.Release|ARM.Build.0 = Release|Any CPU
		{F7DFECA8-53F5-411D-BA61-6DADC46E5F26}.Release|iPhone.ActiveCfg = Release|Any CPU
		{F7DFECA8-53F5-411D-BA61-6DADC46E5F26}.Release|iPhone.Build.0 = Release|Any CPU
		{F7DFECA8-53F5-411D-BA61-6DADC46E5F26}.Release|iPhoneSimulator.ActiveCfg = Release|Any CPU
		{F7DFECA8-53F5-411D-BA61-6DADC46E5F26}.Release|iPhoneSimulator.Build.0 = Release|Any CPU
		{F7DFECA8-53F5-411D-BA61-6DADC46E5F26}.Release|x64.ActiveCfg = Release|Any CPU
		{F7DFECA8-53F5-411D-BA61-6DADC46E5F26}.Release|x64.Build.0 = Release|Any CPU
		{F7DFECA8-53F5-411D-BA61-6DADC46E5F26}.Release|x86.ActiveCfg = Release|Any CPU
		{F7DFECA8-53F5-411D-BA61-6DADC46E5F26}.Release|x86.Build.0 = Release|Any CPU
		{6CF5EBC4-5C6A-4B73-A2AA-7C8183B0F113}.Debug|Any CPU.ActiveCfg = Debug|Any CPU
		{6CF5EBC4-5C6A-4B73-A2AA-7C8183B0F113}.Debug|Any CPU.Build.0 = Debug|Any CPU
		{6CF5EBC4-5C6A-4B73-A2AA-7C8183B0F113}.Debug|Any CPU.Deploy.0 = Debug|Any CPU
		{6CF5EBC4-5C6A-4B73-A2AA-7C8183B0F113}.Debug|ARM.ActiveCfg = Debug|Any CPU
		{6CF5EBC4-5C6A-4B73-A2AA-7C8183B0F113}.Debug|ARM.Build.0 = Debug|Any CPU
		{6CF5EBC4-5C6A-4B73-A2AA-7C8183B0F113}.Debug|ARM.Deploy.0 = Debug|Any CPU
		{6CF5EBC4-5C6A-4B73-A2AA-7C8183B0F113}.Debug|iPhone.ActiveCfg = Debug|Any CPU
		{6CF5EBC4-5C6A-4B73-A2AA-7C8183B0F113}.Debug|iPhone.Build.0 = Debug|Any CPU
		{6CF5EBC4-5C6A-4B73-A2AA-7C8183B0F113}.Debug|iPhone.Deploy.0 = Debug|Any CPU
		{6CF5EBC4-5C6A-4B73-A2AA-7C8183B0F113}.Debug|iPhoneSimulator.ActiveCfg = Debug|Any CPU
		{6CF5EBC4-5C6A-4B73-A2AA-7C8183B0F113}.Debug|iPhoneSimulator.Build.0 = Debug|Any CPU
		{6CF5EBC4-5C6A-4B73-A2AA-7C8183B0F113}.Debug|iPhoneSimulator.Deploy.0 = Debug|Any CPU
		{6CF5EBC4-5C6A-4B73-A2AA-7C8183B0F113}.Debug|x64.ActiveCfg = Debug|Any CPU
		{6CF5EBC4-5C6A-4B73-A2AA-7C8183B0F113}.Debug|x64.Build.0 = Debug|Any CPU
		{6CF5EBC4-5C6A-4B73-A2AA-7C8183B0F113}.Debug|x64.Deploy.0 = Debug|Any CPU
		{6CF5EBC4-5C6A-4B73-A2AA-7C8183B0F113}.Debug|x86.ActiveCfg = Debug|Any CPU
		{6CF5EBC4-5C6A-4B73-A2AA-7C8183B0F113}.Debug|x86.Build.0 = Debug|Any CPU
		{6CF5EBC4-5C6A-4B73-A2AA-7C8183B0F113}.Debug|x86.Deploy.0 = Debug|Any CPU
		{6CF5EBC4-5C6A-4B73-A2AA-7C8183B0F113}.GRAPECITY|Any CPU.ActiveCfg = Release|Any CPU
		{6CF5EBC4-5C6A-4B73-A2AA-7C8183B0F113}.GRAPECITY|Any CPU.Build.0 = Release|Any CPU
		{6CF5EBC4-5C6A-4B73-A2AA-7C8183B0F113}.GRAPECITY|Any CPU.Deploy.0 = Release|Any CPU
		{6CF5EBC4-5C6A-4B73-A2AA-7C8183B0F113}.GRAPECITY|ARM.ActiveCfg = Release|Any CPU
		{6CF5EBC4-5C6A-4B73-A2AA-7C8183B0F113}.GRAPECITY|ARM.Build.0 = Release|Any CPU
		{6CF5EBC4-5C6A-4B73-A2AA-7C8183B0F113}.GRAPECITY|ARM.Deploy.0 = Release|Any CPU
		{6CF5EBC4-5C6A-4B73-A2AA-7C8183B0F113}.GRAPECITY|iPhone.ActiveCfg = Release|Any CPU
		{6CF5EBC4-5C6A-4B73-A2AA-7C8183B0F113}.GRAPECITY|iPhone.Build.0 = Release|Any CPU
		{6CF5EBC4-5C6A-4B73-A2AA-7C8183B0F113}.GRAPECITY|iPhone.Deploy.0 = Release|Any CPU
		{6CF5EBC4-5C6A-4B73-A2AA-7C8183B0F113}.GRAPECITY|iPhoneSimulator.ActiveCfg = Release|Any CPU
		{6CF5EBC4-5C6A-4B73-A2AA-7C8183B0F113}.GRAPECITY|iPhoneSimulator.Build.0 = Release|Any CPU
		{6CF5EBC4-5C6A-4B73-A2AA-7C8183B0F113}.GRAPECITY|iPhoneSimulator.Deploy.0 = Release|Any CPU
		{6CF5EBC4-5C6A-4B73-A2AA-7C8183B0F113}.GRAPECITY|x64.ActiveCfg = Release|Any CPU
		{6CF5EBC4-5C6A-4B73-A2AA-7C8183B0F113}.GRAPECITY|x64.Build.0 = Release|Any CPU
		{6CF5EBC4-5C6A-4B73-A2AA-7C8183B0F113}.GRAPECITY|x64.Deploy.0 = Release|Any CPU
		{6CF5EBC4-5C6A-4B73-A2AA-7C8183B0F113}.GRAPECITY|x86.ActiveCfg = Release|Any CPU
		{6CF5EBC4-5C6A-4B73-A2AA-7C8183B0F113}.GRAPECITY|x86.Build.0 = Release|Any CPU
		{6CF5EBC4-5C6A-4B73-A2AA-7C8183B0F113}.GRAPECITY|x86.Deploy.0 = Release|Any CPU
		{6CF5EBC4-5C6A-4B73-A2AA-7C8183B0F113}.Release|Any CPU.ActiveCfg = Release|Any CPU
		{6CF5EBC4-5C6A-4B73-A2AA-7C8183B0F113}.Release|Any CPU.Build.0 = Release|Any CPU
		{6CF5EBC4-5C6A-4B73-A2AA-7C8183B0F113}.Release|Any CPU.Deploy.0 = Release|Any CPU
		{6CF5EBC4-5C6A-4B73-A2AA-7C8183B0F113}.Release|ARM.ActiveCfg = Release|Any CPU
		{6CF5EBC4-5C6A-4B73-A2AA-7C8183B0F113}.Release|ARM.Build.0 = Release|Any CPU
		{6CF5EBC4-5C6A-4B73-A2AA-7C8183B0F113}.Release|ARM.Deploy.0 = Release|Any CPU
		{6CF5EBC4-5C6A-4B73-A2AA-7C8183B0F113}.Release|iPhone.ActiveCfg = Release|Any CPU
		{6CF5EBC4-5C6A-4B73-A2AA-7C8183B0F113}.Release|iPhone.Build.0 = Release|Any CPU
		{6CF5EBC4-5C6A-4B73-A2AA-7C8183B0F113}.Release|iPhoneSimulator.ActiveCfg = Release|Any CPU
		{6CF5EBC4-5C6A-4B73-A2AA-7C8183B0F113}.Release|iPhoneSimulator.Build.0 = Release|Any CPU
		{6CF5EBC4-5C6A-4B73-A2AA-7C8183B0F113}.Release|x64.ActiveCfg = Release|Any CPU
		{6CF5EBC4-5C6A-4B73-A2AA-7C8183B0F113}.Release|x64.Build.0 = Release|Any CPU
		{6CF5EBC4-5C6A-4B73-A2AA-7C8183B0F113}.Release|x64.Deploy.0 = Release|Any CPU
		{6CF5EBC4-5C6A-4B73-A2AA-7C8183B0F113}.Release|x86.ActiveCfg = Release|Any CPU
		{6CF5EBC4-5C6A-4B73-A2AA-7C8183B0F113}.Release|x86.Build.0 = Release|Any CPU
		{6CF5EBC4-5C6A-4B73-A2AA-7C8183B0F113}.Release|x86.Deploy.0 = Release|Any CPU
		{2DACF8FD-3DE0-476E-8FEE-82FF75480D9F}.Debug|Any CPU.ActiveCfg = Debug|x86
		{2DACF8FD-3DE0-476E-8FEE-82FF75480D9F}.Debug|Any CPU.Build.0 = Debug|x86
		{2DACF8FD-3DE0-476E-8FEE-82FF75480D9F}.Debug|Any CPU.Deploy.0 = Debug|x86
		{2DACF8FD-3DE0-476E-8FEE-82FF75480D9F}.Debug|ARM.ActiveCfg = Debug|ARM
		{2DACF8FD-3DE0-476E-8FEE-82FF75480D9F}.Debug|ARM.Build.0 = Debug|ARM
		{2DACF8FD-3DE0-476E-8FEE-82FF75480D9F}.Debug|ARM.Deploy.0 = Debug|ARM
		{2DACF8FD-3DE0-476E-8FEE-82FF75480D9F}.Debug|iPhone.ActiveCfg = Debug|x86
		{2DACF8FD-3DE0-476E-8FEE-82FF75480D9F}.Debug|iPhoneSimulator.ActiveCfg = Debug|x86
		{2DACF8FD-3DE0-476E-8FEE-82FF75480D9F}.Debug|x64.ActiveCfg = Debug|x64
		{2DACF8FD-3DE0-476E-8FEE-82FF75480D9F}.Debug|x64.Build.0 = Debug|x64
		{2DACF8FD-3DE0-476E-8FEE-82FF75480D9F}.Debug|x64.Deploy.0 = Debug|x64
		{2DACF8FD-3DE0-476E-8FEE-82FF75480D9F}.Debug|x86.ActiveCfg = Debug|x86
		{2DACF8FD-3DE0-476E-8FEE-82FF75480D9F}.Debug|x86.Build.0 = Debug|x86
		{2DACF8FD-3DE0-476E-8FEE-82FF75480D9F}.Debug|x86.Deploy.0 = Debug|x86
		{2DACF8FD-3DE0-476E-8FEE-82FF75480D9F}.GRAPECITY|Any CPU.ActiveCfg = Release|x64
		{2DACF8FD-3DE0-476E-8FEE-82FF75480D9F}.GRAPECITY|Any CPU.Build.0 = Release|x64
		{2DACF8FD-3DE0-476E-8FEE-82FF75480D9F}.GRAPECITY|Any CPU.Deploy.0 = Release|x64
		{2DACF8FD-3DE0-476E-8FEE-82FF75480D9F}.GRAPECITY|ARM.ActiveCfg = Release|ARM
		{2DACF8FD-3DE0-476E-8FEE-82FF75480D9F}.GRAPECITY|ARM.Build.0 = Release|ARM
		{2DACF8FD-3DE0-476E-8FEE-82FF75480D9F}.GRAPECITY|ARM.Deploy.0 = Release|ARM
		{2DACF8FD-3DE0-476E-8FEE-82FF75480D9F}.GRAPECITY|iPhone.ActiveCfg = Release|x64
		{2DACF8FD-3DE0-476E-8FEE-82FF75480D9F}.GRAPECITY|iPhone.Build.0 = Release|x64
		{2DACF8FD-3DE0-476E-8FEE-82FF75480D9F}.GRAPECITY|iPhone.Deploy.0 = Release|x64
		{2DACF8FD-3DE0-476E-8FEE-82FF75480D9F}.GRAPECITY|iPhoneSimulator.ActiveCfg = Release|x64
		{2DACF8FD-3DE0-476E-8FEE-82FF75480D9F}.GRAPECITY|iPhoneSimulator.Build.0 = Release|x64
		{2DACF8FD-3DE0-476E-8FEE-82FF75480D9F}.GRAPECITY|iPhoneSimulator.Deploy.0 = Release|x64
		{2DACF8FD-3DE0-476E-8FEE-82FF75480D9F}.GRAPECITY|x64.ActiveCfg = Release|x64
		{2DACF8FD-3DE0-476E-8FEE-82FF75480D9F}.GRAPECITY|x64.Build.0 = Release|x64
		{2DACF8FD-3DE0-476E-8FEE-82FF75480D9F}.GRAPECITY|x64.Deploy.0 = Release|x64
		{2DACF8FD-3DE0-476E-8FEE-82FF75480D9F}.GRAPECITY|x86.ActiveCfg = Release|x86
		{2DACF8FD-3DE0-476E-8FEE-82FF75480D9F}.GRAPECITY|x86.Build.0 = Release|x86
		{2DACF8FD-3DE0-476E-8FEE-82FF75480D9F}.GRAPECITY|x86.Deploy.0 = Release|x86
		{2DACF8FD-3DE0-476E-8FEE-82FF75480D9F}.Release|Any CPU.ActiveCfg = Release|x86
		{2DACF8FD-3DE0-476E-8FEE-82FF75480D9F}.Release|Any CPU.Build.0 = Release|x86
		{2DACF8FD-3DE0-476E-8FEE-82FF75480D9F}.Release|Any CPU.Deploy.0 = Release|x86
		{2DACF8FD-3DE0-476E-8FEE-82FF75480D9F}.Release|ARM.ActiveCfg = Release|ARM
		{2DACF8FD-3DE0-476E-8FEE-82FF75480D9F}.Release|ARM.Build.0 = Release|ARM
		{2DACF8FD-3DE0-476E-8FEE-82FF75480D9F}.Release|ARM.Deploy.0 = Release|ARM
		{2DACF8FD-3DE0-476E-8FEE-82FF75480D9F}.Release|iPhone.ActiveCfg = Release|x86
		{2DACF8FD-3DE0-476E-8FEE-82FF75480D9F}.Release|iPhoneSimulator.ActiveCfg = Release|x86
		{2DACF8FD-3DE0-476E-8FEE-82FF75480D9F}.Release|x64.ActiveCfg = Release|x64
		{2DACF8FD-3DE0-476E-8FEE-82FF75480D9F}.Release|x64.Build.0 = Release|x64
		{2DACF8FD-3DE0-476E-8FEE-82FF75480D9F}.Release|x64.Deploy.0 = Release|x64
		{2DACF8FD-3DE0-476E-8FEE-82FF75480D9F}.Release|x86.ActiveCfg = Release|x86
		{2DACF8FD-3DE0-476E-8FEE-82FF75480D9F}.Release|x86.Build.0 = Release|x86
		{2DACF8FD-3DE0-476E-8FEE-82FF75480D9F}.Release|x86.Deploy.0 = Release|x86
		{2ED2EAC0-3C8D-4D4C-A853-F4D0637C1C12}.Debug|Any CPU.ActiveCfg = Debug|iPhone
		{2ED2EAC0-3C8D-4D4C-A853-F4D0637C1C12}.Debug|ARM.ActiveCfg = Debug|iPhone
		{2ED2EAC0-3C8D-4D4C-A853-F4D0637C1C12}.Debug|iPhone.ActiveCfg = Debug|iPhone
		{2ED2EAC0-3C8D-4D4C-A853-F4D0637C1C12}.Debug|iPhone.Build.0 = Debug|iPhone
		{2ED2EAC0-3C8D-4D4C-A853-F4D0637C1C12}.Debug|iPhoneSimulator.ActiveCfg = Debug|iPhoneSimulator
		{2ED2EAC0-3C8D-4D4C-A853-F4D0637C1C12}.Debug|iPhoneSimulator.Build.0 = Debug|iPhoneSimulator
		{2ED2EAC0-3C8D-4D4C-A853-F4D0637C1C12}.Debug|x64.ActiveCfg = Debug|iPhone
		{2ED2EAC0-3C8D-4D4C-A853-F4D0637C1C12}.Debug|x86.ActiveCfg = Debug|iPhone
		{2ED2EAC0-3C8D-4D4C-A853-F4D0637C1C12}.GRAPECITY|Any CPU.ActiveCfg = AppStore|iPhone
		{2ED2EAC0-3C8D-4D4C-A853-F4D0637C1C12}.GRAPECITY|Any CPU.Build.0 = AppStore|iPhone
		{2ED2EAC0-3C8D-4D4C-A853-F4D0637C1C12}.GRAPECITY|ARM.ActiveCfg = AppStore|iPhone
		{2ED2EAC0-3C8D-4D4C-A853-F4D0637C1C12}.GRAPECITY|ARM.Build.0 = AppStore|iPhone
		{2ED2EAC0-3C8D-4D4C-A853-F4D0637C1C12}.GRAPECITY|iPhone.ActiveCfg = AppStore|iPhone
		{2ED2EAC0-3C8D-4D4C-A853-F4D0637C1C12}.GRAPECITY|iPhone.Build.0 = AppStore|iPhone
		{2ED2EAC0-3C8D-4D4C-A853-F4D0637C1C12}.GRAPECITY|iPhoneSimulator.ActiveCfg = AppStore|iPhoneSimulator
		{2ED2EAC0-3C8D-4D4C-A853-F4D0637C1C12}.GRAPECITY|iPhoneSimulator.Build.0 = AppStore|iPhoneSimulator
		{2ED2EAC0-3C8D-4D4C-A853-F4D0637C1C12}.GRAPECITY|x64.ActiveCfg = AppStore|iPhone
		{2ED2EAC0-3C8D-4D4C-A853-F4D0637C1C12}.GRAPECITY|x64.Build.0 = AppStore|iPhone
		{2ED2EAC0-3C8D-4D4C-A853-F4D0637C1C12}.GRAPECITY|x86.ActiveCfg = AppStore|iPhone
		{2ED2EAC0-3C8D-4D4C-A853-F4D0637C1C12}.GRAPECITY|x86.Build.0 = AppStore|iPhone
		{2ED2EAC0-3C8D-4D4C-A853-F4D0637C1C12}.Release|Any CPU.ActiveCfg = Release|iPhone
		{2ED2EAC0-3C8D-4D4C-A853-F4D0637C1C12}.Release|ARM.ActiveCfg = Release|iPhone
		{2ED2EAC0-3C8D-4D4C-A853-F4D0637C1C12}.Release|iPhone.ActiveCfg = Release|iPhone
		{2ED2EAC0-3C8D-4D4C-A853-F4D0637C1C12}.Release|iPhone.Build.0 = Release|iPhone
		{2ED2EAC0-3C8D-4D4C-A853-F4D0637C1C12}.Release|iPhoneSimulator.ActiveCfg = Release|iPhoneSimulator
		{2ED2EAC0-3C8D-4D4C-A853-F4D0637C1C12}.Release|iPhoneSimulator.Build.0 = Release|iPhoneSimulator
		{2ED2EAC0-3C8D-4D4C-A853-F4D0637C1C12}.Release|x64.ActiveCfg = Release|iPhone
		{2ED2EAC0-3C8D-4D4C-A853-F4D0637C1C12}.Release|x86.ActiveCfg = Release|iPhone
	EndGlobalSection
	GlobalSection(SolutionProperties) = preSolution
		HideSolutionNode = FALSE
	EndGlobalSection
	GlobalSection(NestedProjects) = preSolution
	EndGlobalSection
	GlobalSection(ExtensibilityGlobals) = postSolution
		SolutionGuid = {B764D012-75C1-481D-8C33-E4113E81B8B8}
	EndGlobalSection
EndGlobal
