
Microsoft Visual Studio Solution File, Format Version 12.00
# Visual Studio 15
Project("{FAE04EC0-301F-11D3-BF4B-00C04F79EFBC}") = "C1CollectionView101", "C1CollectionView101.csproj", "{0C1D3B01-2344-4867-A5AB-52F258C595A2}"
EndProject
Global
	GlobalSection(SolutionConfigurationPlatforms) = preSolution
		Debug|Any CPU = Debug|Any CPU
		GRAPECITY|Any CPU = GRAPECITY|Any CPU
		Release|Any CPU = Release|Any CPU
	EndGlobalSection
	GlobalSection(ProjectConfigurationPlatforms) = postSolution
		{0C1D3B01-2344-4867-A5AB-52F258C595A2}.Debug|Any CPU.ActiveCfg = Debug|Any CPU
		{0C1D3B01-2344-4867-A5AB-52F258C595A2}.Debug|Any CPU.Build.0 = Debug|Any CPU
		{0C1D3B01-2344-4867-A5AB-52F258C595A2}.GRAPECITY|Any CPU.ActiveCfg = Release|Any CPU
		{0C1D3B01-2344-4867-A5AB-52F258C595A2}.GRAPECITY|Any CPU.Build.0 = Release|Any CPU
		{0C1D3B01-2344-4867-A5AB-52F258C595A2}.Release|Any CPU.ActiveCfg = Release|Any CPU
		{0C1D3B01-2344-4867-A5AB-52F258C595A2}.Release|Any CPU.Build.0 = Release|Any CPU
	EndGlobalSection
	GlobalSection(SolutionProperties) = preSolution
		HideSolutionNode = FALSE
	EndGlobalSection
	GlobalSection(NestedProjects) = preSolution
	EndGlobalSection
	GlobalSection(ExtensibilityGlobals) = postSolution
		SolutionGuid = {81C4548F-2116-40F7-BA70-83512DEA7EFF}
	EndGlobalSection
EndGlobal
